
Microsoft Visual Studio Solution File, Format Version 12.00
# Visual Studio 15
VisualStudioVersion = 15.0.27130.2027
MinimumVisualStudioVersion = 10.0.40219.1
Project("{2150E333-8FDC-42A3-9474-1A3956D46DE8}") = "Acceptance", "Acceptance", "{835945EF-48E0-4F18-8BDC-F6B63DF01961}"
EndProject
Project("{2150E333-8FDC-42A3-9474-1A3956D46DE8}") = "Data", "Data", "{48DEADF7-1BC1-4BCD-A1F2-2AE5BEFA0797}"
EndProject
Project("{2150E333-8FDC-42A3-9474-1A3956D46DE8}") = "Steps", "Steps", "{66E31A07-598B-4745-BE60-6B550F11F970}"
EndProject
Project("{FAE04EC0-301F-11D3-BF4B-00C04F79EFBC}") = "Samples.Specifications.Tests.Acceptance.Steps.Adapters", "Samples.Specifications.Tests.Acceptance.Steps.Adapters\Samples.Specifications.Tests.Acceptance.Steps.Adapters.csproj", "{CBE2F355-1F23-4A58-A6AE-BA7BE542F76C}"
EndProject
Project("{FAE04EC0-301F-11D3-BF4B-00C04F79EFBC}") = "Samples.Specifications.Tests.Acceptance.Specs", "Samples.Specifications.Tests.Acceptance.Specs\Samples.Specifications.Tests.Acceptance.Specs.csproj", "{DA41EB1E-ECAF-400B-A1A4-82EBACDD7600}"
EndProject
Project("{9A19103F-16F7-4668-BE54-9A1E7A4F7556}") = "Samples.Specifications.Tests.Data", "Samples.Specifications.Tests.Data\Samples.Specifications.Tests.Data.csproj", "{1677D87B-7E7B-436E-8E71-E98A242B89B4}"
EndProject
Project("{9A19103F-16F7-4668-BE54-9A1E7A4F7556}") = "Samples.Specifications.Tests.Steps", "Samples.Specifications.Tests.Steps\Samples.Specifications.Tests.Steps.csproj", "{F699E04D-89F3-4D19-B7C7-D5339B7C12FF}"
EndProject
Project("{2150E333-8FDC-42A3-9474-1A3956D46DE8}") = "Infra", "Infra", "{2C2CCD82-18B3-4E9B-805C-2CDB57D8DC90}"
EndProject
Project("{9A19103F-16F7-4668-BE54-9A1E7A4F7556}") = "Samples.Specifications.Tests.Infra.Launcher", "Samples.Specifications.Tests.Infra.Launcher\Samples.Specifications.Tests.Infra.Launcher.csproj", "{3FC45A34-C028-4F72-B8A7-7B8BF15C5BB8}"
EndProject
Project("{9A19103F-16F7-4668-BE54-9A1E7A4F7556}") = "Samples.Specifications.Tests.Steps.Contracts", "Samples.Specifications.Tests.Steps.Contracts\Samples.Specifications.Tests.Steps.Contracts.csproj", "{C8285510-F319-4047-81DF-9DB97588074C}"
EndProject
Project("{9A19103F-16F7-4668-BE54-9A1E7A4F7556}") = "Samples.Specifications.Tests.Steps.Fake", "Samples.Specifications.Tests.Steps.Fake\Samples.Specifications.Tests.Steps.Fake.csproj", "{C873EA2D-C46E-4DED-9F4E-94A4102B8A8C}"
EndProject
Project("{9A19103F-16F7-4668-BE54-9A1E7A4F7556}") = "Samples.Specifications.Tests.Steps.Real", "Samples.Specifications.Tests.Steps.Real\Samples.Specifications.Tests.Steps.Real.csproj", "{367FE329-6A61-4734-994C-04CDA2428779}"
EndProject
Project("{9A19103F-16F7-4668-BE54-9A1E7A4F7556}") = "Samples.Specifications.Tests.Steps.Real.Helpers.Contracts", "Samples.Specifications.Tests.Steps.Real.Helpers.Contracts\Samples.Specifications.Tests.Steps.Real.Helpers.Contracts.csproj", "{06E87711-16C9-4C80-A9FA-967334F1AC7F}"
EndProject
Project("{2150E333-8FDC-42A3-9474-1A3956D46DE8}") = "Contracts", "Contracts", "{9E6CB0C9-66FD-4180-AAA9-4EECD1B26C73}"
EndProject
Project("{9A19103F-16F7-4668-BE54-9A1E7A4F7556}") = "Samples.Specifications.Tests.Contracts", "Samples.Specifications.Tests.Contracts\Samples.Specifications.Tests.Contracts.csproj", "{5FD6C592-4F6B-4D1A-95E7-46038C91DA23}"
EndProject
Project("{FAE04EC0-301F-11D3-BF4B-00C04F79EFBC}") = "Samples.Specifications.Tests.Steps.Real.Helpers.MongoDb", "Samples.Specifications.Tests.Steps.Real.Helpers.MongoDb\Samples.Specifications.Tests.Steps.Real.Helpers.MongoDb.csproj", "{7AB55A08-4894-40FE-98A4-7587B92FAE6C}"
EndProject
Project("{2150E333-8FDC-42A3-9474-1A3956D46DE8}") = "Modules", "Modules", "{F6F37C2D-41B2-4A3D-B95B-9136E5FAF795}"
EndProject
Project("{9A19103F-16F7-4668-BE54-9A1E7A4F7556}") = "Samples.Specifications.Tests.Modules.Mongo", "Samples.Specifications.Tests.Modules.Mongo\Samples.Specifications.Tests.Modules.Mongo.csproj", "{F6035D7B-D04D-4413-8B9E-6F6E0A6DCF69}"
EndProject
Project("{9A19103F-16F7-4668-BE54-9A1E7A4F7556}") = "Samples.Specifications.Tests.Modules.Server", "Samples.Specifications.Tests.Modules.Server\Samples.Specifications.Tests.Modules.Server.csproj", "{D7DBA981-D222-4A78-A2A4-80D01D5F4DFA}"
EndProject
Project("{9A19103F-16F7-4668-BE54-9A1E7A4F7556}") = "Samples.Specifications.Tests.Infra", "Samples.Specifications.Tests.Infra\Samples.Specifications.Tests.Infra.csproj", "{1E03F181-2690-4EA6-8B99-975D6DA4E759}"
EndProject
Project("{2150E333-8FDC-42A3-9474-1A3956D46DE8}") = "External", "External", "{2736E69E-E6B1-4941-A2AF-FE4932E03E4F}"
EndProject
Project("{9A19103F-16F7-4668-BE54-9A1E7A4F7556}") = "Samples.Client.Data.Contracts.Dto", "Samples.Client.Data.Contracts.Dto\Samples.Client.Data.Contracts.Dto.csproj", "{CB84CA9F-F88D-448D-AFAC-219246851EB2}"
EndProject
Project("{9A19103F-16F7-4668-BE54-9A1E7A4F7556}") = "Samples.Client.Data.Contracts.Providers", "Samples.Client.Data.Contracts.Providers\Samples.Client.Data.Contracts.Providers.csproj", "{3E23F3AD-F2E0-42F2-A442-CB1F43AFFD21}"
EndProject
Project("{9A19103F-16F7-4668-BE54-9A1E7A4F7556}") = "Samples.Specifications.Client.Data.Fake.ProviderBuilders", "Samples.Specifications.Client.Data.Fake.ProviderBuilders\Samples.Specifications.Client.Data.Fake.ProviderBuilders.csproj", "{B1D8ADA9-FD8E-4FC0-B330-74D8FAC5C587}"
EndProject
Project("{FAE04EC0-301F-11D3-BF4B-00C04F79EFBC}") = "Samples.Specifications.Client.Data.Fake.ProviderBuilders.Setup", "Samples.Specifications.Client.Data.Fake.ProviderBuilders.Setup\Samples.Specifications.Client.Data.Fake.ProviderBuilders.Setup.csproj", "{1DB4C693-200D-46DC-AF84-3C0AD40392B5}"
EndProject
Project("{2150E333-8FDC-42A3-9474-1A3956D46DE8}") = "EndToEnd", "EndToEnd", "{BBAFE13B-DA85-4C5A-9DFA-44C4BEC009EE}"
EndProject
Project("{2150E333-8FDC-42A3-9474-1A3956D46DE8}") = "Infra", "Infra", "{A3525C19-2877-4FD5-9A8C-FBCCC472267E}"
EndProject
Project("{FAE04EC0-301F-11D3-BF4B-00C04F79EFBC}") = "Samples.Specifications.Tests.EndToEnd.Infra.Fake", "Samples.Specifications.Tests.EndToEnd.Infra.Fake\Samples.Specifications.Tests.EndToEnd.Infra.Fake.csproj", "{A3B306E2-2A20-4591-812D-677DD44E6640}"
EndProject
Project("{FAE04EC0-301F-11D3-BF4B-00C04F79EFBC}") = "Samples.Specifications.Tests.EndToEnd.Infra.Real", "Samples.Specifications.Tests.EndToEnd.Infra.Real\Samples.Specifications.Tests.EndToEnd.Infra.Real.csproj", "{9B6E4171-3936-4C3E-8A29-F5A56761DF78}"
EndProject
Project("{9A19103F-16F7-4668-BE54-9A1E7A4F7556}") = "Samples.Specifications.Tests.EndToEnd", "Samples.Specifications.Tests.EndToEnd\Samples.Specifications.Tests.EndToEnd.csproj", "{BEA182A3-1028-4B5A-898E-103A05FE5F5E}"
EndProject
Project("{FAE04EC0-301F-11D3-BF4B-00C04F79EFBC}") = "Samples.Specifications.Tests.EndToEnd.White", "Samples.Specifications.Tests.EndToEnd.White\Samples.Specifications.Tests.EndToEnd.White.csproj", "{DE6BB2E9-4303-426B-AE23-D58DD6C78339}"
EndProject
Project("{FAE04EC0-301F-11D3-BF4B-00C04F79EFBC}") = "Samples.Specifications.Tests.EndToEnd.FlaUI", "Samples.Specifications.Tests.EndToEnd.FlaUI\Samples.Specifications.Tests.EndToEnd.FlaUI.csproj", "{D12F36FC-FCBC-4941-9199-D44F6E1C2767}"
EndProject
Project("{9A19103F-16F7-4668-BE54-9A1E7A4F7556}") = "Samples.Specifications.Client.Data.Fake.Shared", "Samples.Specifications.Client.Data.Fake.Shared\Samples.Specifications.Client.Data.Fake.Shared.csproj", "{3E32F8F8-E157-40E8-98A7-A96F2F32D3AD}"
EndProject
Global
	GlobalSection(SolutionConfigurationPlatforms) = preSolution
		EndToEndWithFake|Any CPU = EndToEndWithFake|Any CPU
		EndToEndWithReal|Any CPU = EndToEndWithReal|Any CPU
	EndGlobalSection
	GlobalSection(ProjectConfigurationPlatforms) = postSolution
		{CBE2F355-1F23-4A58-A6AE-BA7BE542F76C}.EndToEndWithFake|Any CPU.ActiveCfg = EndToEndWithFake|Any CPU
		{CBE2F355-1F23-4A58-A6AE-BA7BE542F76C}.EndToEndWithFake|Any CPU.Build.0 = EndToEndWithFake|Any CPU
		{CBE2F355-1F23-4A58-A6AE-BA7BE542F76C}.EndToEndWithReal|Any CPU.ActiveCfg = EndToEndWithReal|Any CPU
		{CBE2F355-1F23-4A58-A6AE-BA7BE542F76C}.EndToEndWithReal|Any CPU.Build.0 = EndToEndWithReal|Any CPU
		{DA41EB1E-ECAF-400B-A1A4-82EBACDD7600}.EndToEndWithFake|Any CPU.ActiveCfg = EndToEndWithFake|Any CPU
		{DA41EB1E-ECAF-400B-A1A4-82EBACDD7600}.EndToEndWithFake|Any CPU.Build.0 = EndToEndWithFake|Any CPU
		{DA41EB1E-ECAF-400B-A1A4-82EBACDD7600}.EndToEndWithReal|Any CPU.ActiveCfg = EndToEndWithReal|Any CPU
		{DA41EB1E-ECAF-400B-A1A4-82EBACDD7600}.EndToEndWithReal|Any CPU.Build.0 = EndToEndWithReal|Any CPU
		{1677D87B-7E7B-436E-8E71-E98A242B89B4}.EndToEndWithFake|Any CPU.ActiveCfg = Debug|Any CPU
		{1677D87B-7E7B-436E-8E71-E98A242B89B4}.EndToEndWithFake|Any CPU.Build.0 = Debug|Any CPU
		{1677D87B-7E7B-436E-8E71-E98A242B89B4}.EndToEndWithReal|Any CPU.ActiveCfg = Debug|Any CPU
		{1677D87B-7E7B-436E-8E71-E98A242B89B4}.EndToEndWithReal|Any CPU.Build.0 = Debug|Any CPU
		{F699E04D-89F3-4D19-B7C7-D5339B7C12FF}.EndToEndWithFake|Any CPU.ActiveCfg = EndToEndWithFake|Any CPU
		{F699E04D-89F3-4D19-B7C7-D5339B7C12FF}.EndToEndWithFake|Any CPU.Build.0 = EndToEndWithFake|Any CPU
		{F699E04D-89F3-4D19-B7C7-D5339B7C12FF}.EndToEndWithReal|Any CPU.ActiveCfg = EndToEndWithReal|Any CPU
		{F699E04D-89F3-4D19-B7C7-D5339B7C12FF}.EndToEndWithReal|Any CPU.Build.0 = EndToEndWithReal|Any CPU
		{3FC45A34-C028-4F72-B8A7-7B8BF15C5BB8}.EndToEndWithFake|Any CPU.ActiveCfg = Debug|Any CPU
		{3FC45A34-C028-4F72-B8A7-7B8BF15C5BB8}.EndToEndWithFake|Any CPU.Build.0 = Debug|Any CPU
		{3FC45A34-C028-4F72-B8A7-7B8BF15C5BB8}.EndToEndWithReal|Any CPU.ActiveCfg = Debug|Any CPU
		{3FC45A34-C028-4F72-B8A7-7B8BF15C5BB8}.EndToEndWithReal|Any CPU.Build.0 = Debug|Any CPU
		{C8285510-F319-4047-81DF-9DB97588074C}.EndToEndWithFake|Any CPU.ActiveCfg = Debug|Any CPU
		{C8285510-F319-4047-81DF-9DB97588074C}.EndToEndWithFake|Any CPU.Build.0 = Debug|Any CPU
		{C8285510-F319-4047-81DF-9DB97588074C}.EndToEndWithReal|Any CPU.ActiveCfg = Debug|Any CPU
		{C8285510-F319-4047-81DF-9DB97588074C}.EndToEndWithReal|Any CPU.Build.0 = Debug|Any CPU
		{C873EA2D-C46E-4DED-9F4E-94A4102B8A8C}.EndToEndWithFake|Any CPU.ActiveCfg = EndToEndWithFake|Any CPU
		{C873EA2D-C46E-4DED-9F4E-94A4102B8A8C}.EndToEndWithFake|Any CPU.Build.0 = EndToEndWithFake|Any CPU
		{C873EA2D-C46E-4DED-9F4E-94A4102B8A8C}.EndToEndWithReal|Any CPU.ActiveCfg = Debug|Any CPU
		{367FE329-6A61-4734-994C-04CDA2428779}.EndToEndWithFake|Any CPU.ActiveCfg = Debug|Any CPU
		{367FE329-6A61-4734-994C-04CDA2428779}.EndToEndWithReal|Any CPU.ActiveCfg = EndToEndWithReal|Any CPU
		{367FE329-6A61-4734-994C-04CDA2428779}.EndToEndWithReal|Any CPU.Build.0 = EndToEndWithReal|Any CPU
		{06E87711-16C9-4C80-A9FA-967334F1AC7F}.EndToEndWithFake|Any CPU.ActiveCfg = Debug|Any CPU
		{06E87711-16C9-4C80-A9FA-967334F1AC7F}.EndToEndWithReal|Any CPU.ActiveCfg = EndToEndWithReal|Any CPU
		{06E87711-16C9-4C80-A9FA-967334F1AC7F}.EndToEndWithReal|Any CPU.Build.0 = EndToEndWithReal|Any CPU
		{5FD6C592-4F6B-4D1A-95E7-46038C91DA23}.EndToEndWithFake|Any CPU.ActiveCfg = Debug|Any CPU
		{5FD6C592-4F6B-4D1A-95E7-46038C91DA23}.EndToEndWithFake|Any CPU.Build.0 = Debug|Any CPU
		{5FD6C592-4F6B-4D1A-95E7-46038C91DA23}.EndToEndWithReal|Any CPU.ActiveCfg = Debug|Any CPU
		{5FD6C592-4F6B-4D1A-95E7-46038C91DA23}.EndToEndWithReal|Any CPU.Build.0 = Debug|Any CPU
		{7AB55A08-4894-40FE-98A4-7587B92FAE6C}.EndToEndWithFake|Any CPU.ActiveCfg = Release|Any CPU
		{7AB55A08-4894-40FE-98A4-7587B92FAE6C}.EndToEndWithReal|Any CPU.ActiveCfg = EndToEndWithReal|Any CPU
		{7AB55A08-4894-40FE-98A4-7587B92FAE6C}.EndToEndWithReal|Any CPU.Build.0 = EndToEndWithReal|Any CPU
		{F6035D7B-D04D-4413-8B9E-6F6E0A6DCF69}.EndToEndWithFake|Any CPU.ActiveCfg = EndToEndWithFake|Any CPU
		{F6035D7B-D04D-4413-8B9E-6F6E0A6DCF69}.EndToEndWithReal|Any CPU.ActiveCfg = EndToEndWithReal|Any CPU
		{F6035D7B-D04D-4413-8B9E-6F6E0A6DCF69}.EndToEndWithReal|Any CPU.Build.0 = EndToEndWithReal|Any CPU
		{D7DBA981-D222-4A78-A2A4-80D01D5F4DFA}.EndToEndWithFake|Any CPU.ActiveCfg = EndToEndWithFake|Any CPU
		{D7DBA981-D222-4A78-A2A4-80D01D5F4DFA}.EndToEndWithReal|Any CPU.ActiveCfg = EndToEndWithReal|Any CPU
		{D7DBA981-D222-4A78-A2A4-80D01D5F4DFA}.EndToEndWithReal|Any CPU.Build.0 = EndToEndWithReal|Any CPU
		{1E03F181-2690-4EA6-8B99-975D6DA4E759}.EndToEndWithFake|Any CPU.ActiveCfg = EndToEndWithFake|Any CPU
		{1E03F181-2690-4EA6-8B99-975D6DA4E759}.EndToEndWithFake|Any CPU.Build.0 = EndToEndWithFake|Any CPU
		{1E03F181-2690-4EA6-8B99-975D6DA4E759}.EndToEndWithReal|Any CPU.ActiveCfg = EndToEndWithReal|Any CPU
		{1E03F181-2690-4EA6-8B99-975D6DA4E759}.EndToEndWithReal|Any CPU.Build.0 = EndToEndWithReal|Any CPU
		{CB84CA9F-F88D-448D-AFAC-219246851EB2}.EndToEndWithFake|Any CPU.ActiveCfg = Debug|Any CPU
		{CB84CA9F-F88D-448D-AFAC-219246851EB2}.EndToEndWithFake|Any CPU.Build.0 = Debug|Any CPU
		{CB84CA9F-F88D-448D-AFAC-219246851EB2}.EndToEndWithReal|Any CPU.ActiveCfg = Debug|Any CPU
		{CB84CA9F-F88D-448D-AFAC-219246851EB2}.EndToEndWithReal|Any CPU.Build.0 = Debug|Any CPU
		{3E23F3AD-F2E0-42F2-A442-CB1F43AFFD21}.EndToEndWithFake|Any CPU.ActiveCfg = Debug|Any CPU
		{3E23F3AD-F2E0-42F2-A442-CB1F43AFFD21}.EndToEndWithFake|Any CPU.Build.0 = Debug|Any CPU
		{3E23F3AD-F2E0-42F2-A442-CB1F43AFFD21}.EndToEndWithReal|Any CPU.ActiveCfg = Debug|Any CPU
		{3E23F3AD-F2E0-42F2-A442-CB1F43AFFD21}.EndToEndWithReal|Any CPU.Build.0 = Debug|Any CPU
		{B1D8ADA9-FD8E-4FC0-B330-74D8FAC5C587}.EndToEndWithFake|Any CPU.ActiveCfg = EndToEndWithFake|Any CPU
		{B1D8ADA9-FD8E-4FC0-B330-74D8FAC5C587}.EndToEndWithFake|Any CPU.Build.0 = EndToEndWithFake|Any CPU
		{B1D8ADA9-FD8E-4FC0-B330-74D8FAC5C587}.EndToEndWithReal|Any CPU.ActiveCfg = EndToEndWithFake|Any CPU
		{B1D8ADA9-FD8E-4FC0-B330-74D8FAC5C587}.EndToEndWithReal|Any CPU.Build.0 = EndToEndWithFake|Any CPU
		{1DB4C693-200D-46DC-AF84-3C0AD40392B5}.EndToEndWithFake|Any CPU.ActiveCfg = EndToEndWithFake|Any CPU
		{1DB4C693-200D-46DC-AF84-3C0AD40392B5}.EndToEndWithFake|Any CPU.Build.0 = EndToEndWithFake|Any CPU
		{1DB4C693-200D-46DC-AF84-3C0AD40392B5}.EndToEndWithReal|Any CPU.ActiveCfg = EndToEndWithReal|Any CPU
		{1DB4C693-200D-46DC-AF84-3C0AD40392B5}.EndToEndWithReal|Any CPU.Build.0 = EndToEndWithReal|Any CPU
		{A3B306E2-2A20-4591-812D-677DD44E6640}.EndToEndWithFake|Any CPU.ActiveCfg = EndToEndWithFake|Any CPU
		{A3B306E2-2A20-4591-812D-677DD44E6640}.EndToEndWithFake|Any CPU.Build.0 = EndToEndWithFake|Any CPU
		{A3B306E2-2A20-4591-812D-677DD44E6640}.EndToEndWithReal|Any CPU.ActiveCfg = EndToEndWithReal|Any CPU
		{A3B306E2-2A20-4591-812D-677DD44E6640}.EndToEndWithReal|Any CPU.Build.0 = EndToEndWithReal|Any CPU
		{9B6E4171-3936-4C3E-8A29-F5A56761DF78}.EndToEndWithFake|Any CPU.ActiveCfg = EndToEndWithFake|Any CPU
		{9B6E4171-3936-4C3E-8A29-F5A56761DF78}.EndToEndWithReal|Any CPU.ActiveCfg = EndToEndWithReal|Any CPU
		{9B6E4171-3936-4C3E-8A29-F5A56761DF78}.EndToEndWithReal|Any CPU.Build.0 = EndToEndWithReal|Any CPU
		{BEA182A3-1028-4B5A-898E-103A05FE5F5E}.EndToEndWithFake|Any CPU.ActiveCfg = EndToEndWithFake|Any CPU
		{BEA182A3-1028-4B5A-898E-103A05FE5F5E}.EndToEndWithFake|Any CPU.Build.0 = EndToEndWithFake|Any CPU
		{BEA182A3-1028-4B5A-898E-103A05FE5F5E}.EndToEndWithReal|Any CPU.ActiveCfg = EndToEndWithReal|Any CPU
		{BEA182A3-1028-4B5A-898E-103A05FE5F5E}.EndToEndWithReal|Any CPU.Build.0 = EndToEndWithReal|Any CPU
		{DE6BB2E9-4303-426B-AE23-D58DD6C78339}.EndToEndWithFake|Any CPU.ActiveCfg = EndToEndWithFake|Any CPU
		{DE6BB2E9-4303-426B-AE23-D58DD6C78339}.EndToEndWithFake|Any CPU.Build.0 = EndToEndWithFake|Any CPU
		{DE6BB2E9-4303-426B-AE23-D58DD6C78339}.EndToEndWithReal|Any CPU.ActiveCfg = EndToEndWithReal|Any CPU
		{DE6BB2E9-4303-426B-AE23-D58DD6C78339}.EndToEndWithReal|Any CPU.Build.0 = EndToEndWithReal|Any CPU
		{D12F36FC-FCBC-4941-9199-D44F6E1C2767}.EndToEndWithFake|Any CPU.ActiveCfg = EndToEndWithFake|Any CPU
		{D12F36FC-FCBC-4941-9199-D44F6E1C2767}.EndToEndWithFake|Any CPU.Build.0 = EndToEndWithFake|Any CPU
		{D12F36FC-FCBC-4941-9199-D44F6E1C2767}.EndToEndWithReal|Any CPU.ActiveCfg = EndToEndWithReal|Any CPU
		{D12F36FC-FCBC-4941-9199-D44F6E1C2767}.EndToEndWithReal|Any CPU.Build.0 = EndToEndWithReal|Any CPU
		{3E32F8F8-E157-40E8-98A7-A96F2F32D3AD}.EndToEndWithFake|Any CPU.ActiveCfg = Debug|Any CPU
		{3E32F8F8-E157-40E8-98A7-A96F2F32D3AD}.EndToEndWithFake|Any CPU.Build.0 = Debug|Any CPU
		{3E32F8F8-E157-40E8-98A7-A96F2F32D3AD}.EndToEndWithReal|Any CPU.ActiveCfg = Debug|Any CPU
		{3E32F8F8-E157-40E8-98A7-A96F2F32D3AD}.EndToEndWithReal|Any CPU.Build.0 = Debug|Any CPU
	EndGlobalSection
	GlobalSection(SolutionProperties) = preSolution
		HideSolutionNode = FALSE
	EndGlobalSection
	GlobalSection(NestedProjects) = preSolution
		{CBE2F355-1F23-4A58-A6AE-BA7BE542F76C} = {835945EF-48E0-4F18-8BDC-F6B63DF01961}
		{DA41EB1E-ECAF-400B-A1A4-82EBACDD7600} = {835945EF-48E0-4F18-8BDC-F6B63DF01961}
		{1677D87B-7E7B-436E-8E71-E98A242B89B4} = {48DEADF7-1BC1-4BCD-A1F2-2AE5BEFA0797}
		{F699E04D-89F3-4D19-B7C7-D5339B7C12FF} = {66E31A07-598B-4745-BE60-6B550F11F970}
		{3FC45A34-C028-4F72-B8A7-7B8BF15C5BB8} = {2C2CCD82-18B3-4E9B-805C-2CDB57D8DC90}
		{C8285510-F319-4047-81DF-9DB97588074C} = {66E31A07-598B-4745-BE60-6B550F11F970}
		{C873EA2D-C46E-4DED-9F4E-94A4102B8A8C} = {66E31A07-598B-4745-BE60-6B550F11F970}
		{367FE329-6A61-4734-994C-04CDA2428779} = {66E31A07-598B-4745-BE60-6B550F11F970}
		{06E87711-16C9-4C80-A9FA-967334F1AC7F} = {66E31A07-598B-4745-BE60-6B550F11F970}
		{5FD6C592-4F6B-4D1A-95E7-46038C91DA23} = {9E6CB0C9-66FD-4180-AAA9-4EECD1B26C73}
		{7AB55A08-4894-40FE-98A4-7587B92FAE6C} = {66E31A07-598B-4745-BE60-6B550F11F970}
		{F6035D7B-D04D-4413-8B9E-6F6E0A6DCF69} = {F6F37C2D-41B2-4A3D-B95B-9136E5FAF795}
		{D7DBA981-D222-4A78-A2A4-80D01D5F4DFA} = {F6F37C2D-41B2-4A3D-B95B-9136E5FAF795}
		{1E03F181-2690-4EA6-8B99-975D6DA4E759} = {2C2CCD82-18B3-4E9B-805C-2CDB57D8DC90}
		{CB84CA9F-F88D-448D-AFAC-219246851EB2} = {2736E69E-E6B1-4941-A2AF-FE4932E03E4F}
		{3E23F3AD-F2E0-42F2-A442-CB1F43AFFD21} = {2736E69E-E6B1-4941-A2AF-FE4932E03E4F}
		{B1D8ADA9-FD8E-4FC0-B330-74D8FAC5C587} = {2736E69E-E6B1-4941-A2AF-FE4932E03E4F}
		{1DB4C693-200D-46DC-AF84-3C0AD40392B5} = {2736E69E-E6B1-4941-A2AF-FE4932E03E4F}
		{A3525C19-2877-4FD5-9A8C-FBCCC472267E} = {BBAFE13B-DA85-4C5A-9DFA-44C4BEC009EE}
		{A3B306E2-2A20-4591-812D-677DD44E6640} = {A3525C19-2877-4FD5-9A8C-FBCCC472267E}
		{9B6E4171-3936-4C3E-8A29-F5A56761DF78} = {A3525C19-2877-4FD5-9A8C-FBCCC472267E}
		{BEA182A3-1028-4B5A-898E-103A05FE5F5E} = {BBAFE13B-DA85-4C5A-9DFA-44C4BEC009EE}
		{DE6BB2E9-4303-426B-AE23-D58DD6C78339} = {BBAFE13B-DA85-4C5A-9DFA-44C4BEC009EE}
		{D12F36FC-FCBC-4941-9199-D44F6E1C2767} = {BBAFE13B-DA85-4C5A-9DFA-44C4BEC009EE}
		{3E32F8F8-E157-40E8-98A7-A96F2F32D3AD} = {2736E69E-E6B1-4941-A2AF-FE4932E03E4F}
	EndGlobalSection
	GlobalSection(ExtensibilityGlobals) = postSolution
		SolutionGuid = {593C9469-C05F-4128-889C-882A89B62C97}
	EndGlobalSection
EndGlobal
