
Microsoft Visual Studio Solution File, Format Version 12.00
# Visual Studio 14
VisualStudioVersion = 14.0.25420.1
MinimumVisualStudioVersion = 10.0.40219.1
Project("{2150E333-8FDC-42A3-9474-1A3956D46DE8}") = "Presentation", "Presentation", "{719AD31A-1447-494B-93D5-897FCA9E0CCF}"
EndProject
Project("{2150E333-8FDC-42A3-9474-1A3956D46DE8}") = "Model", "Model", "{1EAEA804-9B78-4EF6-8D4F-3B6D3FA398D8}"
EndProject
Project("{2150E333-8FDC-42A3-9474-1A3956D46DE8}") = "App", "App", "{DB76F33D-308E-48EF-8660-FF4AA7760616}"
EndProject
Project("{2150E333-8FDC-42A3-9474-1A3956D46DE8}") = "Client", "Client", "{10B9B54F-4AED-4C27-AF18-54193FB50410}"
EndProject
Project("{2150E333-8FDC-42A3-9474-1A3956D46DE8}") = "Tests", "Tests", "{6BA94BB3-D326-4A10-B4DF-04AE91A0C15E}"
EndProject
Project("{2150E333-8FDC-42A3-9474-1A3956D46DE8}") = "Acceptance", "Acceptance", "{835945EF-48E0-4F18-8BDC-F6B63DF01961}"
EndProject
Project("{2150E333-8FDC-42A3-9474-1A3956D46DE8}") = "Data", "Data", "{20C55ED7-08B4-47D0-B7C0-7AD4E6854ACC}"
EndProject
Project("{2150E333-8FDC-42A3-9474-1A3956D46DE8}") = "Infra", "Infra", "{185AF0A9-9D92-4E5D-A331-CAC92C535A94}"
EndProject
Project("{2150E333-8FDC-42A3-9474-1A3956D46DE8}") = "Contracts", "Contracts", "{3C9A8028-CB9D-41EF-A826-C7532C206504}"
EndProject
Project("{2150E333-8FDC-42A3-9474-1A3956D46DE8}") = "Fake", "Fake", "{901D5FC5-7C6D-4200-B66B-440486E0BE5F}"
EndProject
Project("{2150E333-8FDC-42A3-9474-1A3956D46DE8}") = "Real", "Real", "{48C09290-0E5A-49BE-87BC-D0C67A8D05EE}"
EndProject
Project("{FAE04EC0-301F-11D3-BF4B-00C04F79EFBC}") = "Samples.Client.Data.Contracts.Dto", "Samples.Client.Data.Contracts.Dto\Samples.Client.Data.Contracts.Dto.csproj", "{8A567338-89FB-49AA-80FE-B47AE861D6A7}"
EndProject
Project("{FAE04EC0-301F-11D3-BF4B-00C04F79EFBC}") = "Samples.Client.Data.Contracts.Providers", "Samples.Client.Data.Contracts.Providers\Samples.Client.Data.Contracts.Providers.csproj", "{D2432BC9-C269-47CA-85AC-7B1F79BDD2B7}"
EndProject
Project("{FAE04EC0-301F-11D3-BF4B-00C04F79EFBC}") = "Samples.Client.Model.Contracts", "Samples.Client.Model.Contracts\Samples.Client.Model.Contracts.csproj", "{536D34E4-A409-4567-B7C6-58F50206740E}"
EndProject
Project("{FAE04EC0-301F-11D3-BF4B-00C04F79EFBC}") = "Samples.Client.Model.Shared", "Samples.Client.Model.Shared\Samples.Client.Model.Shared.csproj", "{49724A56-9FA9-44C4-B731-1E414EE598BC}"
EndProject
Project("{FAE04EC0-301F-11D3-BF4B-00C04F79EFBC}") = "Samples.Client.Model", "Samples.Client.Model\Samples.Client.Model.csproj", "{33766857-5FCE-4C2C-B167-E76A9F521FF0}"
EndProject
Project("{FAE04EC0-301F-11D3-BF4B-00C04F79EFBC}") = "Samples.Specifications.Client.Data.Fake.Containers", "Samples.Specifications.Client.Data.Fake.Containers\Samples.Specifications.Client.Data.Fake.Containers.csproj", "{064BD680-2955-4CEC-A56B-B48891EC6AA1}"
EndProject
Project("{FAE04EC0-301F-11D3-BF4B-00C04F79EFBC}") = "Samples.Specifications.Client.Data.Fake.ProviderBuilders", "Samples.Specifications.Client.Data.Fake.ProviderBuilders\Samples.Specifications.Client.Data.Fake.ProviderBuilders.csproj", "{AF68283B-5283-4DEF-8DA0-6FB6CA85C1BD}"
EndProject
Project("{FAE04EC0-301F-11D3-BF4B-00C04F79EFBC}") = "Samples.Specifications.Client.Data.Fake.Providers", "Samples.Specifications.Client.Data.Fake.Providers\Samples.Specifications.Client.Data.Fake.Providers.csproj", "{E27A6439-921C-455F-A062-1EBCB50F439F}"
EndProject
Project("{FAE04EC0-301F-11D3-BF4B-00C04F79EFBC}") = "Samples.Specifications.Client.Data.Real.Providers", "Samples.Specifications.Client.Data.Real.Providers\Samples.Specifications.Client.Data.Real.Providers.csproj", "{5B2A4689-2F21-48EC-9058-F89511CEACA3}"
EndProject
Project("{FAE04EC0-301F-11D3-BF4B-00C04F79EFBC}") = "Samples.Specifications.Client.Data.Fake.ProviderBuilders.Setup", "Samples.Specifications.Client.Data.Fake.ProviderBuilders.Setup\Samples.Specifications.Client.Data.Fake.ProviderBuilders.Setup.csproj", "{1DB4C693-200D-46DC-AF84-3C0AD40392B5}"
EndProject
Project("{FAE04EC0-301F-11D3-BF4B-00C04F79EFBC}") = "Samples.Specifications.Client.Presentation.Shared", "Samples.Specifications.Client.Presentation.Shared\Samples.Specifications.Client.Presentation.Shared.csproj", "{A4245326-BB01-4B7A-B4DE-6EBCA9C8094E}"
EndProject
Project("{FAE04EC0-301F-11D3-BF4B-00C04F79EFBC}") = "Samples.Specifications.Client.Presentation.Shell", "Samples.Specifications.Client.Presentation.Shell\Samples.Specifications.Client.Presentation.Shell.csproj", "{5270F84D-8FF4-4756-83B0-78DD9777643D}"
EndProject
Project("{FAE04EC0-301F-11D3-BF4B-00C04F79EFBC}") = "Samples.Specifications.Tests.Acceptance.Steps.Adapters", "Samples.Specifications.Tests.Acceptance.Steps.Adapters\Samples.Specifications.Tests.Acceptance.Steps.Adapters.csproj", "{CBE2F355-1F23-4A58-A6AE-BA7BE542F76C}"
EndProject
Project("{FAE04EC0-301F-11D3-BF4B-00C04F79EFBC}") = "Samples.Specifications.Tests.Acceptance.Specs", "Samples.Specifications.Tests.Acceptance.Specs\Samples.Specifications.Tests.Acceptance.Specs.csproj", "{DA41EB1E-ECAF-400B-A1A4-82EBACDD7600}"
EndProject
Project("{2150E333-8FDC-42A3-9474-1A3956D46DE8}") = "Integration", "Integration", "{1B15D99B-27E6-4BD4-802D-2E3F025789B1}"
EndProject
Project("{FAE04EC0-301F-11D3-BF4B-00C04F79EFBC}") = "Samples.Specifications.Client.Tests.Integration.Infra.Core", "Samples.Specifications.Client.Tests.Integration.Infra.Core\Samples.Specifications.Client.Tests.Integration.Infra.Core.csproj", "{207D3FBC-1EEC-43EA-BAED-E3C14F793119}"
EndProject
Project("{FAE04EC0-301F-11D3-BF4B-00C04F79EFBC}") = "Samples.Specifications.Client.Tests.Integration.Infra", "Samples.Specifications.Client.Tests.Integration.Infra\Samples.Specifications.Client.Tests.Integration.Infra.csproj", "{CBF93BCE-066F-4A39-A4D2-408524F49490}"
EndProject
Project("{2150E333-8FDC-42A3-9474-1A3956D46DE8}") = "EndToEnd", "EndToEnd", "{301A73F2-FDF6-493B-85E6-A867024AE159}"
EndProject
Project("{FAE04EC0-301F-11D3-BF4B-00C04F79EFBC}") = "Samples.Specifications.Tests.EndToEnd.Infra.Fake", "Samples.Specifications.Tests.EndToEnd.Infra.Fake\Samples.Specifications.Tests.EndToEnd.Infra.Fake.csproj", "{A3B306E2-2A20-4591-812D-677DD44E6640}"
EndProject
Project("{FAE04EC0-301F-11D3-BF4B-00C04F79EFBC}") = "Samples.Specifications.Tests.EndToEnd.Infra.Launcher", "Samples.Specifications.Tests.EndToEnd.Infra.Launcher\Samples.Specifications.Tests.EndToEnd.Infra.Launcher.csproj", "{3FC45A34-C028-4F72-B8A7-7B8BF15C5BB8}"
EndProject
Project("{FAE04EC0-301F-11D3-BF4B-00C04F79EFBC}") = "Samples.Specifications.Tests.EndToEnd.Infra.Providers", "Samples.Specifications.Tests.EndToEnd.Infra.Providers\Samples.Specifications.Tests.EndToEnd.Infra.Providers.csproj", "{56272851-A255-4525-B8E6-27BC24154551}"
EndProject
Project("{FAE04EC0-301F-11D3-BF4B-00C04F79EFBC}") = "Samples.Specifications.Tests.EndToEnd.Infra.Real", "Samples.Specifications.Tests.EndToEnd.Infra.Real\Samples.Specifications.Tests.EndToEnd.Infra.Real.csproj", "{9B6E4171-3936-4C3E-8A29-F5A56761DF78}"
EndProject
Project("{2150E333-8FDC-42A3-9474-1A3956D46DE8}") = "Domain", "Domain", "{14B1BFE4-8A4F-4BF5-ABA8-EEE2E120BAAD}"
EndProject
Project("{FAE04EC0-301F-11D3-BF4B-00C04F79EFBC}") = "Samples.Specifications.Tests.Domain", "Samples.Specifications.Tests.Domain\Samples.Specifications.Tests.Domain.csproj", "{E08E7AE2-C849-47AD-99F2-B8A05307B06A}"
EndProject
Project("{FAE04EC0-301F-11D3-BF4B-00C04F79EFBC}") = "Samples.Specifications.Tests.EndToEnd.Domain", "Samples.Specifications.Tests.EndToEnd.Domain\Samples.Specifications.Tests.EndToEnd.Domain.csproj", "{DE6BB2E9-4303-426B-AE23-D58DD6C78339}"
EndProject
Project("{FAE04EC0-301F-11D3-BF4B-00C04F79EFBC}") = "Samples.Specifications.Client.Tests.Integration.Domain", "Samples.Specifications.Client.Tests.Integration.Domain\Samples.Specifications.Client.Tests.Integration.Domain.csproj", "{67A94ECC-8163-4EE6-94ED-2C07D317BF94}"
EndProject
Project("{2150E333-8FDC-42A3-9474-1A3956D46DE8}") = "Data", "Data", "{48DEADF7-1BC1-4BCD-A1F2-2AE5BEFA0797}"
EndProject
Project("{FAE04EC0-301F-11D3-BF4B-00C04F79EFBC}") = "Samples.Specifications.Tests.Data", "Samples.Specifications.Tests.Data\Samples.Specifications.Tests.Data.csproj", "{27BBAC7D-16A9-44AD-B35E-42F73D0CE4F5}"
EndProject
Project("{2150E333-8FDC-42A3-9474-1A3956D46DE8}") = "Infra", "Infra", "{60BDF84E-B822-40A1-982E-56E3E7433382}"
EndProject
Project("{2150E333-8FDC-42A3-9474-1A3956D46DE8}") = "Steps", "Steps", "{66E31A07-598B-4745-BE60-6B550F11F970}"
EndProject
Project("{FAE04EC0-301F-11D3-BF4B-00C04F79EFBC}") = "Samples.Specifications.Tests.Steps", "Samples.Specifications.Tests.Steps\Samples.Specifications.Tests.Steps.csproj", "{DE972164-E8D0-4601-B3BE-B36AD22D7581}"
EndProject
Project("{FAE04EC0-301F-11D3-BF4B-00C04F79EFBC}") = "Samples.Specifications.Client.Tests.Integration", "Samples.Specifications.Client.Tests.Integration\Samples.Specifications.Client.Tests.Integration.csproj", "{486997E8-2FA4-4203-96BD-8699BE71403B}"
EndProject
Project("{FAE04EC0-301F-11D3-BF4B-00C04F79EFBC}") = "Samples.Specifications.Client.Launcher", "Samples.Specifications.Client.SC.Launcher\Samples.Specifications.Client.Launcher.csproj", "{1344B63D-D9A3-452F-9E42-BFA2CE948681}"
EndProject
Project("{FAE04EC0-301F-11D3-BF4B-00C04F79EFBC}") = "Samples.Specifications.Client.Launcher.Shared", "Samples.Specifications.Client.SC.Launcher.Shared\Samples.Specifications.Client.Launcher.Shared.csproj", "{99D98150-0E31-4394-817D-047D4637636F}"
EndProject
Project("{FAE04EC0-301F-11D3-BF4B-00C04F79EFBC}") = "Samples.Specifications.Client.Tests.Integration.Infra.Shared", "Samples.Specifications.Client.Tests.Integration.Infra.SC.Shared\Samples.Specifications.Client.Tests.Integration.Infra.Shared.csproj", "{91C8CBDF-1EE7-497C-964F-14AD1AD1D9D5}"
EndProject
Global
	GlobalSection(SolutionConfigurationPlatforms) = preSolution
		DebugWithFake|Any CPU = DebugWithFake|Any CPU
		DebugWithReal|Any CPU = DebugWithReal|Any CPU
		IntegrationWithFake|Any CPU = IntegrationWithFake|Any CPU
		Release|Any CPU = Release|Any CPU
		TestsWithFake|Any CPU = TestsWithFake|Any CPU
		TestsWithReal|Any CPU = TestsWithReal|Any CPU
	EndGlobalSection
	GlobalSection(ProjectConfigurationPlatforms) = postSolution
		{8A567338-89FB-49AA-80FE-B47AE861D6A7}.DebugWithFake|Any CPU.ActiveCfg = DebugWithFake|Any CPU
		{8A567338-89FB-49AA-80FE-B47AE861D6A7}.DebugWithFake|Any CPU.Build.0 = DebugWithFake|Any CPU
		{8A567338-89FB-49AA-80FE-B47AE861D6A7}.DebugWithReal|Any CPU.ActiveCfg = DebugWithFake|Any CPU
		{8A567338-89FB-49AA-80FE-B47AE861D6A7}.DebugWithReal|Any CPU.Build.0 = DebugWithFake|Any CPU
		{8A567338-89FB-49AA-80FE-B47AE861D6A7}.IntegrationWithFake|Any CPU.ActiveCfg = IntegrationWithFake|Any CPU
		{8A567338-89FB-49AA-80FE-B47AE861D6A7}.IntegrationWithFake|Any CPU.Build.0 = IntegrationWithFake|Any CPU
		{8A567338-89FB-49AA-80FE-B47AE861D6A7}.Release|Any CPU.ActiveCfg = Release|Any CPU
		{8A567338-89FB-49AA-80FE-B47AE861D6A7}.Release|Any CPU.Build.0 = Release|Any CPU
		{8A567338-89FB-49AA-80FE-B47AE861D6A7}.TestsWithFake|Any CPU.ActiveCfg = TestsWithFake|Any CPU
		{8A567338-89FB-49AA-80FE-B47AE861D6A7}.TestsWithFake|Any CPU.Build.0 = TestsWithFake|Any CPU
		{8A567338-89FB-49AA-80FE-B47AE861D6A7}.TestsWithReal|Any CPU.ActiveCfg = Release|Any CPU
		{8A567338-89FB-49AA-80FE-B47AE861D6A7}.TestsWithReal|Any CPU.Build.0 = Release|Any CPU
		{D2432BC9-C269-47CA-85AC-7B1F79BDD2B7}.DebugWithFake|Any CPU.ActiveCfg = DebugWithFake|Any CPU
		{D2432BC9-C269-47CA-85AC-7B1F79BDD2B7}.DebugWithFake|Any CPU.Build.0 = DebugWithFake|Any CPU
		{D2432BC9-C269-47CA-85AC-7B1F79BDD2B7}.DebugWithReal|Any CPU.ActiveCfg = DebugWithFake|Any CPU
		{D2432BC9-C269-47CA-85AC-7B1F79BDD2B7}.DebugWithReal|Any CPU.Build.0 = DebugWithFake|Any CPU
		{D2432BC9-C269-47CA-85AC-7B1F79BDD2B7}.IntegrationWithFake|Any CPU.ActiveCfg = IntegrationWithFake|Any CPU
		{D2432BC9-C269-47CA-85AC-7B1F79BDD2B7}.IntegrationWithFake|Any CPU.Build.0 = IntegrationWithFake|Any CPU
		{D2432BC9-C269-47CA-85AC-7B1F79BDD2B7}.Release|Any CPU.ActiveCfg = Release|Any CPU
		{D2432BC9-C269-47CA-85AC-7B1F79BDD2B7}.Release|Any CPU.Build.0 = Release|Any CPU
		{D2432BC9-C269-47CA-85AC-7B1F79BDD2B7}.TestsWithFake|Any CPU.ActiveCfg = TestsWithFake|Any CPU
		{D2432BC9-C269-47CA-85AC-7B1F79BDD2B7}.TestsWithFake|Any CPU.Build.0 = TestsWithFake|Any CPU
		{D2432BC9-C269-47CA-85AC-7B1F79BDD2B7}.TestsWithReal|Any CPU.ActiveCfg = Release|Any CPU
		{D2432BC9-C269-47CA-85AC-7B1F79BDD2B7}.TestsWithReal|Any CPU.Build.0 = Release|Any CPU
		{536D34E4-A409-4567-B7C6-58F50206740E}.DebugWithFake|Any CPU.ActiveCfg = DebugWithFake|Any CPU
		{536D34E4-A409-4567-B7C6-58F50206740E}.DebugWithFake|Any CPU.Build.0 = DebugWithFake|Any CPU
		{536D34E4-A409-4567-B7C6-58F50206740E}.DebugWithReal|Any CPU.ActiveCfg = DebugWithFake|Any CPU
		{536D34E4-A409-4567-B7C6-58F50206740E}.DebugWithReal|Any CPU.Build.0 = DebugWithFake|Any CPU
		{536D34E4-A409-4567-B7C6-58F50206740E}.IntegrationWithFake|Any CPU.ActiveCfg = IntegrationWithFake|Any CPU
		{536D34E4-A409-4567-B7C6-58F50206740E}.IntegrationWithFake|Any CPU.Build.0 = IntegrationWithFake|Any CPU
		{536D34E4-A409-4567-B7C6-58F50206740E}.Release|Any CPU.ActiveCfg = Release|Any CPU
		{536D34E4-A409-4567-B7C6-58F50206740E}.Release|Any CPU.Build.0 = Release|Any CPU
		{536D34E4-A409-4567-B7C6-58F50206740E}.TestsWithFake|Any CPU.ActiveCfg = TestsWithFake|Any CPU
		{536D34E4-A409-4567-B7C6-58F50206740E}.TestsWithFake|Any CPU.Build.0 = TestsWithFake|Any CPU
		{536D34E4-A409-4567-B7C6-58F50206740E}.TestsWithReal|Any CPU.ActiveCfg = Release|Any CPU
		{536D34E4-A409-4567-B7C6-58F50206740E}.TestsWithReal|Any CPU.Build.0 = Release|Any CPU
		{49724A56-9FA9-44C4-B731-1E414EE598BC}.DebugWithFake|Any CPU.ActiveCfg = DebugWithFake|Any CPU
		{49724A56-9FA9-44C4-B731-1E414EE598BC}.DebugWithFake|Any CPU.Build.0 = DebugWithFake|Any CPU
		{49724A56-9FA9-44C4-B731-1E414EE598BC}.DebugWithReal|Any CPU.ActiveCfg = DebugWithFake|Any CPU
		{49724A56-9FA9-44C4-B731-1E414EE598BC}.DebugWithReal|Any CPU.Build.0 = DebugWithFake|Any CPU
		{49724A56-9FA9-44C4-B731-1E414EE598BC}.IntegrationWithFake|Any CPU.ActiveCfg = IntegrationWithFake|Any CPU
		{49724A56-9FA9-44C4-B731-1E414EE598BC}.IntegrationWithFake|Any CPU.Build.0 = IntegrationWithFake|Any CPU
		{49724A56-9FA9-44C4-B731-1E414EE598BC}.Release|Any CPU.ActiveCfg = Release|Any CPU
		{49724A56-9FA9-44C4-B731-1E414EE598BC}.Release|Any CPU.Build.0 = Release|Any CPU
		{49724A56-9FA9-44C4-B731-1E414EE598BC}.TestsWithFake|Any CPU.ActiveCfg = TestsWithFake|Any CPU
		{49724A56-9FA9-44C4-B731-1E414EE598BC}.TestsWithFake|Any CPU.Build.0 = TestsWithFake|Any CPU
		{49724A56-9FA9-44C4-B731-1E414EE598BC}.TestsWithReal|Any CPU.ActiveCfg = Release|Any CPU
		{49724A56-9FA9-44C4-B731-1E414EE598BC}.TestsWithReal|Any CPU.Build.0 = Release|Any CPU
		{33766857-5FCE-4C2C-B167-E76A9F521FF0}.DebugWithFake|Any CPU.ActiveCfg = DebugWithFake|Any CPU
		{33766857-5FCE-4C2C-B167-E76A9F521FF0}.DebugWithFake|Any CPU.Build.0 = DebugWithFake|Any CPU
		{33766857-5FCE-4C2C-B167-E76A9F521FF0}.DebugWithReal|Any CPU.ActiveCfg = DebugWithReal|Any CPU
		{33766857-5FCE-4C2C-B167-E76A9F521FF0}.DebugWithReal|Any CPU.Build.0 = DebugWithReal|Any CPU
		{33766857-5FCE-4C2C-B167-E76A9F521FF0}.IntegrationWithFake|Any CPU.ActiveCfg = IntegrationWithFake|Any CPU
		{33766857-5FCE-4C2C-B167-E76A9F521FF0}.IntegrationWithFake|Any CPU.Build.0 = IntegrationWithFake|Any CPU
		{33766857-5FCE-4C2C-B167-E76A9F521FF0}.Release|Any CPU.ActiveCfg = Release|Any CPU
		{33766857-5FCE-4C2C-B167-E76A9F521FF0}.Release|Any CPU.Build.0 = Release|Any CPU
		{33766857-5FCE-4C2C-B167-E76A9F521FF0}.TestsWithFake|Any CPU.ActiveCfg = TestsWithFake|Any CPU
		{33766857-5FCE-4C2C-B167-E76A9F521FF0}.TestsWithFake|Any CPU.Build.0 = TestsWithFake|Any CPU
		{33766857-5FCE-4C2C-B167-E76A9F521FF0}.TestsWithReal|Any CPU.ActiveCfg = Release|Any CPU
		{33766857-5FCE-4C2C-B167-E76A9F521FF0}.TestsWithReal|Any CPU.Build.0 = Release|Any CPU
		{064BD680-2955-4CEC-A56B-B48891EC6AA1}.DebugWithFake|Any CPU.ActiveCfg = DebugWithFake|Any CPU
		{064BD680-2955-4CEC-A56B-B48891EC6AA1}.DebugWithFake|Any CPU.Build.0 = DebugWithFake|Any CPU
		{064BD680-2955-4CEC-A56B-B48891EC6AA1}.DebugWithReal|Any CPU.ActiveCfg = DebugWithReal|Any CPU
		{064BD680-2955-4CEC-A56B-B48891EC6AA1}.DebugWithReal|Any CPU.Build.0 = DebugWithReal|Any CPU
		{064BD680-2955-4CEC-A56B-B48891EC6AA1}.IntegrationWithFake|Any CPU.ActiveCfg = TestsWithReal|Any CPU
		{064BD680-2955-4CEC-A56B-B48891EC6AA1}.Release|Any CPU.ActiveCfg = Release|Any CPU
		{064BD680-2955-4CEC-A56B-B48891EC6AA1}.Release|Any CPU.Build.0 = Release|Any CPU
		{064BD680-2955-4CEC-A56B-B48891EC6AA1}.TestsWithFake|Any CPU.ActiveCfg = TestsWithFake|Any CPU
		{064BD680-2955-4CEC-A56B-B48891EC6AA1}.TestsWithReal|Any CPU.ActiveCfg = TestsWithReal|Any CPU
		{064BD680-2955-4CEC-A56B-B48891EC6AA1}.TestsWithReal|Any CPU.Build.0 = TestsWithReal|Any CPU
		{AF68283B-5283-4DEF-8DA0-6FB6CA85C1BD}.DebugWithFake|Any CPU.ActiveCfg = DebugWithFake|Any CPU
		{AF68283B-5283-4DEF-8DA0-6FB6CA85C1BD}.DebugWithFake|Any CPU.Build.0 = DebugWithFake|Any CPU
		{AF68283B-5283-4DEF-8DA0-6FB6CA85C1BD}.DebugWithReal|Any CPU.ActiveCfg = DebugWithReal|Any CPU
		{AF68283B-5283-4DEF-8DA0-6FB6CA85C1BD}.DebugWithReal|Any CPU.Build.0 = DebugWithReal|Any CPU
		{AF68283B-5283-4DEF-8DA0-6FB6CA85C1BD}.IntegrationWithFake|Any CPU.ActiveCfg = IntegrationWithFake|Any CPU
		{AF68283B-5283-4DEF-8DA0-6FB6CA85C1BD}.IntegrationWithFake|Any CPU.Build.0 = IntegrationWithFake|Any CPU
		{AF68283B-5283-4DEF-8DA0-6FB6CA85C1BD}.Release|Any CPU.ActiveCfg = Release|Any CPU
		{AF68283B-5283-4DEF-8DA0-6FB6CA85C1BD}.Release|Any CPU.Build.0 = Release|Any CPU
		{AF68283B-5283-4DEF-8DA0-6FB6CA85C1BD}.TestsWithFake|Any CPU.ActiveCfg = TestsWithFake|Any CPU
		{AF68283B-5283-4DEF-8DA0-6FB6CA85C1BD}.TestsWithFake|Any CPU.Build.0 = TestsWithFake|Any CPU
		{AF68283B-5283-4DEF-8DA0-6FB6CA85C1BD}.TestsWithReal|Any CPU.ActiveCfg = TestsWithReal|Any CPU
		{AF68283B-5283-4DEF-8DA0-6FB6CA85C1BD}.TestsWithReal|Any CPU.Build.0 = TestsWithReal|Any CPU
		{E27A6439-921C-455F-A062-1EBCB50F439F}.DebugWithFake|Any CPU.ActiveCfg = DebugWithFake|Any CPU
		{E27A6439-921C-455F-A062-1EBCB50F439F}.DebugWithFake|Any CPU.Build.0 = DebugWithFake|Any CPU
		{E27A6439-921C-455F-A062-1EBCB50F439F}.DebugWithReal|Any CPU.ActiveCfg = DebugWithReal|Any CPU
		{E27A6439-921C-455F-A062-1EBCB50F439F}.DebugWithReal|Any CPU.Build.0 = DebugWithReal|Any CPU
		{E27A6439-921C-455F-A062-1EBCB50F439F}.IntegrationWithFake|Any CPU.ActiveCfg = TestsWithReal|Any CPU
		{E27A6439-921C-455F-A062-1EBCB50F439F}.Release|Any CPU.ActiveCfg = Release|Any CPU
		{E27A6439-921C-455F-A062-1EBCB50F439F}.Release|Any CPU.Build.0 = Release|Any CPU
		{E27A6439-921C-455F-A062-1EBCB50F439F}.TestsWithFake|Any CPU.ActiveCfg = TestsWithFake|Any CPU
		{E27A6439-921C-455F-A062-1EBCB50F439F}.TestsWithReal|Any CPU.ActiveCfg = TestsWithReal|Any CPU
		{E27A6439-921C-455F-A062-1EBCB50F439F}.TestsWithReal|Any CPU.Build.0 = TestsWithReal|Any CPU
		{5B2A4689-2F21-48EC-9058-F89511CEACA3}.DebugWithFake|Any CPU.ActiveCfg = DebugWithFake|Any CPU
		{5B2A4689-2F21-48EC-9058-F89511CEACA3}.DebugWithFake|Any CPU.Build.0 = DebugWithFake|Any CPU
		{5B2A4689-2F21-48EC-9058-F89511CEACA3}.DebugWithReal|Any CPU.ActiveCfg = DebugWithReal|Any CPU
		{5B2A4689-2F21-48EC-9058-F89511CEACA3}.DebugWithReal|Any CPU.Build.0 = DebugWithReal|Any CPU
		{5B2A4689-2F21-48EC-9058-F89511CEACA3}.IntegrationWithFake|Any CPU.ActiveCfg = TestsWithReal|Any CPU
		{5B2A4689-2F21-48EC-9058-F89511CEACA3}.Release|Any CPU.ActiveCfg = Release|Any CPU
		{5B2A4689-2F21-48EC-9058-F89511CEACA3}.Release|Any CPU.Build.0 = Release|Any CPU
		{5B2A4689-2F21-48EC-9058-F89511CEACA3}.TestsWithFake|Any CPU.ActiveCfg = TestsWithFake|Any CPU
		{5B2A4689-2F21-48EC-9058-F89511CEACA3}.TestsWithReal|Any CPU.ActiveCfg = TestsWithReal|Any CPU
		{5B2A4689-2F21-48EC-9058-F89511CEACA3}.TestsWithReal|Any CPU.Build.0 = TestsWithReal|Any CPU
		{1DB4C693-200D-46DC-AF84-3C0AD40392B5}.DebugWithFake|Any CPU.ActiveCfg = DebugWithFake|Any CPU
		{1DB4C693-200D-46DC-AF84-3C0AD40392B5}.DebugWithFake|Any CPU.Build.0 = DebugWithFake|Any CPU
		{1DB4C693-200D-46DC-AF84-3C0AD40392B5}.DebugWithReal|Any CPU.ActiveCfg = DebugWithFake|Any CPU
		{1DB4C693-200D-46DC-AF84-3C0AD40392B5}.DebugWithReal|Any CPU.Build.0 = DebugWithFake|Any CPU
		{1DB4C693-200D-46DC-AF84-3C0AD40392B5}.IntegrationWithFake|Any CPU.ActiveCfg = IntegrationWithFake|Any CPU
		{1DB4C693-200D-46DC-AF84-3C0AD40392B5}.IntegrationWithFake|Any CPU.Build.0 = IntegrationWithFake|Any CPU
		{1DB4C693-200D-46DC-AF84-3C0AD40392B5}.Release|Any CPU.ActiveCfg = Release|Any CPU
		{1DB4C693-200D-46DC-AF84-3C0AD40392B5}.Release|Any CPU.Build.0 = Release|Any CPU
		{1DB4C693-200D-46DC-AF84-3C0AD40392B5}.TestsWithFake|Any CPU.ActiveCfg = TestsWithFake|Any CPU
		{1DB4C693-200D-46DC-AF84-3C0AD40392B5}.TestsWithFake|Any CPU.Build.0 = TestsWithFake|Any CPU
		{1DB4C693-200D-46DC-AF84-3C0AD40392B5}.TestsWithReal|Any CPU.ActiveCfg = TestsWithFake|Any CPU
		{1DB4C693-200D-46DC-AF84-3C0AD40392B5}.TestsWithReal|Any CPU.Build.0 = TestsWithFake|Any CPU
		{A4245326-BB01-4B7A-B4DE-6EBCA9C8094E}.DebugWithFake|Any CPU.ActiveCfg = DebugWithFake|Any CPU
		{A4245326-BB01-4B7A-B4DE-6EBCA9C8094E}.DebugWithFake|Any CPU.Build.0 = DebugWithFake|Any CPU
		{A4245326-BB01-4B7A-B4DE-6EBCA9C8094E}.DebugWithReal|Any CPU.ActiveCfg = DebugWithReal|Any CPU
		{A4245326-BB01-4B7A-B4DE-6EBCA9C8094E}.DebugWithReal|Any CPU.Build.0 = DebugWithReal|Any CPU
		{A4245326-BB01-4B7A-B4DE-6EBCA9C8094E}.IntegrationWithFake|Any CPU.ActiveCfg = IntegrationWithFake|Any CPU
		{A4245326-BB01-4B7A-B4DE-6EBCA9C8094E}.IntegrationWithFake|Any CPU.Build.0 = IntegrationWithFake|Any CPU
		{A4245326-BB01-4B7A-B4DE-6EBCA9C8094E}.Release|Any CPU.ActiveCfg = Release|Any CPU
		{A4245326-BB01-4B7A-B4DE-6EBCA9C8094E}.Release|Any CPU.Build.0 = Release|Any CPU
		{A4245326-BB01-4B7A-B4DE-6EBCA9C8094E}.TestsWithFake|Any CPU.ActiveCfg = TestsWithFake|Any CPU
		{A4245326-BB01-4B7A-B4DE-6EBCA9C8094E}.TestsWithFake|Any CPU.Build.0 = TestsWithFake|Any CPU
		{A4245326-BB01-4B7A-B4DE-6EBCA9C8094E}.TestsWithReal|Any CPU.ActiveCfg = TestsWithReal|Any CPU
		{A4245326-BB01-4B7A-B4DE-6EBCA9C8094E}.TestsWithReal|Any CPU.Build.0 = TestsWithReal|Any CPU
		{5270F84D-8FF4-4756-83B0-78DD9777643D}.DebugWithFake|Any CPU.ActiveCfg = DebugWithFake|Any CPU
		{5270F84D-8FF4-4756-83B0-78DD9777643D}.DebugWithFake|Any CPU.Build.0 = DebugWithFake|Any CPU
		{5270F84D-8FF4-4756-83B0-78DD9777643D}.DebugWithReal|Any CPU.ActiveCfg = DebugWithReal|Any CPU
		{5270F84D-8FF4-4756-83B0-78DD9777643D}.DebugWithReal|Any CPU.Build.0 = DebugWithReal|Any CPU
		{5270F84D-8FF4-4756-83B0-78DD9777643D}.IntegrationWithFake|Any CPU.ActiveCfg = IntegrationWithFake|Any CPU
		{5270F84D-8FF4-4756-83B0-78DD9777643D}.IntegrationWithFake|Any CPU.Build.0 = IntegrationWithFake|Any CPU
		{5270F84D-8FF4-4756-83B0-78DD9777643D}.Release|Any CPU.ActiveCfg = Release|Any CPU
		{5270F84D-8FF4-4756-83B0-78DD9777643D}.Release|Any CPU.Build.0 = Release|Any CPU
		{5270F84D-8FF4-4756-83B0-78DD9777643D}.TestsWithFake|Any CPU.ActiveCfg = TestsWithFake|Any CPU
		{5270F84D-8FF4-4756-83B0-78DD9777643D}.TestsWithFake|Any CPU.Build.0 = TestsWithFake|Any CPU
		{5270F84D-8FF4-4756-83B0-78DD9777643D}.TestsWithReal|Any CPU.ActiveCfg = TestsWithReal|Any CPU
		{5270F84D-8FF4-4756-83B0-78DD9777643D}.TestsWithReal|Any CPU.Build.0 = TestsWithReal|Any CPU
		{CBE2F355-1F23-4A58-A6AE-BA7BE542F76C}.DebugWithFake|Any CPU.ActiveCfg = DebugWithFake|Any CPU
		{CBE2F355-1F23-4A58-A6AE-BA7BE542F76C}.DebugWithFake|Any CPU.Build.0 = DebugWithFake|Any CPU
		{CBE2F355-1F23-4A58-A6AE-BA7BE542F76C}.DebugWithReal|Any CPU.ActiveCfg = DebugWithReal|Any CPU
		{CBE2F355-1F23-4A58-A6AE-BA7BE542F76C}.DebugWithReal|Any CPU.Build.0 = DebugWithReal|Any CPU
		{CBE2F355-1F23-4A58-A6AE-BA7BE542F76C}.IntegrationWithFake|Any CPU.ActiveCfg = IntegrationWithFake|Any CPU
		{CBE2F355-1F23-4A58-A6AE-BA7BE542F76C}.Release|Any CPU.ActiveCfg = Release|Any CPU
		{CBE2F355-1F23-4A58-A6AE-BA7BE542F76C}.Release|Any CPU.Build.0 = Release|Any CPU
		{CBE2F355-1F23-4A58-A6AE-BA7BE542F76C}.TestsWithFake|Any CPU.ActiveCfg = TestsWithFake|Any CPU
		{CBE2F355-1F23-4A58-A6AE-BA7BE542F76C}.TestsWithFake|Any CPU.Build.0 = TestsWithFake|Any CPU
		{CBE2F355-1F23-4A58-A6AE-BA7BE542F76C}.TestsWithReal|Any CPU.ActiveCfg = TestsWithReal|Any CPU
		{CBE2F355-1F23-4A58-A6AE-BA7BE542F76C}.TestsWithReal|Any CPU.Build.0 = TestsWithReal|Any CPU
		{DA41EB1E-ECAF-400B-A1A4-82EBACDD7600}.DebugWithFake|Any CPU.ActiveCfg = DebugWithFake|Any CPU
		{DA41EB1E-ECAF-400B-A1A4-82EBACDD7600}.DebugWithFake|Any CPU.Build.0 = DebugWithFake|Any CPU
		{DA41EB1E-ECAF-400B-A1A4-82EBACDD7600}.DebugWithReal|Any CPU.ActiveCfg = DebugWithReal|Any CPU
		{DA41EB1E-ECAF-400B-A1A4-82EBACDD7600}.DebugWithReal|Any CPU.Build.0 = DebugWithReal|Any CPU
		{DA41EB1E-ECAF-400B-A1A4-82EBACDD7600}.IntegrationWithFake|Any CPU.ActiveCfg = IntegrationWithFake|Any CPU
		{DA41EB1E-ECAF-400B-A1A4-82EBACDD7600}.Release|Any CPU.ActiveCfg = Release|Any CPU
		{DA41EB1E-ECAF-400B-A1A4-82EBACDD7600}.Release|Any CPU.Build.0 = Release|Any CPU
		{DA41EB1E-ECAF-400B-A1A4-82EBACDD7600}.TestsWithFake|Any CPU.ActiveCfg = DebugWithFake|Any CPU
		{DA41EB1E-ECAF-400B-A1A4-82EBACDD7600}.TestsWithFake|Any CPU.Build.0 = DebugWithFake|Any CPU
		{DA41EB1E-ECAF-400B-A1A4-82EBACDD7600}.TestsWithReal|Any CPU.ActiveCfg = TestsWithReal|Any CPU
		{DA41EB1E-ECAF-400B-A1A4-82EBACDD7600}.TestsWithReal|Any CPU.Build.0 = TestsWithReal|Any CPU
		{207D3FBC-1EEC-43EA-BAED-E3C14F793119}.DebugWithFake|Any CPU.ActiveCfg = DebugWithFake|Any CPU
		{207D3FBC-1EEC-43EA-BAED-E3C14F793119}.DebugWithFake|Any CPU.Build.0 = DebugWithFake|Any CPU
		{207D3FBC-1EEC-43EA-BAED-E3C14F793119}.DebugWithReal|Any CPU.ActiveCfg = DebugWithFake|Any CPU
		{207D3FBC-1EEC-43EA-BAED-E3C14F793119}.DebugWithReal|Any CPU.Build.0 = DebugWithFake|Any CPU
		{207D3FBC-1EEC-43EA-BAED-E3C14F793119}.IntegrationWithFake|Any CPU.ActiveCfg = IntegrationWithFake|Any CPU
		{207D3FBC-1EEC-43EA-BAED-E3C14F793119}.IntegrationWithFake|Any CPU.Build.0 = IntegrationWithFake|Any CPU
		{207D3FBC-1EEC-43EA-BAED-E3C14F793119}.Release|Any CPU.ActiveCfg = Release|Any CPU
		{207D3FBC-1EEC-43EA-BAED-E3C14F793119}.Release|Any CPU.Build.0 = Release|Any CPU
		{207D3FBC-1EEC-43EA-BAED-E3C14F793119}.TestsWithFake|Any CPU.ActiveCfg = Release|Any CPU
		{207D3FBC-1EEC-43EA-BAED-E3C14F793119}.TestsWithReal|Any CPU.ActiveCfg = Release|Any CPU
		{207D3FBC-1EEC-43EA-BAED-E3C14F793119}.TestsWithReal|Any CPU.Build.0 = Release|Any CPU
		{CBF93BCE-066F-4A39-A4D2-408524F49490}.DebugWithFake|Any CPU.ActiveCfg = DebugWithFake|Any CPU
		{CBF93BCE-066F-4A39-A4D2-408524F49490}.DebugWithFake|Any CPU.Build.0 = DebugWithFake|Any CPU
		{CBF93BCE-066F-4A39-A4D2-408524F49490}.DebugWithReal|Any CPU.ActiveCfg = DebugWithFake|Any CPU
		{CBF93BCE-066F-4A39-A4D2-408524F49490}.DebugWithReal|Any CPU.Build.0 = DebugWithFake|Any CPU
		{CBF93BCE-066F-4A39-A4D2-408524F49490}.IntegrationWithFake|Any CPU.ActiveCfg = IntegrationWithFake|Any CPU
		{CBF93BCE-066F-4A39-A4D2-408524F49490}.IntegrationWithFake|Any CPU.Build.0 = IntegrationWithFake|Any CPU
		{CBF93BCE-066F-4A39-A4D2-408524F49490}.Release|Any CPU.ActiveCfg = Release|Any CPU
		{CBF93BCE-066F-4A39-A4D2-408524F49490}.Release|Any CPU.Build.0 = Release|Any CPU
		{CBF93BCE-066F-4A39-A4D2-408524F49490}.TestsWithFake|Any CPU.ActiveCfg = Release|Any CPU
		{CBF93BCE-066F-4A39-A4D2-408524F49490}.TestsWithReal|Any CPU.ActiveCfg = Release|Any CPU
		{CBF93BCE-066F-4A39-A4D2-408524F49490}.TestsWithReal|Any CPU.Build.0 = Release|Any CPU
		{A3B306E2-2A20-4591-812D-677DD44E6640}.DebugWithFake|Any CPU.ActiveCfg = DebugWithFake|Any CPU
		{A3B306E2-2A20-4591-812D-677DD44E6640}.DebugWithFake|Any CPU.Build.0 = DebugWithFake|Any CPU
		{A3B306E2-2A20-4591-812D-677DD44E6640}.DebugWithReal|Any CPU.ActiveCfg = DebugWithFake|Any CPU
		{A3B306E2-2A20-4591-812D-677DD44E6640}.DebugWithReal|Any CPU.Build.0 = DebugWithFake|Any CPU
		{A3B306E2-2A20-4591-812D-677DD44E6640}.IntegrationWithFake|Any CPU.ActiveCfg = TestsWithFake|Any CPU
		{A3B306E2-2A20-4591-812D-677DD44E6640}.Release|Any CPU.ActiveCfg = Release|Any CPU
		{A3B306E2-2A20-4591-812D-677DD44E6640}.Release|Any CPU.Build.0 = Release|Any CPU
		{A3B306E2-2A20-4591-812D-677DD44E6640}.TestsWithFake|Any CPU.ActiveCfg = TestsWithFake|Any CPU
		{A3B306E2-2A20-4591-812D-677DD44E6640}.TestsWithFake|Any CPU.Build.0 = TestsWithFake|Any CPU
		{A3B306E2-2A20-4591-812D-677DD44E6640}.TestsWithReal|Any CPU.ActiveCfg = TestsWithFake|Any CPU
		{A3B306E2-2A20-4591-812D-677DD44E6640}.TestsWithReal|Any CPU.Build.0 = TestsWithFake|Any CPU
		{3FC45A34-C028-4F72-B8A7-7B8BF15C5BB8}.DebugWithFake|Any CPU.ActiveCfg = DebugWithFake|Any CPU
		{3FC45A34-C028-4F72-B8A7-7B8BF15C5BB8}.DebugWithFake|Any CPU.Build.0 = DebugWithFake|Any CPU
		{3FC45A34-C028-4F72-B8A7-7B8BF15C5BB8}.DebugWithReal|Any CPU.ActiveCfg = DebugWithReal|Any CPU
		{3FC45A34-C028-4F72-B8A7-7B8BF15C5BB8}.DebugWithReal|Any CPU.Build.0 = DebugWithReal|Any CPU
		{3FC45A34-C028-4F72-B8A7-7B8BF15C5BB8}.IntegrationWithFake|Any CPU.ActiveCfg = TestsWithFake|Any CPU
		{3FC45A34-C028-4F72-B8A7-7B8BF15C5BB8}.Release|Any CPU.ActiveCfg = Release|Any CPU
		{3FC45A34-C028-4F72-B8A7-7B8BF15C5BB8}.Release|Any CPU.Build.0 = Release|Any CPU
		{3FC45A34-C028-4F72-B8A7-7B8BF15C5BB8}.TestsWithFake|Any CPU.ActiveCfg = TestsWithFake|Any CPU
		{3FC45A34-C028-4F72-B8A7-7B8BF15C5BB8}.TestsWithFake|Any CPU.Build.0 = TestsWithFake|Any CPU
		{3FC45A34-C028-4F72-B8A7-7B8BF15C5BB8}.TestsWithReal|Any CPU.ActiveCfg = TestsWithReal|Any CPU
		{3FC45A34-C028-4F72-B8A7-7B8BF15C5BB8}.TestsWithReal|Any CPU.Build.0 = TestsWithReal|Any CPU
		{56272851-A255-4525-B8E6-27BC24154551}.DebugWithFake|Any CPU.ActiveCfg = DebugWithFake|Any CPU
		{56272851-A255-4525-B8E6-27BC24154551}.DebugWithFake|Any CPU.Build.0 = DebugWithFake|Any CPU
		{56272851-A255-4525-B8E6-27BC24154551}.DebugWithReal|Any CPU.ActiveCfg = DebugWithReal|Any CPU
		{56272851-A255-4525-B8E6-27BC24154551}.DebugWithReal|Any CPU.Build.0 = DebugWithReal|Any CPU
		{56272851-A255-4525-B8E6-27BC24154551}.IntegrationWithFake|Any CPU.ActiveCfg = TestsWithReal|Any CPU
		{56272851-A255-4525-B8E6-27BC24154551}.Release|Any CPU.ActiveCfg = Release|Any CPU
		{56272851-A255-4525-B8E6-27BC24154551}.Release|Any CPU.Build.0 = Release|Any CPU
		{56272851-A255-4525-B8E6-27BC24154551}.TestsWithFake|Any CPU.ActiveCfg = DebugWithFake|Any CPU
		{56272851-A255-4525-B8E6-27BC24154551}.TestsWithFake|Any CPU.Build.0 = DebugWithFake|Any CPU
		{56272851-A255-4525-B8E6-27BC24154551}.TestsWithReal|Any CPU.ActiveCfg = TestsWithReal|Any CPU
		{56272851-A255-4525-B8E6-27BC24154551}.TestsWithReal|Any CPU.Build.0 = TestsWithReal|Any CPU
		{9B6E4171-3936-4C3E-8A29-F5A56761DF78}.DebugWithFake|Any CPU.ActiveCfg = DebugWithFake|Any CPU
		{9B6E4171-3936-4C3E-8A29-F5A56761DF78}.DebugWithFake|Any CPU.Build.0 = DebugWithFake|Any CPU
		{9B6E4171-3936-4C3E-8A29-F5A56761DF78}.DebugWithReal|Any CPU.ActiveCfg = DebugWithFake|Any CPU
		{9B6E4171-3936-4C3E-8A29-F5A56761DF78}.DebugWithReal|Any CPU.Build.0 = DebugWithFake|Any CPU
		{9B6E4171-3936-4C3E-8A29-F5A56761DF78}.IntegrationWithFake|Any CPU.ActiveCfg = IntegrationWithFake|Any CPU
		{9B6E4171-3936-4C3E-8A29-F5A56761DF78}.Release|Any CPU.ActiveCfg = Release|Any CPU
		{9B6E4171-3936-4C3E-8A29-F5A56761DF78}.Release|Any CPU.Build.0 = Release|Any CPU
		{9B6E4171-3936-4C3E-8A29-F5A56761DF78}.TestsWithFake|Any CPU.ActiveCfg = IntegrationWithFake|Any CPU
		{9B6E4171-3936-4C3E-8A29-F5A56761DF78}.TestsWithFake|Any CPU.Build.0 = IntegrationWithFake|Any CPU
		{9B6E4171-3936-4C3E-8A29-F5A56761DF78}.TestsWithReal|Any CPU.ActiveCfg = IntegrationWithFake|Any CPU
		{9B6E4171-3936-4C3E-8A29-F5A56761DF78}.TestsWithReal|Any CPU.Build.0 = IntegrationWithFake|Any CPU
		{E08E7AE2-C849-47AD-99F2-B8A05307B06A}.DebugWithFake|Any CPU.ActiveCfg = DebugWithFake|Any CPU
		{E08E7AE2-C849-47AD-99F2-B8A05307B06A}.DebugWithFake|Any CPU.Build.0 = DebugWithFake|Any CPU
		{E08E7AE2-C849-47AD-99F2-B8A05307B06A}.DebugWithReal|Any CPU.ActiveCfg = DebugWithReal|Any CPU
		{E08E7AE2-C849-47AD-99F2-B8A05307B06A}.DebugWithReal|Any CPU.Build.0 = DebugWithReal|Any CPU
		{E08E7AE2-C849-47AD-99F2-B8A05307B06A}.IntegrationWithFake|Any CPU.ActiveCfg = IntegrationWithFake|Any CPU
		{E08E7AE2-C849-47AD-99F2-B8A05307B06A}.IntegrationWithFake|Any CPU.Build.0 = IntegrationWithFake|Any CPU
		{E08E7AE2-C849-47AD-99F2-B8A05307B06A}.Release|Any CPU.ActiveCfg = Release|Any CPU
		{E08E7AE2-C849-47AD-99F2-B8A05307B06A}.Release|Any CPU.Build.0 = Release|Any CPU
		{E08E7AE2-C849-47AD-99F2-B8A05307B06A}.TestsWithFake|Any CPU.ActiveCfg = DebugWithFake|Any CPU
		{E08E7AE2-C849-47AD-99F2-B8A05307B06A}.TestsWithFake|Any CPU.Build.0 = DebugWithFake|Any CPU
		{E08E7AE2-C849-47AD-99F2-B8A05307B06A}.TestsWithReal|Any CPU.ActiveCfg = TestsWithReal|Any CPU
		{E08E7AE2-C849-47AD-99F2-B8A05307B06A}.TestsWithReal|Any CPU.Build.0 = TestsWithReal|Any CPU
		{DE6BB2E9-4303-426B-AE23-D58DD6C78339}.DebugWithFake|Any CPU.ActiveCfg = DebugWithFake|Any CPU
		{DE6BB2E9-4303-426B-AE23-D58DD6C78339}.DebugWithFake|Any CPU.Build.0 = DebugWithFake|Any CPU
		{DE6BB2E9-4303-426B-AE23-D58DD6C78339}.DebugWithReal|Any CPU.ActiveCfg = DebugWithReal|Any CPU
		{DE6BB2E9-4303-426B-AE23-D58DD6C78339}.DebugWithReal|Any CPU.Build.0 = DebugWithReal|Any CPU
		{DE6BB2E9-4303-426B-AE23-D58DD6C78339}.IntegrationWithFake|Any CPU.ActiveCfg = DebugWithFake|Any CPU
		{DE6BB2E9-4303-426B-AE23-D58DD6C78339}.Release|Any CPU.ActiveCfg = Release|Any CPU
		{DE6BB2E9-4303-426B-AE23-D58DD6C78339}.Release|Any CPU.Build.0 = Release|Any CPU
		{DE6BB2E9-4303-426B-AE23-D58DD6C78339}.TestsWithFake|Any CPU.ActiveCfg = DebugWithFake|Any CPU
		{DE6BB2E9-4303-426B-AE23-D58DD6C78339}.TestsWithFake|Any CPU.Build.0 = DebugWithFake|Any CPU
		{DE6BB2E9-4303-426B-AE23-D58DD6C78339}.TestsWithReal|Any CPU.ActiveCfg = TestsWithReal|Any CPU
		{DE6BB2E9-4303-426B-AE23-D58DD6C78339}.TestsWithReal|Any CPU.Build.0 = TestsWithReal|Any CPU
		{67A94ECC-8163-4EE6-94ED-2C07D317BF94}.DebugWithFake|Any CPU.ActiveCfg = DebugWithFake|Any CPU
		{67A94ECC-8163-4EE6-94ED-2C07D317BF94}.DebugWithFake|Any CPU.Build.0 = DebugWithFake|Any CPU
		{67A94ECC-8163-4EE6-94ED-2C07D317BF94}.DebugWithReal|Any CPU.ActiveCfg = DebugWithFake|Any CPU
		{67A94ECC-8163-4EE6-94ED-2C07D317BF94}.DebugWithReal|Any CPU.Build.0 = DebugWithFake|Any CPU
		{67A94ECC-8163-4EE6-94ED-2C07D317BF94}.IntegrationWithFake|Any CPU.ActiveCfg = IntegrationWithFake|Any CPU
		{67A94ECC-8163-4EE6-94ED-2C07D317BF94}.IntegrationWithFake|Any CPU.Build.0 = IntegrationWithFake|Any CPU
		{67A94ECC-8163-4EE6-94ED-2C07D317BF94}.Release|Any CPU.ActiveCfg = Release|Any CPU
		{67A94ECC-8163-4EE6-94ED-2C07D317BF94}.Release|Any CPU.Build.0 = Release|Any CPU
		{67A94ECC-8163-4EE6-94ED-2C07D317BF94}.TestsWithFake|Any CPU.ActiveCfg = IntegrationWithFake|Any CPU
		{67A94ECC-8163-4EE6-94ED-2C07D317BF94}.TestsWithFake|Any CPU.Build.0 = IntegrationWithFake|Any CPU
		{67A94ECC-8163-4EE6-94ED-2C07D317BF94}.TestsWithReal|Any CPU.ActiveCfg = IntegrationWithFake|Any CPU
		{67A94ECC-8163-4EE6-94ED-2C07D317BF94}.TestsWithReal|Any CPU.Build.0 = IntegrationWithFake|Any CPU
		{27BBAC7D-16A9-44AD-B35E-42F73D0CE4F5}.DebugWithFake|Any CPU.ActiveCfg = DebugWithFake|Any CPU
		{27BBAC7D-16A9-44AD-B35E-42F73D0CE4F5}.DebugWithFake|Any CPU.Build.0 = DebugWithFake|Any CPU
		{27BBAC7D-16A9-44AD-B35E-42F73D0CE4F5}.DebugWithReal|Any CPU.ActiveCfg = DebugWithReal|Any CPU
		{27BBAC7D-16A9-44AD-B35E-42F73D0CE4F5}.DebugWithReal|Any CPU.Build.0 = DebugWithReal|Any CPU
		{27BBAC7D-16A9-44AD-B35E-42F73D0CE4F5}.IntegrationWithFake|Any CPU.ActiveCfg = IntegrationWithFake|Any CPU
		{27BBAC7D-16A9-44AD-B35E-42F73D0CE4F5}.IntegrationWithFake|Any CPU.Build.0 = IntegrationWithFake|Any CPU
		{27BBAC7D-16A9-44AD-B35E-42F73D0CE4F5}.Release|Any CPU.ActiveCfg = Release|Any CPU
		{27BBAC7D-16A9-44AD-B35E-42F73D0CE4F5}.Release|Any CPU.Build.0 = Release|Any CPU
		{27BBAC7D-16A9-44AD-B35E-42F73D0CE4F5}.TestsWithFake|Any CPU.ActiveCfg = TestsWithReal|Any CPU
		{27BBAC7D-16A9-44AD-B35E-42F73D0CE4F5}.TestsWithFake|Any CPU.Build.0 = TestsWithReal|Any CPU
		{27BBAC7D-16A9-44AD-B35E-42F73D0CE4F5}.TestsWithReal|Any CPU.ActiveCfg = TestsWithReal|Any CPU
		{27BBAC7D-16A9-44AD-B35E-42F73D0CE4F5}.TestsWithReal|Any CPU.Build.0 = TestsWithReal|Any CPU
		{DE972164-E8D0-4601-B3BE-B36AD22D7581}.DebugWithFake|Any CPU.ActiveCfg = DebugWithFake|Any CPU
		{DE972164-E8D0-4601-B3BE-B36AD22D7581}.DebugWithFake|Any CPU.Build.0 = DebugWithFake|Any CPU
		{DE972164-E8D0-4601-B3BE-B36AD22D7581}.DebugWithReal|Any CPU.ActiveCfg = DebugWithReal|Any CPU
		{DE972164-E8D0-4601-B3BE-B36AD22D7581}.DebugWithReal|Any CPU.Build.0 = DebugWithReal|Any CPU
		{DE972164-E8D0-4601-B3BE-B36AD22D7581}.IntegrationWithFake|Any CPU.ActiveCfg = IntegrationWithFake|Any CPU
		{DE972164-E8D0-4601-B3BE-B36AD22D7581}.IntegrationWithFake|Any CPU.Build.0 = IntegrationWithFake|Any CPU
		{DE972164-E8D0-4601-B3BE-B36AD22D7581}.Release|Any CPU.ActiveCfg = Release|Any CPU
		{DE972164-E8D0-4601-B3BE-B36AD22D7581}.Release|Any CPU.Build.0 = Release|Any CPU
		{DE972164-E8D0-4601-B3BE-B36AD22D7581}.TestsWithFake|Any CPU.ActiveCfg = DebugWithFake|Any CPU
		{DE972164-E8D0-4601-B3BE-B36AD22D7581}.TestsWithFake|Any CPU.Build.0 = DebugWithFake|Any CPU
		{DE972164-E8D0-4601-B3BE-B36AD22D7581}.TestsWithReal|Any CPU.ActiveCfg = TestsWithReal|Any CPU
		{DE972164-E8D0-4601-B3BE-B36AD22D7581}.TestsWithReal|Any CPU.Build.0 = TestsWithReal|Any CPU
		{486997E8-2FA4-4203-96BD-8699BE71403B}.DebugWithFake|Any CPU.ActiveCfg = DebugWithFake|Any CPU
		{486997E8-2FA4-4203-96BD-8699BE71403B}.DebugWithFake|Any CPU.Build.0 = DebugWithFake|Any CPU
		{486997E8-2FA4-4203-96BD-8699BE71403B}.DebugWithReal|Any CPU.ActiveCfg = DebugWithFake|Any CPU
		{486997E8-2FA4-4203-96BD-8699BE71403B}.DebugWithReal|Any CPU.Build.0 = DebugWithFake|Any CPU
		{486997E8-2FA4-4203-96BD-8699BE71403B}.IntegrationWithFake|Any CPU.ActiveCfg = IntegrationWithFake|Any CPU
		{486997E8-2FA4-4203-96BD-8699BE71403B}.IntegrationWithFake|Any CPU.Build.0 = IntegrationWithFake|Any CPU
		{486997E8-2FA4-4203-96BD-8699BE71403B}.Release|Any CPU.ActiveCfg = Release|Any CPU
		{486997E8-2FA4-4203-96BD-8699BE71403B}.Release|Any CPU.Build.0 = Release|Any CPU
		{486997E8-2FA4-4203-96BD-8699BE71403B}.TestsWithFake|Any CPU.ActiveCfg = IntegrationWithFake|Any CPU
		{486997E8-2FA4-4203-96BD-8699BE71403B}.TestsWithFake|Any CPU.Build.0 = IntegrationWithFake|Any CPU
		{486997E8-2FA4-4203-96BD-8699BE71403B}.TestsWithReal|Any CPU.ActiveCfg = IntegrationWithFake|Any CPU
		{486997E8-2FA4-4203-96BD-8699BE71403B}.TestsWithReal|Any CPU.Build.0 = IntegrationWithFake|Any CPU
		{1344B63D-D9A3-452F-9E42-BFA2CE948681}.DebugWithFake|Any CPU.ActiveCfg = DebugWithFake|Any CPU
		{1344B63D-D9A3-452F-9E42-BFA2CE948681}.DebugWithFake|Any CPU.Build.0 = DebugWithFake|Any CPU
		{1344B63D-D9A3-452F-9E42-BFA2CE948681}.DebugWithReal|Any CPU.ActiveCfg = DebugWithReal|Any CPU
		{1344B63D-D9A3-452F-9E42-BFA2CE948681}.DebugWithReal|Any CPU.Build.0 = DebugWithReal|Any CPU
		{1344B63D-D9A3-452F-9E42-BFA2CE948681}.IntegrationWithFake|Any CPU.ActiveCfg = TestsWithReal|Any CPU
		{1344B63D-D9A3-452F-9E42-BFA2CE948681}.IntegrationWithFake|Any CPU.Build.0 = TestsWithReal|Any CPU
		{1344B63D-D9A3-452F-9E42-BFA2CE948681}.Release|Any CPU.ActiveCfg = Release|Any CPU
		{1344B63D-D9A3-452F-9E42-BFA2CE948681}.Release|Any CPU.Build.0 = Release|Any CPU
		{1344B63D-D9A3-452F-9E42-BFA2CE948681}.TestsWithFake|Any CPU.ActiveCfg = TestsWithFake|Any CPU
		{1344B63D-D9A3-452F-9E42-BFA2CE948681}.TestsWithFake|Any CPU.Build.0 = TestsWithFake|Any CPU
		{1344B63D-D9A3-452F-9E42-BFA2CE948681}.TestsWithReal|Any CPU.ActiveCfg = TestsWithReal|Any CPU
		{1344B63D-D9A3-452F-9E42-BFA2CE948681}.TestsWithReal|Any CPU.Build.0 = TestsWithReal|Any CPU
		{99D98150-0E31-4394-817D-047D4637636F}.DebugWithFake|Any CPU.ActiveCfg = DebugWithFake|Any CPU
		{99D98150-0E31-4394-817D-047D4637636F}.DebugWithFake|Any CPU.Build.0 = DebugWithFake|Any CPU
		{99D98150-0E31-4394-817D-047D4637636F}.DebugWithReal|Any CPU.ActiveCfg = DebugWithFake|Any CPU
		{99D98150-0E31-4394-817D-047D4637636F}.DebugWithReal|Any CPU.Build.0 = DebugWithFake|Any CPU
		{99D98150-0E31-4394-817D-047D4637636F}.IntegrationWithFake|Any CPU.ActiveCfg = DebugWithFake|Any CPU
		{99D98150-0E31-4394-817D-047D4637636F}.IntegrationWithFake|Any CPU.Build.0 = DebugWithFake|Any CPU
		{99D98150-0E31-4394-817D-047D4637636F}.Release|Any CPU.ActiveCfg = Release|Any CPU
		{99D98150-0E31-4394-817D-047D4637636F}.Release|Any CPU.Build.0 = Release|Any CPU
		{99D98150-0E31-4394-817D-047D4637636F}.TestsWithFake|Any CPU.ActiveCfg = DebugWithFake|Any CPU
		{99D98150-0E31-4394-817D-047D4637636F}.TestsWithFake|Any CPU.Build.0 = DebugWithFake|Any CPU
		{99D98150-0E31-4394-817D-047D4637636F}.TestsWithReal|Any CPU.ActiveCfg = DebugWithFake|Any CPU
		{99D98150-0E31-4394-817D-047D4637636F}.TestsWithReal|Any CPU.Build.0 = DebugWithFake|Any CPU
		{91C8CBDF-1EE7-497C-964F-14AD1AD1D9D5}.DebugWithFake|Any CPU.ActiveCfg = DebugWithFake|Any CPU
		{91C8CBDF-1EE7-497C-964F-14AD1AD1D9D5}.DebugWithFake|Any CPU.Build.0 = DebugWithFake|Any CPU
		{91C8CBDF-1EE7-497C-964F-14AD1AD1D9D5}.DebugWithReal|Any CPU.ActiveCfg = DebugWithFake|Any CPU
		{91C8CBDF-1EE7-497C-964F-14AD1AD1D9D5}.DebugWithReal|Any CPU.Build.0 = DebugWithFake|Any CPU
		{91C8CBDF-1EE7-497C-964F-14AD1AD1D9D5}.IntegrationWithFake|Any CPU.ActiveCfg = IntegrationWithFake|Any CPU
		{91C8CBDF-1EE7-497C-964F-14AD1AD1D9D5}.IntegrationWithFake|Any CPU.Build.0 = IntegrationWithFake|Any CPU
		{91C8CBDF-1EE7-497C-964F-14AD1AD1D9D5}.Release|Any CPU.ActiveCfg = Release|Any CPU
		{91C8CBDF-1EE7-497C-964F-14AD1AD1D9D5}.Release|Any CPU.Build.0 = Release|Any CPU
		{91C8CBDF-1EE7-497C-964F-14AD1AD1D9D5}.TestsWithFake|Any CPU.ActiveCfg = DebugWithFake|Any CPU
		{91C8CBDF-1EE7-497C-964F-14AD1AD1D9D5}.TestsWithFake|Any CPU.Build.0 = DebugWithFake|Any CPU
		{91C8CBDF-1EE7-497C-964F-14AD1AD1D9D5}.TestsWithReal|Any CPU.ActiveCfg = DebugWithFake|Any CPU
		{91C8CBDF-1EE7-497C-964F-14AD1AD1D9D5}.TestsWithReal|Any CPU.Build.0 = DebugWithFake|Any CPU
	EndGlobalSection
	GlobalSection(SolutionProperties) = preSolution
		HideSolutionNode = FALSE
	EndGlobalSection
	GlobalSection(NestedProjects) = preSolution
		{719AD31A-1447-494B-93D5-897FCA9E0CCF} = {10B9B54F-4AED-4C27-AF18-54193FB50410}
		{1EAEA804-9B78-4EF6-8D4F-3B6D3FA398D8} = {10B9B54F-4AED-4C27-AF18-54193FB50410}
		{10B9B54F-4AED-4C27-AF18-54193FB50410} = {DB76F33D-308E-48EF-8660-FF4AA7760616}
		{835945EF-48E0-4F18-8BDC-F6B63DF01961} = {6BA94BB3-D326-4A10-B4DF-04AE91A0C15E}
		{20C55ED7-08B4-47D0-B7C0-7AD4E6854ACC} = {10B9B54F-4AED-4C27-AF18-54193FB50410}
		{185AF0A9-9D92-4E5D-A331-CAC92C535A94} = {301A73F2-FDF6-493B-85E6-A867024AE159}
		{3C9A8028-CB9D-41EF-A826-C7532C206504} = {20C55ED7-08B4-47D0-B7C0-7AD4E6854ACC}
		{901D5FC5-7C6D-4200-B66B-440486E0BE5F} = {20C55ED7-08B4-47D0-B7C0-7AD4E6854ACC}
		{48C09290-0E5A-49BE-87BC-D0C67A8D05EE} = {20C55ED7-08B4-47D0-B7C0-7AD4E6854ACC}
		{8A567338-89FB-49AA-80FE-B47AE861D6A7} = {3C9A8028-CB9D-41EF-A826-C7532C206504}
		{D2432BC9-C269-47CA-85AC-7B1F79BDD2B7} = {3C9A8028-CB9D-41EF-A826-C7532C206504}
		{536D34E4-A409-4567-B7C6-58F50206740E} = {1EAEA804-9B78-4EF6-8D4F-3B6D3FA398D8}
		{49724A56-9FA9-44C4-B731-1E414EE598BC} = {1EAEA804-9B78-4EF6-8D4F-3B6D3FA398D8}
		{33766857-5FCE-4C2C-B167-E76A9F521FF0} = {1EAEA804-9B78-4EF6-8D4F-3B6D3FA398D8}
		{064BD680-2955-4CEC-A56B-B48891EC6AA1} = {901D5FC5-7C6D-4200-B66B-440486E0BE5F}
		{AF68283B-5283-4DEF-8DA0-6FB6CA85C1BD} = {901D5FC5-7C6D-4200-B66B-440486E0BE5F}
		{E27A6439-921C-455F-A062-1EBCB50F439F} = {901D5FC5-7C6D-4200-B66B-440486E0BE5F}
		{5B2A4689-2F21-48EC-9058-F89511CEACA3} = {48C09290-0E5A-49BE-87BC-D0C67A8D05EE}
		{1DB4C693-200D-46DC-AF84-3C0AD40392B5} = {901D5FC5-7C6D-4200-B66B-440486E0BE5F}
		{A4245326-BB01-4B7A-B4DE-6EBCA9C8094E} = {719AD31A-1447-494B-93D5-897FCA9E0CCF}
		{5270F84D-8FF4-4756-83B0-78DD9777643D} = {719AD31A-1447-494B-93D5-897FCA9E0CCF}
		{CBE2F355-1F23-4A58-A6AE-BA7BE542F76C} = {835945EF-48E0-4F18-8BDC-F6B63DF01961}
		{DA41EB1E-ECAF-400B-A1A4-82EBACDD7600} = {835945EF-48E0-4F18-8BDC-F6B63DF01961}
		{1B15D99B-27E6-4BD4-802D-2E3F025789B1} = {6BA94BB3-D326-4A10-B4DF-04AE91A0C15E}
		{207D3FBC-1EEC-43EA-BAED-E3C14F793119} = {60BDF84E-B822-40A1-982E-56E3E7433382}
		{CBF93BCE-066F-4A39-A4D2-408524F49490} = {60BDF84E-B822-40A1-982E-56E3E7433382}
		{301A73F2-FDF6-493B-85E6-A867024AE159} = {6BA94BB3-D326-4A10-B4DF-04AE91A0C15E}
		{A3B306E2-2A20-4591-812D-677DD44E6640} = {185AF0A9-9D92-4E5D-A331-CAC92C535A94}
		{3FC45A34-C028-4F72-B8A7-7B8BF15C5BB8} = {185AF0A9-9D92-4E5D-A331-CAC92C535A94}
		{56272851-A255-4525-B8E6-27BC24154551} = {185AF0A9-9D92-4E5D-A331-CAC92C535A94}
		{9B6E4171-3936-4C3E-8A29-F5A56761DF78} = {185AF0A9-9D92-4E5D-A331-CAC92C535A94}
		{14B1BFE4-8A4F-4BF5-ABA8-EEE2E120BAAD} = {6BA94BB3-D326-4A10-B4DF-04AE91A0C15E}
		{E08E7AE2-C849-47AD-99F2-B8A05307B06A} = {14B1BFE4-8A4F-4BF5-ABA8-EEE2E120BAAD}
		{DE6BB2E9-4303-426B-AE23-D58DD6C78339} = {301A73F2-FDF6-493B-85E6-A867024AE159}
		{67A94ECC-8163-4EE6-94ED-2C07D317BF94} = {1B15D99B-27E6-4BD4-802D-2E3F025789B1}
		{48DEADF7-1BC1-4BCD-A1F2-2AE5BEFA0797} = {6BA94BB3-D326-4A10-B4DF-04AE91A0C15E}
		{27BBAC7D-16A9-44AD-B35E-42F73D0CE4F5} = {48DEADF7-1BC1-4BCD-A1F2-2AE5BEFA0797}
		{60BDF84E-B822-40A1-982E-56E3E7433382} = {1B15D99B-27E6-4BD4-802D-2E3F025789B1}
		{66E31A07-598B-4745-BE60-6B550F11F970} = {6BA94BB3-D326-4A10-B4DF-04AE91A0C15E}
		{DE972164-E8D0-4601-B3BE-B36AD22D7581} = {66E31A07-598B-4745-BE60-6B550F11F970}
		{486997E8-2FA4-4203-96BD-8699BE71403B} = {1B15D99B-27E6-4BD4-802D-2E3F025789B1}
		{1344B63D-D9A3-452F-9E42-BFA2CE948681} = {DB76F33D-308E-48EF-8660-FF4AA7760616}
		{99D98150-0E31-4394-817D-047D4637636F} = {DB76F33D-308E-48EF-8660-FF4AA7760616}
		{91C8CBDF-1EE7-497C-964F-14AD1AD1D9D5} = {60BDF84E-B822-40A1-982E-56E3E7433382}
	EndGlobalSection
EndGlobal
