
Microsoft Visual Studio Solution File, Format Version 12.00
# Visual Studio 15
VisualStudioVersion = 15.0.27130.2027
MinimumVisualStudioVersion = 10.0.40219.1
Project("{2150E333-8FDC-42A3-9474-1A3956D46DE8}") = "Presentation", "Presentation", "{719AD31A-1447-494B-93D5-897FCA9E0CCF}"
EndProject
Project("{2150E333-8FDC-42A3-9474-1A3956D46DE8}") = "Model", "Model", "{1EAEA804-9B78-4EF6-8D4F-3B6D3FA398D8}"
EndProject
Project("{2150E333-8FDC-42A3-9474-1A3956D46DE8}") = "App", "App", "{DB76F33D-308E-48EF-8660-FF4AA7760616}"
EndProject
Project("{2150E333-8FDC-42A3-9474-1A3956D46DE8}") = "Client", "Client", "{10B9B54F-4AED-4C27-AF18-54193FB50410}"
EndProject
Project("{2150E333-8FDC-42A3-9474-1A3956D46DE8}") = "Tests", "Tests", "{6BA94BB3-D326-4A10-B4DF-04AE91A0C15E}"
EndProject
Project("{2150E333-8FDC-42A3-9474-1A3956D46DE8}") = "Acceptance", "Acceptance", "{835945EF-48E0-4F18-8BDC-F6B63DF01961}"
EndProject
Project("{2150E333-8FDC-42A3-9474-1A3956D46DE8}") = "Data", "Data", "{20C55ED7-08B4-47D0-B7C0-7AD4E6854ACC}"
EndProject
Project("{2150E333-8FDC-42A3-9474-1A3956D46DE8}") = "Infra", "Infra", "{185AF0A9-9D92-4E5D-A331-CAC92C535A94}"
EndProject
Project("{2150E333-8FDC-42A3-9474-1A3956D46DE8}") = "Contracts", "Contracts", "{3C9A8028-CB9D-41EF-A826-C7532C206504}"
EndProject
Project("{2150E333-8FDC-42A3-9474-1A3956D46DE8}") = "Fake", "Fake", "{901D5FC5-7C6D-4200-B66B-440486E0BE5F}"
EndProject
Project("{2150E333-8FDC-42A3-9474-1A3956D46DE8}") = "Real", "Real", "{48C09290-0E5A-49BE-87BC-D0C67A8D05EE}"
EndProject
Project("{2150E333-8FDC-42A3-9474-1A3956D46DE8}") = "Integration", "Integration", "{1B15D99B-27E6-4BD4-802D-2E3F025789B1}"
EndProject
Project("{2150E333-8FDC-42A3-9474-1A3956D46DE8}") = "EndToEnd", "EndToEnd", "{301A73F2-FDF6-493B-85E6-A867024AE159}"
EndProject
Project("{2150E333-8FDC-42A3-9474-1A3956D46DE8}") = "Data", "Data", "{48DEADF7-1BC1-4BCD-A1F2-2AE5BEFA0797}"
EndProject
Project("{2150E333-8FDC-42A3-9474-1A3956D46DE8}") = "Infra", "Infra", "{60BDF84E-B822-40A1-982E-56E3E7433382}"
EndProject
Project("{2150E333-8FDC-42A3-9474-1A3956D46DE8}") = "Steps", "Steps", "{66E31A07-598B-4745-BE60-6B550F11F970}"
EndProject
Project("{2150E333-8FDC-42A3-9474-1A3956D46DE8}") = "Server", "Server", "{DBD9B580-1FC7-48EF-99D8-F50D22DE2736}"
EndProject
Project("{FAE04EC0-301F-11D3-BF4B-00C04F79EFBC}") = "Samples.Specifications.Client.Data.Fake.Providers", "Samples.Specifications.Client.Data.Fake.Providers\Samples.Specifications.Client.Data.Fake.Providers.csproj", "{E27A6439-921C-455F-A062-1EBCB50F439F}"
EndProject
Project("{FAE04EC0-301F-11D3-BF4B-00C04F79EFBC}") = "Samples.Specifications.Client.Data.Real.Providers", "Samples.Specifications.Client.Data.Real.Providers\Samples.Specifications.Client.Data.Real.Providers.csproj", "{5B2A4689-2F21-48EC-9058-F89511CEACA3}"
EndProject
Project("{FAE04EC0-301F-11D3-BF4B-00C04F79EFBC}") = "Samples.Specifications.Client.Data.Fake.ProviderBuilders.Setup", "Samples.Specifications.Client.Data.Fake.ProviderBuilders.Setup\Samples.Specifications.Client.Data.Fake.ProviderBuilders.Setup.csproj", "{1DB4C693-200D-46DC-AF84-3C0AD40392B5}"
EndProject
Project("{FAE04EC0-301F-11D3-BF4B-00C04F79EFBC}") = "Samples.Specifications.Client.Presentation.Shared", "Samples.Specifications.Client.Presentation.Shared\Samples.Specifications.Client.Presentation.Shared.csproj", "{A4245326-BB01-4B7A-B4DE-6EBCA9C8094E}"
EndProject
Project("{FAE04EC0-301F-11D3-BF4B-00C04F79EFBC}") = "Samples.Specifications.Client.Presentation.Shell", "Samples.Specifications.Client.Presentation.Shell\Samples.Specifications.Client.Presentation.Shell.csproj", "{5270F84D-8FF4-4756-83B0-78DD9777643D}"
EndProject
Project("{FAE04EC0-301F-11D3-BF4B-00C04F79EFBC}") = "Samples.Specifications.Tests.Acceptance.Steps.Adapters", "Samples.Specifications.Tests.Acceptance.Steps.Adapters\Samples.Specifications.Tests.Acceptance.Steps.Adapters.csproj", "{CBE2F355-1F23-4A58-A6AE-BA7BE542F76C}"
EndProject
Project("{FAE04EC0-301F-11D3-BF4B-00C04F79EFBC}") = "Samples.Specifications.Tests.Acceptance.Specs", "Samples.Specifications.Tests.Acceptance.Specs\Samples.Specifications.Tests.Acceptance.Specs.csproj", "{DA41EB1E-ECAF-400B-A1A4-82EBACDD7600}"
EndProject
Project("{FAE04EC0-301F-11D3-BF4B-00C04F79EFBC}") = "Samples.Specifications.Client.Tests.Integration.Infra.Core", "Samples.Specifications.Client.Tests.Integration.Infra.Core\Samples.Specifications.Client.Tests.Integration.Infra.Core.csproj", "{207D3FBC-1EEC-43EA-BAED-E3C14F793119}"
EndProject
Project("{FAE04EC0-301F-11D3-BF4B-00C04F79EFBC}") = "Samples.Specifications.Tests.EndToEnd.Infra.Fake", "Samples.Specifications.Tests.EndToEnd.Infra.Fake\Samples.Specifications.Tests.EndToEnd.Infra.Fake.csproj", "{A3B306E2-2A20-4591-812D-677DD44E6640}"
EndProject
Project("{FAE04EC0-301F-11D3-BF4B-00C04F79EFBC}") = "Samples.Specifications.Tests.EndToEnd.Infra.Real", "Samples.Specifications.Tests.EndToEnd.Infra.Real\Samples.Specifications.Tests.EndToEnd.Infra.Real.csproj", "{9B6E4171-3936-4C3E-8A29-F5A56761DF78}"
EndProject
Project("{FAE04EC0-301F-11D3-BF4B-00C04F79EFBC}") = "Samples.Specifications.Client.Launcher.Shared", "Samples.Specifications.Client.Launcher.Shared\Samples.Specifications.Client.Launcher.Shared.csproj", "{99D98150-0E31-4394-817D-047D4637636F}"
EndProject
Project("{9A19103F-16F7-4668-BE54-9A1E7A4F7556}") = "Samples.Specifications.Server.Storage.MongoDb", "Samples.Specifications.Server.Storage.MongoDb\Samples.Specifications.Server.Storage.MongoDb.csproj", "{CB89C7B0-7C4B-4633-AF29-709DEADBB53B}"
EndProject
Project("{9A19103F-16F7-4668-BE54-9A1E7A4F7556}") = "Samples.Specifications.Server.Domain", "Samples.Specifications.Server.Domain\Samples.Specifications.Server.Domain.csproj", "{34A63C12-097F-44AB-BE74-7D3811B70D30}"
EndProject
Project("{9A19103F-16F7-4668-BE54-9A1E7A4F7556}") = "Samples.Specifications.Tests.Data", "Samples.Specifications.Tests.Data\Samples.Specifications.Tests.Data.csproj", "{1677D87B-7E7B-436E-8E71-E98A242B89B4}"
EndProject
Project("{9A19103F-16F7-4668-BE54-9A1E7A4F7556}") = "Samples.Client.Data.Contracts.Dto", "Samples.Client.Data.Contracts.Dto\Samples.Client.Data.Contracts.Dto.csproj", "{4E61C08A-446E-4656-B983-687916B9B7FC}"
EndProject
Project("{9A19103F-16F7-4668-BE54-9A1E7A4F7556}") = "Samples.Client.Data.Contracts.Providers", "Samples.Client.Data.Contracts.Providers\Samples.Client.Data.Contracts.Providers.csproj", "{D613C92E-EC59-48CF-8C40-D42BF5DDC0CD}"
EndProject
Project("{9A19103F-16F7-4668-BE54-9A1E7A4F7556}") = "Samples.Specifications.Client.Data.Fake.Containers", "Samples.Specifications.Client.Data.Fake.Containers\Samples.Specifications.Client.Data.Fake.Containers.csproj", "{032BE595-43B4-45BD-B162-4B58B83BC6D6}"
EndProject
Project("{9A19103F-16F7-4668-BE54-9A1E7A4F7556}") = "Samples.Specifications.Client.Data.Fake.ProviderBuilders", "Samples.Specifications.Client.Data.Fake.ProviderBuilders\Samples.Specifications.Client.Data.Fake.ProviderBuilders.csproj", "{EAA56688-87C5-4B87-BCD8-5F8FC0C30A2F}"
EndProject
Project("{9A19103F-16F7-4668-BE54-9A1E7A4F7556}") = "Samples.Specifications.Client.Data.Fake.Shared", "Samples.Specifications.Client.Data.Fake.Shared\Samples.Specifications.Client.Data.Fake.Shared.csproj", "{82F76A12-E6AE-4339-8B0D-A8066B83420A}"
EndProject
Project("{9A19103F-16F7-4668-BE54-9A1E7A4F7556}") = "Samples.Specifications.Tests.Steps", "Samples.Specifications.Tests.Steps\Samples.Specifications.Tests.Steps.csproj", "{F699E04D-89F3-4D19-B7C7-D5339B7C12FF}"
EndProject
Project("{9A19103F-16F7-4668-BE54-9A1E7A4F7556}") = "Samples.Client.Model.Contracts", "Samples.Client.Model.Contracts\Samples.Client.Model.Contracts.csproj", "{848AEEAE-E52F-4AA4-888C-C9A6D9005F01}"
EndProject
Project("{9A19103F-16F7-4668-BE54-9A1E7A4F7556}") = "Samples.Client.Model.Shared", "Samples.Client.Model.Shared\Samples.Client.Model.Shared.csproj", "{C68F2BE4-0D91-4854-B937-F903EDFA266A}"
EndProject
Project("{9A19103F-16F7-4668-BE54-9A1E7A4F7556}") = "Samples.Client.Model", "Samples.Client.Model\Samples.Client.Model.csproj", "{8A7123BC-BE89-44DA-93ED-1E69706EDC32}"
EndProject
Project("{FAE04EC0-301F-11D3-BF4B-00C04F79EFBC}") = "Samples.Specifications.Client.Launcher", "Samples.Specifications.Client.Launcher\Samples.Specifications.Client.Launcher.csproj", "{82EB168D-2B8B-47EA-B7AB-0848B4B1CE76}"
EndProject
Project("{FAE04EC0-301F-11D3-BF4B-00C04F79EFBC}") = "Samples.Specifications.Client.Data.Fake.Providers.ContextBased", "Samples.Specifications.Client.Data.Fake.Providers.ContextBased\Samples.Specifications.Client.Data.Fake.Providers.ContextBased.csproj", "{6E684A23-A045-4945-928F-C4B93D50FB8D}"
EndProject
Project("{FAE04EC0-301F-11D3-BF4B-00C04F79EFBC}") = "Samples.Specifications.Client.Tests.Integration.Infra.Fake", "Samples.Specifications.Client.Tests.Integration.Infra.Fake\Samples.Specifications.Client.Tests.Integration.Infra.Fake.csproj", "{DDDE5F07-3DAF-4CE9-A1B8-12B40144B892}"
EndProject
Project("{FAE04EC0-301F-11D3-BF4B-00C04F79EFBC}") = "Samples.Specifications.Client.Tests.Integration.Infra.Shared", "Samples.Specifications.Client.Tests.Integration.Infra.Shared\Samples.Specifications.Client.Tests.Integration.Infra.Shared.csproj", "{06CBECEE-B066-42D5-8DF6-47DA317B2180}"
EndProject
Project("{2150E333-8FDC-42A3-9474-1A3956D46DE8}") = "Infra", "Infra", "{2C2CCD82-18B3-4E9B-805C-2CDB57D8DC90}"
EndProject
Project("{9A19103F-16F7-4668-BE54-9A1E7A4F7556}") = "Samples.Specifications.Tests.Infra.Launcher", "Samples.Specifications.Tests.Infra.Launcher\Samples.Specifications.Tests.Infra.Launcher.csproj", "{3FC45A34-C028-4F72-B8A7-7B8BF15C5BB8}"
EndProject
Project("{FAE04EC0-301F-11D3-BF4B-00C04F79EFBC}") = "Samples.Specifications.Client.Tests.Integration.Infra.Real", "Samples.Specifications.Client.Tests.Integration.Infra.Real\Samples.Specifications.Client.Tests.Integration.Infra.Real.csproj", "{07D7CD03-B8C3-4775-9AF4-50D1AD1BEAB1}"
EndProject
Project("{9A19103F-16F7-4668-BE54-9A1E7A4F7556}") = "Samples.Specifications.Tests.Steps.Contracts", "Samples.Specifications.Tests.Steps.Contracts\Samples.Specifications.Tests.Steps.Contracts.csproj", "{C8285510-F319-4047-81DF-9DB97588074C}"
EndProject
Project("{9A19103F-16F7-4668-BE54-9A1E7A4F7556}") = "Samples.Specifications.Tests.Steps.Fake", "Samples.Specifications.Tests.Steps.Fake\Samples.Specifications.Tests.Steps.Fake.csproj", "{C873EA2D-C46E-4DED-9F4E-94A4102B8A8C}"
EndProject
Project("{9A19103F-16F7-4668-BE54-9A1E7A4F7556}") = "Samples.Specifications.Tests.Steps.Real", "Samples.Specifications.Tests.Steps.Real\Samples.Specifications.Tests.Steps.Real.csproj", "{367FE329-6A61-4734-994C-04CDA2428779}"
EndProject
Project("{9A19103F-16F7-4668-BE54-9A1E7A4F7556}") = "Samples.Specifications.Tests.Steps.Real.Helpers.Contracts", "Samples.Specifications.Tests.Steps.Real.Helpers.Contracts\Samples.Specifications.Tests.Steps.Real.Helpers.Contracts.csproj", "{06E87711-16C9-4C80-A9FA-967334F1AC7F}"
EndProject
Project("{2150E333-8FDC-42A3-9474-1A3956D46DE8}") = "Contracts", "Contracts", "{9E6CB0C9-66FD-4180-AAA9-4EECD1B26C73}"
EndProject
Project("{9A19103F-16F7-4668-BE54-9A1E7A4F7556}") = "Samples.Specifications.Tests.Contracts", "Samples.Specifications.Tests.Contracts\Samples.Specifications.Tests.Contracts.csproj", "{5FD6C592-4F6B-4D1A-95E7-46038C91DA23}"
EndProject
Project("{FAE04EC0-301F-11D3-BF4B-00C04F79EFBC}") = "Samples.Specifications.Client.Tests.Integration", "Samples.Specifications.Client.Tests.Integration\Samples.Specifications.Client.Tests.Integration.csproj", "{67A94ECC-8163-4EE6-94ED-2C07D317BF94}"
EndProject
Project("{9A19103F-16F7-4668-BE54-9A1E7A4F7556}") = "Samples.Specifications.Server.Facade", "Samples.Specifications.Server.Facade\Samples.Specifications.Server.Facade.csproj", "{A448C8DE-A233-45E1-9B3F-F9166EC6AA3E}"
EndProject
Project("{9A19103F-16F7-4668-BE54-9A1E7A4F7556}") = "Samples.Specifications.Server.Api", "Samples.Specifications.Server.Api\Samples.Specifications.Server.Api.csproj", "{228516FA-0A8E-42E9-8E2C-DF9DCB9EED60}"
EndProject
Project("{FAE04EC0-301F-11D3-BF4B-00C04F79EFBC}") = "Samples.Specifications.Tests.Steps.Real.Helpers.MongoDb", "Samples.Specifications.Tests.Steps.Real.Helpers.MongoDb\Samples.Specifications.Tests.Steps.Real.Helpers.MongoDb.csproj", "{7AB55A08-4894-40FE-98A4-7587B92FAE6C}"
EndProject
Project("{FAE04EC0-301F-11D3-BF4B-00C04F79EFBC}") = "Samples.Specifications.Tests.EndToEnd.White", "Samples.Specifications.Tests.EndToEnd.White\Samples.Specifications.Tests.EndToEnd.White.csproj", "{DE6BB2E9-4303-426B-AE23-D58DD6C78339}"
EndProject
Project("{FAE04EC0-301F-11D3-BF4B-00C04F79EFBC}") = "Samples.Specifications.Tests.EndToEnd", "Samples.Specifications.Tests.EndToEnd\Samples.Specifications.Tests.EndToEnd.csproj", "{6A61E744-1CE0-49E8-9E71-5BBD05083B31}"
EndProject
Global
	GlobalSection(SolutionConfigurationPlatforms) = preSolution
		Debug|Any CPU = Debug|Any CPU
		DebugWithFake|Any CPU = DebugWithFake|Any CPU
		DebugWithReal|Any CPU = DebugWithReal|Any CPU
		EndToEndWithFake|Any CPU = EndToEndWithFake|Any CPU
		EndToEndWithReal|Any CPU = EndToEndWithReal|Any CPU
		IntegrationWithFake|Any CPU = IntegrationWithFake|Any CPU
		IntegrationWithReal|Any CPU = IntegrationWithReal|Any CPU
		Release|Any CPU = Release|Any CPU
	EndGlobalSection
	GlobalSection(ProjectConfigurationPlatforms) = postSolution
		{E27A6439-921C-455F-A062-1EBCB50F439F}.Debug|Any CPU.ActiveCfg = DebugWithReal|Any CPU
		{E27A6439-921C-455F-A062-1EBCB50F439F}.Debug|Any CPU.Build.0 = DebugWithReal|Any CPU
		{E27A6439-921C-455F-A062-1EBCB50F439F}.DebugWithFake|Any CPU.ActiveCfg = DebugWithFake|Any CPU
		{E27A6439-921C-455F-A062-1EBCB50F439F}.DebugWithFake|Any CPU.Build.0 = DebugWithFake|Any CPU
		{E27A6439-921C-455F-A062-1EBCB50F439F}.DebugWithReal|Any CPU.ActiveCfg = DebugWithReal|Any CPU
		{E27A6439-921C-455F-A062-1EBCB50F439F}.EndToEndWithFake|Any CPU.ActiveCfg = EndToEndWithFake|Any CPU
		{E27A6439-921C-455F-A062-1EBCB50F439F}.EndToEndWithReal|Any CPU.ActiveCfg = EndToEndWithReal|Any CPU
		{E27A6439-921C-455F-A062-1EBCB50F439F}.IntegrationWithFake|Any CPU.ActiveCfg = IntegrationWithFake|Any CPU
		{E27A6439-921C-455F-A062-1EBCB50F439F}.IntegrationWithReal|Any CPU.ActiveCfg = DebugWithReal|Any CPU
		{E27A6439-921C-455F-A062-1EBCB50F439F}.Release|Any CPU.ActiveCfg = Release|Any CPU
		{E27A6439-921C-455F-A062-1EBCB50F439F}.Release|Any CPU.Build.0 = Release|Any CPU
		{5B2A4689-2F21-48EC-9058-F89511CEACA3}.Debug|Any CPU.ActiveCfg = DebugWithReal|Any CPU
		{5B2A4689-2F21-48EC-9058-F89511CEACA3}.Debug|Any CPU.Build.0 = DebugWithReal|Any CPU
		{5B2A4689-2F21-48EC-9058-F89511CEACA3}.DebugWithFake|Any CPU.ActiveCfg = DebugWithFake|Any CPU
		{5B2A4689-2F21-48EC-9058-F89511CEACA3}.DebugWithReal|Any CPU.ActiveCfg = DebugWithReal|Any CPU
		{5B2A4689-2F21-48EC-9058-F89511CEACA3}.DebugWithReal|Any CPU.Build.0 = DebugWithReal|Any CPU
		{5B2A4689-2F21-48EC-9058-F89511CEACA3}.EndToEndWithFake|Any CPU.ActiveCfg = EndToEndWithFake|Any CPU
		{5B2A4689-2F21-48EC-9058-F89511CEACA3}.EndToEndWithReal|Any CPU.ActiveCfg = EndToEndWithReal|Any CPU
		{5B2A4689-2F21-48EC-9058-F89511CEACA3}.EndToEndWithReal|Any CPU.Build.0 = EndToEndWithReal|Any CPU
		{5B2A4689-2F21-48EC-9058-F89511CEACA3}.IntegrationWithFake|Any CPU.ActiveCfg = IntegrationWithFake|Any CPU
		{5B2A4689-2F21-48EC-9058-F89511CEACA3}.IntegrationWithReal|Any CPU.ActiveCfg = IntegrationWithReal|Any CPU
		{5B2A4689-2F21-48EC-9058-F89511CEACA3}.IntegrationWithReal|Any CPU.Build.0 = IntegrationWithReal|Any CPU
		{5B2A4689-2F21-48EC-9058-F89511CEACA3}.Release|Any CPU.ActiveCfg = Release|Any CPU
		{5B2A4689-2F21-48EC-9058-F89511CEACA3}.Release|Any CPU.Build.0 = Release|Any CPU
		{1DB4C693-200D-46DC-AF84-3C0AD40392B5}.Debug|Any CPU.ActiveCfg = DebugWithReal|Any CPU
		{1DB4C693-200D-46DC-AF84-3C0AD40392B5}.Debug|Any CPU.Build.0 = DebugWithReal|Any CPU
		{1DB4C693-200D-46DC-AF84-3C0AD40392B5}.DebugWithFake|Any CPU.ActiveCfg = DebugWithFake|Any CPU
		{1DB4C693-200D-46DC-AF84-3C0AD40392B5}.DebugWithFake|Any CPU.Build.0 = DebugWithFake|Any CPU
		{1DB4C693-200D-46DC-AF84-3C0AD40392B5}.DebugWithReal|Any CPU.ActiveCfg = DebugWithFake|Any CPU
		{1DB4C693-200D-46DC-AF84-3C0AD40392B5}.DebugWithReal|Any CPU.Build.0 = DebugWithFake|Any CPU
		{1DB4C693-200D-46DC-AF84-3C0AD40392B5}.EndToEndWithFake|Any CPU.ActiveCfg = EndToEndWithFake|Any CPU
		{1DB4C693-200D-46DC-AF84-3C0AD40392B5}.EndToEndWithFake|Any CPU.Build.0 = EndToEndWithFake|Any CPU
		{1DB4C693-200D-46DC-AF84-3C0AD40392B5}.EndToEndWithReal|Any CPU.ActiveCfg = EndToEndWithReal|Any CPU
		{1DB4C693-200D-46DC-AF84-3C0AD40392B5}.IntegrationWithFake|Any CPU.ActiveCfg = IntegrationWithFake|Any CPU
		{1DB4C693-200D-46DC-AF84-3C0AD40392B5}.IntegrationWithFake|Any CPU.Build.0 = IntegrationWithFake|Any CPU
		{1DB4C693-200D-46DC-AF84-3C0AD40392B5}.IntegrationWithReal|Any CPU.ActiveCfg = DebugWithReal|Any CPU
		{1DB4C693-200D-46DC-AF84-3C0AD40392B5}.Release|Any CPU.ActiveCfg = Release|Any CPU
		{1DB4C693-200D-46DC-AF84-3C0AD40392B5}.Release|Any CPU.Build.0 = Release|Any CPU
		{A4245326-BB01-4B7A-B4DE-6EBCA9C8094E}.Debug|Any CPU.ActiveCfg = DebugWithReal|Any CPU
		{A4245326-BB01-4B7A-B4DE-6EBCA9C8094E}.Debug|Any CPU.Build.0 = DebugWithReal|Any CPU
		{A4245326-BB01-4B7A-B4DE-6EBCA9C8094E}.DebugWithFake|Any CPU.ActiveCfg = DebugWithFake|Any CPU
		{A4245326-BB01-4B7A-B4DE-6EBCA9C8094E}.DebugWithFake|Any CPU.Build.0 = DebugWithFake|Any CPU
		{A4245326-BB01-4B7A-B4DE-6EBCA9C8094E}.DebugWithReal|Any CPU.ActiveCfg = DebugWithReal|Any CPU
		{A4245326-BB01-4B7A-B4DE-6EBCA9C8094E}.DebugWithReal|Any CPU.Build.0 = DebugWithReal|Any CPU
		{A4245326-BB01-4B7A-B4DE-6EBCA9C8094E}.EndToEndWithFake|Any CPU.ActiveCfg = EndToEndWithFake|Any CPU
		{A4245326-BB01-4B7A-B4DE-6EBCA9C8094E}.EndToEndWithFake|Any CPU.Build.0 = EndToEndWithFake|Any CPU
		{A4245326-BB01-4B7A-B4DE-6EBCA9C8094E}.EndToEndWithReal|Any CPU.ActiveCfg = EndToEndWithReal|Any CPU
		{A4245326-BB01-4B7A-B4DE-6EBCA9C8094E}.EndToEndWithReal|Any CPU.Build.0 = EndToEndWithReal|Any CPU
		{A4245326-BB01-4B7A-B4DE-6EBCA9C8094E}.IntegrationWithFake|Any CPU.ActiveCfg = IntegrationWithFake|Any CPU
		{A4245326-BB01-4B7A-B4DE-6EBCA9C8094E}.IntegrationWithFake|Any CPU.Build.0 = IntegrationWithFake|Any CPU
		{A4245326-BB01-4B7A-B4DE-6EBCA9C8094E}.IntegrationWithReal|Any CPU.ActiveCfg = IntegrationWithReal|Any CPU
		{A4245326-BB01-4B7A-B4DE-6EBCA9C8094E}.IntegrationWithReal|Any CPU.Build.0 = IntegrationWithReal|Any CPU
		{A4245326-BB01-4B7A-B4DE-6EBCA9C8094E}.Release|Any CPU.ActiveCfg = Release|Any CPU
		{A4245326-BB01-4B7A-B4DE-6EBCA9C8094E}.Release|Any CPU.Build.0 = Release|Any CPU
		{5270F84D-8FF4-4756-83B0-78DD9777643D}.Debug|Any CPU.ActiveCfg = DebugWithReal|Any CPU
		{5270F84D-8FF4-4756-83B0-78DD9777643D}.Debug|Any CPU.Build.0 = DebugWithReal|Any CPU
		{5270F84D-8FF4-4756-83B0-78DD9777643D}.DebugWithFake|Any CPU.ActiveCfg = DebugWithFake|Any CPU
		{5270F84D-8FF4-4756-83B0-78DD9777643D}.DebugWithFake|Any CPU.Build.0 = DebugWithFake|Any CPU
		{5270F84D-8FF4-4756-83B0-78DD9777643D}.DebugWithReal|Any CPU.ActiveCfg = DebugWithReal|Any CPU
		{5270F84D-8FF4-4756-83B0-78DD9777643D}.DebugWithReal|Any CPU.Build.0 = DebugWithReal|Any CPU
		{5270F84D-8FF4-4756-83B0-78DD9777643D}.EndToEndWithFake|Any CPU.ActiveCfg = EndToEndWithFake|Any CPU
		{5270F84D-8FF4-4756-83B0-78DD9777643D}.EndToEndWithFake|Any CPU.Build.0 = EndToEndWithFake|Any CPU
		{5270F84D-8FF4-4756-83B0-78DD9777643D}.EndToEndWithReal|Any CPU.ActiveCfg = EndToEndWithReal|Any CPU
		{5270F84D-8FF4-4756-83B0-78DD9777643D}.EndToEndWithReal|Any CPU.Build.0 = EndToEndWithReal|Any CPU
		{5270F84D-8FF4-4756-83B0-78DD9777643D}.IntegrationWithFake|Any CPU.ActiveCfg = IntegrationWithFake|Any CPU
		{5270F84D-8FF4-4756-83B0-78DD9777643D}.IntegrationWithFake|Any CPU.Build.0 = IntegrationWithFake|Any CPU
		{5270F84D-8FF4-4756-83B0-78DD9777643D}.IntegrationWithReal|Any CPU.ActiveCfg = IntegrationWithReal|Any CPU
		{5270F84D-8FF4-4756-83B0-78DD9777643D}.IntegrationWithReal|Any CPU.Build.0 = IntegrationWithReal|Any CPU
		{5270F84D-8FF4-4756-83B0-78DD9777643D}.Release|Any CPU.ActiveCfg = Release|Any CPU
		{5270F84D-8FF4-4756-83B0-78DD9777643D}.Release|Any CPU.Build.0 = Release|Any CPU
		{CBE2F355-1F23-4A58-A6AE-BA7BE542F76C}.Debug|Any CPU.ActiveCfg = DebugWithReal|Any CPU
		{CBE2F355-1F23-4A58-A6AE-BA7BE542F76C}.Debug|Any CPU.Build.0 = DebugWithReal|Any CPU
		{CBE2F355-1F23-4A58-A6AE-BA7BE542F76C}.DebugWithFake|Any CPU.ActiveCfg = DebugWithFake|Any CPU
		{CBE2F355-1F23-4A58-A6AE-BA7BE542F76C}.DebugWithReal|Any CPU.ActiveCfg = DebugWithReal|Any CPU
		{CBE2F355-1F23-4A58-A6AE-BA7BE542F76C}.EndToEndWithFake|Any CPU.ActiveCfg = EndToEndWithFake|Any CPU
		{CBE2F355-1F23-4A58-A6AE-BA7BE542F76C}.EndToEndWithFake|Any CPU.Build.0 = EndToEndWithFake|Any CPU
		{CBE2F355-1F23-4A58-A6AE-BA7BE542F76C}.EndToEndWithReal|Any CPU.ActiveCfg = EndToEndWithReal|Any CPU
		{CBE2F355-1F23-4A58-A6AE-BA7BE542F76C}.EndToEndWithReal|Any CPU.Build.0 = EndToEndWithReal|Any CPU
		{CBE2F355-1F23-4A58-A6AE-BA7BE542F76C}.IntegrationWithFake|Any CPU.ActiveCfg = IntegrationWithFake|Any CPU
		{CBE2F355-1F23-4A58-A6AE-BA7BE542F76C}.IntegrationWithFake|Any CPU.Build.0 = IntegrationWithFake|Any CPU
		{CBE2F355-1F23-4A58-A6AE-BA7BE542F76C}.IntegrationWithReal|Any CPU.ActiveCfg = IntegrationWithReal|Any CPU
		{CBE2F355-1F23-4A58-A6AE-BA7BE542F76C}.IntegrationWithReal|Any CPU.Build.0 = IntegrationWithReal|Any CPU
		{CBE2F355-1F23-4A58-A6AE-BA7BE542F76C}.Release|Any CPU.ActiveCfg = Release|Any CPU
		{CBE2F355-1F23-4A58-A6AE-BA7BE542F76C}.Release|Any CPU.Build.0 = Release|Any CPU
		{DA41EB1E-ECAF-400B-A1A4-82EBACDD7600}.Debug|Any CPU.ActiveCfg = DebugWithReal|Any CPU
		{DA41EB1E-ECAF-400B-A1A4-82EBACDD7600}.Debug|Any CPU.Build.0 = DebugWithReal|Any CPU
		{DA41EB1E-ECAF-400B-A1A4-82EBACDD7600}.DebugWithFake|Any CPU.ActiveCfg = DebugWithFake|Any CPU
		{DA41EB1E-ECAF-400B-A1A4-82EBACDD7600}.DebugWithReal|Any CPU.ActiveCfg = DebugWithReal|Any CPU
		{DA41EB1E-ECAF-400B-A1A4-82EBACDD7600}.EndToEndWithFake|Any CPU.ActiveCfg = EndToEndWithFake|Any CPU
		{DA41EB1E-ECAF-400B-A1A4-82EBACDD7600}.EndToEndWithFake|Any CPU.Build.0 = EndToEndWithFake|Any CPU
		{DA41EB1E-ECAF-400B-A1A4-82EBACDD7600}.EndToEndWithReal|Any CPU.ActiveCfg = EndToEndWithReal|Any CPU
		{DA41EB1E-ECAF-400B-A1A4-82EBACDD7600}.EndToEndWithReal|Any CPU.Build.0 = EndToEndWithReal|Any CPU
		{DA41EB1E-ECAF-400B-A1A4-82EBACDD7600}.IntegrationWithFake|Any CPU.ActiveCfg = IntegrationWithFake|Any CPU
		{DA41EB1E-ECAF-400B-A1A4-82EBACDD7600}.IntegrationWithFake|Any CPU.Build.0 = IntegrationWithFake|Any CPU
		{DA41EB1E-ECAF-400B-A1A4-82EBACDD7600}.IntegrationWithReal|Any CPU.ActiveCfg = IntegrationWithReal|Any CPU
		{DA41EB1E-ECAF-400B-A1A4-82EBACDD7600}.IntegrationWithReal|Any CPU.Build.0 = IntegrationWithReal|Any CPU
		{DA41EB1E-ECAF-400B-A1A4-82EBACDD7600}.Release|Any CPU.ActiveCfg = Release|Any CPU
		{DA41EB1E-ECAF-400B-A1A4-82EBACDD7600}.Release|Any CPU.Build.0 = Release|Any CPU
		{207D3FBC-1EEC-43EA-BAED-E3C14F793119}.Debug|Any CPU.ActiveCfg = DebugWithReal|Any CPU
		{207D3FBC-1EEC-43EA-BAED-E3C14F793119}.Debug|Any CPU.Build.0 = DebugWithReal|Any CPU
		{207D3FBC-1EEC-43EA-BAED-E3C14F793119}.DebugWithFake|Any CPU.ActiveCfg = DebugWithFake|Any CPU
		{207D3FBC-1EEC-43EA-BAED-E3C14F793119}.DebugWithReal|Any CPU.ActiveCfg = DebugWithFake|Any CPU
		{207D3FBC-1EEC-43EA-BAED-E3C14F793119}.EndToEndWithFake|Any CPU.ActiveCfg = EndToEndWithFake|Any CPU
		{207D3FBC-1EEC-43EA-BAED-E3C14F793119}.EndToEndWithReal|Any CPU.ActiveCfg = IntegrationWithFake|Any CPU
		{207D3FBC-1EEC-43EA-BAED-E3C14F793119}.IntegrationWithFake|Any CPU.ActiveCfg = IntegrationWithFake|Any CPU
		{207D3FBC-1EEC-43EA-BAED-E3C14F793119}.IntegrationWithFake|Any CPU.Build.0 = IntegrationWithFake|Any CPU
		{207D3FBC-1EEC-43EA-BAED-E3C14F793119}.IntegrationWithReal|Any CPU.ActiveCfg = IntegrationWithReal|Any CPU
		{207D3FBC-1EEC-43EA-BAED-E3C14F793119}.IntegrationWithReal|Any CPU.Build.0 = IntegrationWithReal|Any CPU
		{207D3FBC-1EEC-43EA-BAED-E3C14F793119}.Release|Any CPU.ActiveCfg = Release|Any CPU
		{207D3FBC-1EEC-43EA-BAED-E3C14F793119}.Release|Any CPU.Build.0 = Release|Any CPU
		{A3B306E2-2A20-4591-812D-677DD44E6640}.Debug|Any CPU.ActiveCfg = DebugWithReal|Any CPU
		{A3B306E2-2A20-4591-812D-677DD44E6640}.Debug|Any CPU.Build.0 = DebugWithReal|Any CPU
		{A3B306E2-2A20-4591-812D-677DD44E6640}.DebugWithFake|Any CPU.ActiveCfg = DebugWithFake|Any CPU
		{A3B306E2-2A20-4591-812D-677DD44E6640}.DebugWithReal|Any CPU.ActiveCfg = DebugWithFake|Any CPU
		{A3B306E2-2A20-4591-812D-677DD44E6640}.EndToEndWithFake|Any CPU.ActiveCfg = EndToEndWithFake|Any CPU
		{A3B306E2-2A20-4591-812D-677DD44E6640}.EndToEndWithFake|Any CPU.Build.0 = EndToEndWithFake|Any CPU
		{A3B306E2-2A20-4591-812D-677DD44E6640}.EndToEndWithReal|Any CPU.ActiveCfg = EndToEndWithReal|Any CPU
		{A3B306E2-2A20-4591-812D-677DD44E6640}.IntegrationWithFake|Any CPU.ActiveCfg = IntegrationWithFake|Any CPU
		{A3B306E2-2A20-4591-812D-677DD44E6640}.IntegrationWithReal|Any CPU.ActiveCfg = IntegrationWithFake|Any CPU
		{A3B306E2-2A20-4591-812D-677DD44E6640}.Release|Any CPU.ActiveCfg = Release|Any CPU
		{A3B306E2-2A20-4591-812D-677DD44E6640}.Release|Any CPU.Build.0 = Release|Any CPU
		{9B6E4171-3936-4C3E-8A29-F5A56761DF78}.Debug|Any CPU.ActiveCfg = DebugWithReal|Any CPU
		{9B6E4171-3936-4C3E-8A29-F5A56761DF78}.Debug|Any CPU.Build.0 = DebugWithReal|Any CPU
		{9B6E4171-3936-4C3E-8A29-F5A56761DF78}.DebugWithFake|Any CPU.ActiveCfg = DebugWithFake|Any CPU
		{9B6E4171-3936-4C3E-8A29-F5A56761DF78}.DebugWithReal|Any CPU.ActiveCfg = DebugWithFake|Any CPU
		{9B6E4171-3936-4C3E-8A29-F5A56761DF78}.EndToEndWithFake|Any CPU.ActiveCfg = EndToEndWithReal|Any CPU
		{9B6E4171-3936-4C3E-8A29-F5A56761DF78}.EndToEndWithReal|Any CPU.ActiveCfg = EndToEndWithReal|Any CPU
		{9B6E4171-3936-4C3E-8A29-F5A56761DF78}.EndToEndWithReal|Any CPU.Build.0 = EndToEndWithReal|Any CPU
		{9B6E4171-3936-4C3E-8A29-F5A56761DF78}.IntegrationWithFake|Any CPU.ActiveCfg = IntegrationWithFake|Any CPU
		{9B6E4171-3936-4C3E-8A29-F5A56761DF78}.IntegrationWithReal|Any CPU.ActiveCfg = IntegrationWithFake|Any CPU
		{9B6E4171-3936-4C3E-8A29-F5A56761DF78}.Release|Any CPU.ActiveCfg = Release|Any CPU
		{9B6E4171-3936-4C3E-8A29-F5A56761DF78}.Release|Any CPU.Build.0 = Release|Any CPU
		{99D98150-0E31-4394-817D-047D4637636F}.Debug|Any CPU.ActiveCfg = DebugWithReal|Any CPU
		{99D98150-0E31-4394-817D-047D4637636F}.Debug|Any CPU.Build.0 = DebugWithReal|Any CPU
		{99D98150-0E31-4394-817D-047D4637636F}.DebugWithFake|Any CPU.ActiveCfg = DebugWithFake|Any CPU
		{99D98150-0E31-4394-817D-047D4637636F}.DebugWithFake|Any CPU.Build.0 = DebugWithFake|Any CPU
		{99D98150-0E31-4394-817D-047D4637636F}.DebugWithReal|Any CPU.ActiveCfg = DebugWithReal|Any CPU
		{99D98150-0E31-4394-817D-047D4637636F}.DebugWithReal|Any CPU.Build.0 = DebugWithReal|Any CPU
		{99D98150-0E31-4394-817D-047D4637636F}.EndToEndWithFake|Any CPU.ActiveCfg = EndToEndWithFake|Any CPU
		{99D98150-0E31-4394-817D-047D4637636F}.EndToEndWithFake|Any CPU.Build.0 = EndToEndWithFake|Any CPU
		{99D98150-0E31-4394-817D-047D4637636F}.EndToEndWithReal|Any CPU.ActiveCfg = EndToEndWithReal|Any CPU
		{99D98150-0E31-4394-817D-047D4637636F}.EndToEndWithReal|Any CPU.Build.0 = EndToEndWithReal|Any CPU
		{99D98150-0E31-4394-817D-047D4637636F}.IntegrationWithFake|Any CPU.ActiveCfg = IntegrationWithFake|Any CPU
		{99D98150-0E31-4394-817D-047D4637636F}.IntegrationWithFake|Any CPU.Build.0 = IntegrationWithFake|Any CPU
		{99D98150-0E31-4394-817D-047D4637636F}.IntegrationWithReal|Any CPU.ActiveCfg = IntegrationWithReal|Any CPU
		{99D98150-0E31-4394-817D-047D4637636F}.IntegrationWithReal|Any CPU.Build.0 = IntegrationWithReal|Any CPU
		{99D98150-0E31-4394-817D-047D4637636F}.Release|Any CPU.ActiveCfg = Release|Any CPU
		{99D98150-0E31-4394-817D-047D4637636F}.Release|Any CPU.Build.0 = Release|Any CPU
		{CB89C7B0-7C4B-4633-AF29-709DEADBB53B}.Debug|Any CPU.ActiveCfg = Debug|Any CPU
		{CB89C7B0-7C4B-4633-AF29-709DEADBB53B}.Debug|Any CPU.Build.0 = Debug|Any CPU
		{CB89C7B0-7C4B-4633-AF29-709DEADBB53B}.DebugWithFake|Any CPU.ActiveCfg = Debug|Any CPU
		{CB89C7B0-7C4B-4633-AF29-709DEADBB53B}.DebugWithReal|Any CPU.ActiveCfg = Debug|Any CPU
		{CB89C7B0-7C4B-4633-AF29-709DEADBB53B}.DebugWithReal|Any CPU.Build.0 = Debug|Any CPU
		{CB89C7B0-7C4B-4633-AF29-709DEADBB53B}.EndToEndWithFake|Any CPU.ActiveCfg = Debug|Any CPU
		{CB89C7B0-7C4B-4633-AF29-709DEADBB53B}.EndToEndWithReal|Any CPU.ActiveCfg = Debug|Any CPU
		{CB89C7B0-7C4B-4633-AF29-709DEADBB53B}.EndToEndWithReal|Any CPU.Build.0 = Debug|Any CPU
		{CB89C7B0-7C4B-4633-AF29-709DEADBB53B}.IntegrationWithFake|Any CPU.ActiveCfg = Debug|Any CPU
		{CB89C7B0-7C4B-4633-AF29-709DEADBB53B}.IntegrationWithReal|Any CPU.ActiveCfg = Debug|Any CPU
		{CB89C7B0-7C4B-4633-AF29-709DEADBB53B}.IntegrationWithReal|Any CPU.Build.0 = Debug|Any CPU
		{CB89C7B0-7C4B-4633-AF29-709DEADBB53B}.Release|Any CPU.ActiveCfg = Release|Any CPU
		{CB89C7B0-7C4B-4633-AF29-709DEADBB53B}.Release|Any CPU.Build.0 = Release|Any CPU
		{34A63C12-097F-44AB-BE74-7D3811B70D30}.Debug|Any CPU.ActiveCfg = Debug|Any CPU
		{34A63C12-097F-44AB-BE74-7D3811B70D30}.Debug|Any CPU.Build.0 = Debug|Any CPU
		{34A63C12-097F-44AB-BE74-7D3811B70D30}.DebugWithFake|Any CPU.ActiveCfg = Debug|Any CPU
		{34A63C12-097F-44AB-BE74-7D3811B70D30}.DebugWithReal|Any CPU.ActiveCfg = Debug|Any CPU
		{34A63C12-097F-44AB-BE74-7D3811B70D30}.DebugWithReal|Any CPU.Build.0 = Debug|Any CPU
		{34A63C12-097F-44AB-BE74-7D3811B70D30}.EndToEndWithFake|Any CPU.ActiveCfg = Debug|Any CPU
		{34A63C12-097F-44AB-BE74-7D3811B70D30}.EndToEndWithReal|Any CPU.ActiveCfg = Debug|Any CPU
		{34A63C12-097F-44AB-BE74-7D3811B70D30}.EndToEndWithReal|Any CPU.Build.0 = Debug|Any CPU
		{34A63C12-097F-44AB-BE74-7D3811B70D30}.IntegrationWithFake|Any CPU.ActiveCfg = Debug|Any CPU
		{34A63C12-097F-44AB-BE74-7D3811B70D30}.IntegrationWithReal|Any CPU.ActiveCfg = Debug|Any CPU
		{34A63C12-097F-44AB-BE74-7D3811B70D30}.IntegrationWithReal|Any CPU.Build.0 = Debug|Any CPU
		{34A63C12-097F-44AB-BE74-7D3811B70D30}.Release|Any CPU.ActiveCfg = Release|Any CPU
		{34A63C12-097F-44AB-BE74-7D3811B70D30}.Release|Any CPU.Build.0 = Release|Any CPU
		{1677D87B-7E7B-436E-8E71-E98A242B89B4}.Debug|Any CPU.ActiveCfg = Debug|Any CPU
		{1677D87B-7E7B-436E-8E71-E98A242B89B4}.Debug|Any CPU.Build.0 = Debug|Any CPU
		{1677D87B-7E7B-436E-8E71-E98A242B89B4}.DebugWithFake|Any CPU.ActiveCfg = Debug|Any CPU
		{1677D87B-7E7B-436E-8E71-E98A242B89B4}.DebugWithReal|Any CPU.ActiveCfg = Debug|Any CPU
		{1677D87B-7E7B-436E-8E71-E98A242B89B4}.EndToEndWithFake|Any CPU.ActiveCfg = Debug|Any CPU
		{1677D87B-7E7B-436E-8E71-E98A242B89B4}.EndToEndWithFake|Any CPU.Build.0 = Debug|Any CPU
		{1677D87B-7E7B-436E-8E71-E98A242B89B4}.EndToEndWithReal|Any CPU.ActiveCfg = Debug|Any CPU
		{1677D87B-7E7B-436E-8E71-E98A242B89B4}.EndToEndWithReal|Any CPU.Build.0 = Debug|Any CPU
		{1677D87B-7E7B-436E-8E71-E98A242B89B4}.IntegrationWithFake|Any CPU.ActiveCfg = Debug|Any CPU
		{1677D87B-7E7B-436E-8E71-E98A242B89B4}.IntegrationWithFake|Any CPU.Build.0 = Debug|Any CPU
		{1677D87B-7E7B-436E-8E71-E98A242B89B4}.IntegrationWithReal|Any CPU.ActiveCfg = Debug|Any CPU
		{1677D87B-7E7B-436E-8E71-E98A242B89B4}.IntegrationWithReal|Any CPU.Build.0 = Debug|Any CPU
		{1677D87B-7E7B-436E-8E71-E98A242B89B4}.Release|Any CPU.ActiveCfg = Release|Any CPU
		{1677D87B-7E7B-436E-8E71-E98A242B89B4}.Release|Any CPU.Build.0 = Release|Any CPU
		{4E61C08A-446E-4656-B983-687916B9B7FC}.Debug|Any CPU.ActiveCfg = Debug|Any CPU
		{4E61C08A-446E-4656-B983-687916B9B7FC}.Debug|Any CPU.Build.0 = Debug|Any CPU
		{4E61C08A-446E-4656-B983-687916B9B7FC}.DebugWithFake|Any CPU.ActiveCfg = Debug|Any CPU
		{4E61C08A-446E-4656-B983-687916B9B7FC}.DebugWithFake|Any CPU.Build.0 = Debug|Any CPU
		{4E61C08A-446E-4656-B983-687916B9B7FC}.DebugWithReal|Any CPU.ActiveCfg = Debug|Any CPU
		{4E61C08A-446E-4656-B983-687916B9B7FC}.DebugWithReal|Any CPU.Build.0 = Debug|Any CPU
		{4E61C08A-446E-4656-B983-687916B9B7FC}.EndToEndWithFake|Any CPU.ActiveCfg = Debug|Any CPU
		{4E61C08A-446E-4656-B983-687916B9B7FC}.EndToEndWithFake|Any CPU.Build.0 = Debug|Any CPU
		{4E61C08A-446E-4656-B983-687916B9B7FC}.EndToEndWithReal|Any CPU.ActiveCfg = Debug|Any CPU
		{4E61C08A-446E-4656-B983-687916B9B7FC}.EndToEndWithReal|Any CPU.Build.0 = Debug|Any CPU
		{4E61C08A-446E-4656-B983-687916B9B7FC}.IntegrationWithFake|Any CPU.ActiveCfg = Debug|Any CPU
		{4E61C08A-446E-4656-B983-687916B9B7FC}.IntegrationWithFake|Any CPU.Build.0 = Debug|Any CPU
		{4E61C08A-446E-4656-B983-687916B9B7FC}.IntegrationWithReal|Any CPU.ActiveCfg = Debug|Any CPU
		{4E61C08A-446E-4656-B983-687916B9B7FC}.IntegrationWithReal|Any CPU.Build.0 = Debug|Any CPU
		{4E61C08A-446E-4656-B983-687916B9B7FC}.Release|Any CPU.ActiveCfg = Release|Any CPU
		{4E61C08A-446E-4656-B983-687916B9B7FC}.Release|Any CPU.Build.0 = Release|Any CPU
		{D613C92E-EC59-48CF-8C40-D42BF5DDC0CD}.Debug|Any CPU.ActiveCfg = Debug|Any CPU
		{D613C92E-EC59-48CF-8C40-D42BF5DDC0CD}.Debug|Any CPU.Build.0 = Debug|Any CPU
		{D613C92E-EC59-48CF-8C40-D42BF5DDC0CD}.DebugWithFake|Any CPU.ActiveCfg = Debug|Any CPU
		{D613C92E-EC59-48CF-8C40-D42BF5DDC0CD}.DebugWithFake|Any CPU.Build.0 = Debug|Any CPU
		{D613C92E-EC59-48CF-8C40-D42BF5DDC0CD}.DebugWithReal|Any CPU.ActiveCfg = Debug|Any CPU
		{D613C92E-EC59-48CF-8C40-D42BF5DDC0CD}.DebugWithReal|Any CPU.Build.0 = Debug|Any CPU
		{D613C92E-EC59-48CF-8C40-D42BF5DDC0CD}.EndToEndWithFake|Any CPU.ActiveCfg = Debug|Any CPU
		{D613C92E-EC59-48CF-8C40-D42BF5DDC0CD}.EndToEndWithFake|Any CPU.Build.0 = Debug|Any CPU
		{D613C92E-EC59-48CF-8C40-D42BF5DDC0CD}.EndToEndWithReal|Any CPU.ActiveCfg = Debug|Any CPU
		{D613C92E-EC59-48CF-8C40-D42BF5DDC0CD}.EndToEndWithReal|Any CPU.Build.0 = Debug|Any CPU
		{D613C92E-EC59-48CF-8C40-D42BF5DDC0CD}.IntegrationWithFake|Any CPU.ActiveCfg = Debug|Any CPU
		{D613C92E-EC59-48CF-8C40-D42BF5DDC0CD}.IntegrationWithFake|Any CPU.Build.0 = Debug|Any CPU
		{D613C92E-EC59-48CF-8C40-D42BF5DDC0CD}.IntegrationWithReal|Any CPU.ActiveCfg = Debug|Any CPU
		{D613C92E-EC59-48CF-8C40-D42BF5DDC0CD}.IntegrationWithReal|Any CPU.Build.0 = Debug|Any CPU
		{D613C92E-EC59-48CF-8C40-D42BF5DDC0CD}.Release|Any CPU.ActiveCfg = Release|Any CPU
		{D613C92E-EC59-48CF-8C40-D42BF5DDC0CD}.Release|Any CPU.Build.0 = Release|Any CPU
		{032BE595-43B4-45BD-B162-4B58B83BC6D6}.Debug|Any CPU.ActiveCfg = Debug|Any CPU
		{032BE595-43B4-45BD-B162-4B58B83BC6D6}.Debug|Any CPU.Build.0 = Debug|Any CPU
		{032BE595-43B4-45BD-B162-4B58B83BC6D6}.DebugWithFake|Any CPU.ActiveCfg = Debug|Any CPU
		{032BE595-43B4-45BD-B162-4B58B83BC6D6}.DebugWithFake|Any CPU.Build.0 = Debug|Any CPU
		{032BE595-43B4-45BD-B162-4B58B83BC6D6}.DebugWithReal|Any CPU.ActiveCfg = Debug|Any CPU
		{032BE595-43B4-45BD-B162-4B58B83BC6D6}.EndToEndWithFake|Any CPU.ActiveCfg = Debug|Any CPU
		{032BE595-43B4-45BD-B162-4B58B83BC6D6}.EndToEndWithFake|Any CPU.Build.0 = Debug|Any CPU
		{032BE595-43B4-45BD-B162-4B58B83BC6D6}.EndToEndWithReal|Any CPU.ActiveCfg = Debug|Any CPU
		{032BE595-43B4-45BD-B162-4B58B83BC6D6}.IntegrationWithFake|Any CPU.ActiveCfg = Debug|Any CPU
		{032BE595-43B4-45BD-B162-4B58B83BC6D6}.IntegrationWithFake|Any CPU.Build.0 = Debug|Any CPU
		{032BE595-43B4-45BD-B162-4B58B83BC6D6}.IntegrationWithReal|Any CPU.ActiveCfg = Debug|Any CPU
		{032BE595-43B4-45BD-B162-4B58B83BC6D6}.Release|Any CPU.ActiveCfg = Release|Any CPU
		{032BE595-43B4-45BD-B162-4B58B83BC6D6}.Release|Any CPU.Build.0 = Release|Any CPU
		{EAA56688-87C5-4B87-BCD8-5F8FC0C30A2F}.Debug|Any CPU.ActiveCfg = Debug|Any CPU
		{EAA56688-87C5-4B87-BCD8-5F8FC0C30A2F}.Debug|Any CPU.Build.0 = Debug|Any CPU
		{EAA56688-87C5-4B87-BCD8-5F8FC0C30A2F}.DebugWithFake|Any CPU.ActiveCfg = DebugWithFake|Any CPU
		{EAA56688-87C5-4B87-BCD8-5F8FC0C30A2F}.DebugWithFake|Any CPU.Build.0 = DebugWithFake|Any CPU
		{EAA56688-87C5-4B87-BCD8-5F8FC0C30A2F}.DebugWithReal|Any CPU.ActiveCfg = Debug|Any CPU
		{EAA56688-87C5-4B87-BCD8-5F8FC0C30A2F}.DebugWithReal|Any CPU.Build.0 = Debug|Any CPU
		{EAA56688-87C5-4B87-BCD8-5F8FC0C30A2F}.EndToEndWithFake|Any CPU.ActiveCfg = EndToEndWithFake|Any CPU
		{EAA56688-87C5-4B87-BCD8-5F8FC0C30A2F}.EndToEndWithFake|Any CPU.Build.0 = EndToEndWithFake|Any CPU
		{EAA56688-87C5-4B87-BCD8-5F8FC0C30A2F}.EndToEndWithReal|Any CPU.ActiveCfg = Debug|Any CPU
		{EAA56688-87C5-4B87-BCD8-5F8FC0C30A2F}.IntegrationWithFake|Any CPU.ActiveCfg = Debug|Any CPU
		{EAA56688-87C5-4B87-BCD8-5F8FC0C30A2F}.IntegrationWithFake|Any CPU.Build.0 = Debug|Any CPU
		{EAA56688-87C5-4B87-BCD8-5F8FC0C30A2F}.IntegrationWithReal|Any CPU.ActiveCfg = Debug|Any CPU
		{EAA56688-87C5-4B87-BCD8-5F8FC0C30A2F}.Release|Any CPU.ActiveCfg = Release|Any CPU
		{EAA56688-87C5-4B87-BCD8-5F8FC0C30A2F}.Release|Any CPU.Build.0 = Release|Any CPU
		{82F76A12-E6AE-4339-8B0D-A8066B83420A}.Debug|Any CPU.ActiveCfg = Debug|Any CPU
		{82F76A12-E6AE-4339-8B0D-A8066B83420A}.Debug|Any CPU.Build.0 = Debug|Any CPU
		{82F76A12-E6AE-4339-8B0D-A8066B83420A}.DebugWithFake|Any CPU.ActiveCfg = Debug|Any CPU
		{82F76A12-E6AE-4339-8B0D-A8066B83420A}.DebugWithFake|Any CPU.Build.0 = Debug|Any CPU
		{82F76A12-E6AE-4339-8B0D-A8066B83420A}.DebugWithReal|Any CPU.ActiveCfg = Debug|Any CPU
		{82F76A12-E6AE-4339-8B0D-A8066B83420A}.DebugWithReal|Any CPU.Build.0 = Debug|Any CPU
		{82F76A12-E6AE-4339-8B0D-A8066B83420A}.EndToEndWithFake|Any CPU.ActiveCfg = Debug|Any CPU
		{82F76A12-E6AE-4339-8B0D-A8066B83420A}.EndToEndWithFake|Any CPU.Build.0 = Debug|Any CPU
		{82F76A12-E6AE-4339-8B0D-A8066B83420A}.EndToEndWithReal|Any CPU.ActiveCfg = Debug|Any CPU
		{82F76A12-E6AE-4339-8B0D-A8066B83420A}.IntegrationWithFake|Any CPU.ActiveCfg = Debug|Any CPU
		{82F76A12-E6AE-4339-8B0D-A8066B83420A}.IntegrationWithFake|Any CPU.Build.0 = Debug|Any CPU
		{82F76A12-E6AE-4339-8B0D-A8066B83420A}.IntegrationWithReal|Any CPU.ActiveCfg = Debug|Any CPU
		{82F76A12-E6AE-4339-8B0D-A8066B83420A}.Release|Any CPU.ActiveCfg = Release|Any CPU
		{82F76A12-E6AE-4339-8B0D-A8066B83420A}.Release|Any CPU.Build.0 = Release|Any CPU
		{F699E04D-89F3-4D19-B7C7-D5339B7C12FF}.Debug|Any CPU.ActiveCfg = Debug|Any CPU
		{F699E04D-89F3-4D19-B7C7-D5339B7C12FF}.Debug|Any CPU.Build.0 = Debug|Any CPU
		{F699E04D-89F3-4D19-B7C7-D5339B7C12FF}.DebugWithFake|Any CPU.ActiveCfg = Debug|Any CPU
		{F699E04D-89F3-4D19-B7C7-D5339B7C12FF}.DebugWithReal|Any CPU.ActiveCfg = Debug|Any CPU
		{F699E04D-89F3-4D19-B7C7-D5339B7C12FF}.EndToEndWithFake|Any CPU.ActiveCfg = EndToEndWithFake|Any CPU
		{F699E04D-89F3-4D19-B7C7-D5339B7C12FF}.EndToEndWithFake|Any CPU.Build.0 = EndToEndWithFake|Any CPU
		{F699E04D-89F3-4D19-B7C7-D5339B7C12FF}.EndToEndWithReal|Any CPU.ActiveCfg = EndToEndWithReal|Any CPU
		{F699E04D-89F3-4D19-B7C7-D5339B7C12FF}.EndToEndWithReal|Any CPU.Build.0 = EndToEndWithReal|Any CPU
		{F699E04D-89F3-4D19-B7C7-D5339B7C12FF}.IntegrationWithFake|Any CPU.ActiveCfg = IntegrationWithFake|Any CPU
		{F699E04D-89F3-4D19-B7C7-D5339B7C12FF}.IntegrationWithFake|Any CPU.Build.0 = IntegrationWithFake|Any CPU
		{F699E04D-89F3-4D19-B7C7-D5339B7C12FF}.IntegrationWithReal|Any CPU.ActiveCfg = IntegrationWithReal|Any CPU
		{F699E04D-89F3-4D19-B7C7-D5339B7C12FF}.IntegrationWithReal|Any CPU.Build.0 = IntegrationWithReal|Any CPU
		{F699E04D-89F3-4D19-B7C7-D5339B7C12FF}.Release|Any CPU.ActiveCfg = Release|Any CPU
		{F699E04D-89F3-4D19-B7C7-D5339B7C12FF}.Release|Any CPU.Build.0 = Release|Any CPU
		{848AEEAE-E52F-4AA4-888C-C9A6D9005F01}.Debug|Any CPU.ActiveCfg = Debug|Any CPU
		{848AEEAE-E52F-4AA4-888C-C9A6D9005F01}.Debug|Any CPU.Build.0 = Debug|Any CPU
		{848AEEAE-E52F-4AA4-888C-C9A6D9005F01}.DebugWithFake|Any CPU.ActiveCfg = Debug|Any CPU
		{848AEEAE-E52F-4AA4-888C-C9A6D9005F01}.DebugWithFake|Any CPU.Build.0 = Debug|Any CPU
		{848AEEAE-E52F-4AA4-888C-C9A6D9005F01}.DebugWithReal|Any CPU.ActiveCfg = Debug|Any CPU
		{848AEEAE-E52F-4AA4-888C-C9A6D9005F01}.DebugWithReal|Any CPU.Build.0 = Debug|Any CPU
		{848AEEAE-E52F-4AA4-888C-C9A6D9005F01}.EndToEndWithFake|Any CPU.ActiveCfg = Debug|Any CPU
		{848AEEAE-E52F-4AA4-888C-C9A6D9005F01}.EndToEndWithFake|Any CPU.Build.0 = Debug|Any CPU
		{848AEEAE-E52F-4AA4-888C-C9A6D9005F01}.EndToEndWithReal|Any CPU.ActiveCfg = Debug|Any CPU
		{848AEEAE-E52F-4AA4-888C-C9A6D9005F01}.EndToEndWithReal|Any CPU.Build.0 = Debug|Any CPU
		{848AEEAE-E52F-4AA4-888C-C9A6D9005F01}.IntegrationWithFake|Any CPU.ActiveCfg = Debug|Any CPU
		{848AEEAE-E52F-4AA4-888C-C9A6D9005F01}.IntegrationWithFake|Any CPU.Build.0 = Debug|Any CPU
		{848AEEAE-E52F-4AA4-888C-C9A6D9005F01}.IntegrationWithReal|Any CPU.ActiveCfg = Debug|Any CPU
		{848AEEAE-E52F-4AA4-888C-C9A6D9005F01}.IntegrationWithReal|Any CPU.Build.0 = Debug|Any CPU
		{848AEEAE-E52F-4AA4-888C-C9A6D9005F01}.Release|Any CPU.ActiveCfg = Release|Any CPU
		{848AEEAE-E52F-4AA4-888C-C9A6D9005F01}.Release|Any CPU.Build.0 = Release|Any CPU
		{C68F2BE4-0D91-4854-B937-F903EDFA266A}.Debug|Any CPU.ActiveCfg = Debug|Any CPU
		{C68F2BE4-0D91-4854-B937-F903EDFA266A}.Debug|Any CPU.Build.0 = Debug|Any CPU
		{C68F2BE4-0D91-4854-B937-F903EDFA266A}.DebugWithFake|Any CPU.ActiveCfg = Debug|Any CPU
		{C68F2BE4-0D91-4854-B937-F903EDFA266A}.DebugWithFake|Any CPU.Build.0 = Debug|Any CPU
		{C68F2BE4-0D91-4854-B937-F903EDFA266A}.DebugWithReal|Any CPU.ActiveCfg = Debug|Any CPU
		{C68F2BE4-0D91-4854-B937-F903EDFA266A}.DebugWithReal|Any CPU.Build.0 = Debug|Any CPU
		{C68F2BE4-0D91-4854-B937-F903EDFA266A}.EndToEndWithFake|Any CPU.ActiveCfg = Debug|Any CPU
		{C68F2BE4-0D91-4854-B937-F903EDFA266A}.EndToEndWithFake|Any CPU.Build.0 = Debug|Any CPU
		{C68F2BE4-0D91-4854-B937-F903EDFA266A}.EndToEndWithReal|Any CPU.ActiveCfg = Debug|Any CPU
		{C68F2BE4-0D91-4854-B937-F903EDFA266A}.EndToEndWithReal|Any CPU.Build.0 = Debug|Any CPU
		{C68F2BE4-0D91-4854-B937-F903EDFA266A}.IntegrationWithFake|Any CPU.ActiveCfg = Debug|Any CPU
		{C68F2BE4-0D91-4854-B937-F903EDFA266A}.IntegrationWithFake|Any CPU.Build.0 = Debug|Any CPU
		{C68F2BE4-0D91-4854-B937-F903EDFA266A}.IntegrationWithReal|Any CPU.ActiveCfg = Debug|Any CPU
		{C68F2BE4-0D91-4854-B937-F903EDFA266A}.IntegrationWithReal|Any CPU.Build.0 = Debug|Any CPU
		{C68F2BE4-0D91-4854-B937-F903EDFA266A}.Release|Any CPU.ActiveCfg = Release|Any CPU
		{C68F2BE4-0D91-4854-B937-F903EDFA266A}.Release|Any CPU.Build.0 = Release|Any CPU
		{8A7123BC-BE89-44DA-93ED-1E69706EDC32}.Debug|Any CPU.ActiveCfg = Debug|Any CPU
		{8A7123BC-BE89-44DA-93ED-1E69706EDC32}.Debug|Any CPU.Build.0 = Debug|Any CPU
		{8A7123BC-BE89-44DA-93ED-1E69706EDC32}.DebugWithFake|Any CPU.ActiveCfg = DebugWithFake|Any CPU
		{8A7123BC-BE89-44DA-93ED-1E69706EDC32}.DebugWithFake|Any CPU.Build.0 = DebugWithFake|Any CPU
		{8A7123BC-BE89-44DA-93ED-1E69706EDC32}.DebugWithReal|Any CPU.ActiveCfg = DebugWithReal|Any CPU
		{8A7123BC-BE89-44DA-93ED-1E69706EDC32}.DebugWithReal|Any CPU.Build.0 = DebugWithReal|Any CPU
		{8A7123BC-BE89-44DA-93ED-1E69706EDC32}.EndToEndWithFake|Any CPU.ActiveCfg = EndToEndWithFake|Any CPU
		{8A7123BC-BE89-44DA-93ED-1E69706EDC32}.EndToEndWithFake|Any CPU.Build.0 = EndToEndWithFake|Any CPU
		{8A7123BC-BE89-44DA-93ED-1E69706EDC32}.EndToEndWithReal|Any CPU.ActiveCfg = EndToEndWithReal|Any CPU
		{8A7123BC-BE89-44DA-93ED-1E69706EDC32}.EndToEndWithReal|Any CPU.Build.0 = EndToEndWithReal|Any CPU
		{8A7123BC-BE89-44DA-93ED-1E69706EDC32}.IntegrationWithFake|Any CPU.ActiveCfg = IntegrationWithFake|Any CPU
		{8A7123BC-BE89-44DA-93ED-1E69706EDC32}.IntegrationWithFake|Any CPU.Build.0 = IntegrationWithFake|Any CPU
		{8A7123BC-BE89-44DA-93ED-1E69706EDC32}.IntegrationWithReal|Any CPU.ActiveCfg = IntegrationWithReal|Any CPU
		{8A7123BC-BE89-44DA-93ED-1E69706EDC32}.IntegrationWithReal|Any CPU.Build.0 = IntegrationWithReal|Any CPU
		{8A7123BC-BE89-44DA-93ED-1E69706EDC32}.Release|Any CPU.ActiveCfg = Release|Any CPU
		{8A7123BC-BE89-44DA-93ED-1E69706EDC32}.Release|Any CPU.Build.0 = Release|Any CPU
		{82EB168D-2B8B-47EA-B7AB-0848B4B1CE76}.Debug|Any CPU.ActiveCfg = DebugWithReal|Any CPU
		{82EB168D-2B8B-47EA-B7AB-0848B4B1CE76}.Debug|Any CPU.Build.0 = DebugWithReal|Any CPU
		{82EB168D-2B8B-47EA-B7AB-0848B4B1CE76}.DebugWithFake|Any CPU.ActiveCfg = DebugWithFake|Any CPU
		{82EB168D-2B8B-47EA-B7AB-0848B4B1CE76}.DebugWithFake|Any CPU.Build.0 = DebugWithFake|Any CPU
		{82EB168D-2B8B-47EA-B7AB-0848B4B1CE76}.DebugWithReal|Any CPU.ActiveCfg = DebugWithReal|Any CPU
		{82EB168D-2B8B-47EA-B7AB-0848B4B1CE76}.DebugWithReal|Any CPU.Build.0 = DebugWithReal|Any CPU
		{82EB168D-2B8B-47EA-B7AB-0848B4B1CE76}.EndToEndWithFake|Any CPU.ActiveCfg = EndToEndWithFake|Any CPU
		{82EB168D-2B8B-47EA-B7AB-0848B4B1CE76}.EndToEndWithFake|Any CPU.Build.0 = EndToEndWithFake|Any CPU
		{82EB168D-2B8B-47EA-B7AB-0848B4B1CE76}.EndToEndWithReal|Any CPU.ActiveCfg = EndToEndWithReal|Any CPU
		{82EB168D-2B8B-47EA-B7AB-0848B4B1CE76}.EndToEndWithReal|Any CPU.Build.0 = EndToEndWithReal|Any CPU
		{82EB168D-2B8B-47EA-B7AB-0848B4B1CE76}.IntegrationWithFake|Any CPU.ActiveCfg = IntegrationWithFake|Any CPU
		{82EB168D-2B8B-47EA-B7AB-0848B4B1CE76}.IntegrationWithFake|Any CPU.Build.0 = IntegrationWithFake|Any CPU
		{82EB168D-2B8B-47EA-B7AB-0848B4B1CE76}.IntegrationWithReal|Any CPU.ActiveCfg = IntegrationWithReal|Any CPU
		{82EB168D-2B8B-47EA-B7AB-0848B4B1CE76}.IntegrationWithReal|Any CPU.Build.0 = IntegrationWithReal|Any CPU
		{82EB168D-2B8B-47EA-B7AB-0848B4B1CE76}.Release|Any CPU.ActiveCfg = Release|Any CPU
		{82EB168D-2B8B-47EA-B7AB-0848B4B1CE76}.Release|Any CPU.Build.0 = Release|Any CPU
		{6E684A23-A045-4945-928F-C4B93D50FB8D}.Debug|Any CPU.ActiveCfg = DebugWithFake|Any CPU
		{6E684A23-A045-4945-928F-C4B93D50FB8D}.Debug|Any CPU.Build.0 = DebugWithFake|Any CPU
		{6E684A23-A045-4945-928F-C4B93D50FB8D}.DebugWithFake|Any CPU.ActiveCfg = DebugWithFake|Any CPU
		{6E684A23-A045-4945-928F-C4B93D50FB8D}.DebugWithReal|Any CPU.ActiveCfg = DebugWithReal|Any CPU
		{6E684A23-A045-4945-928F-C4B93D50FB8D}.EndToEndWithFake|Any CPU.ActiveCfg = EndToEndWithFake|Any CPU
		{6E684A23-A045-4945-928F-C4B93D50FB8D}.EndToEndWithFake|Any CPU.Build.0 = EndToEndWithFake|Any CPU
		{6E684A23-A045-4945-928F-C4B93D50FB8D}.EndToEndWithReal|Any CPU.ActiveCfg = EndToEndWithReal|Any CPU
		{6E684A23-A045-4945-928F-C4B93D50FB8D}.IntegrationWithFake|Any CPU.ActiveCfg = IntegrationWithFake|Any CPU
		{6E684A23-A045-4945-928F-C4B93D50FB8D}.IntegrationWithFake|Any CPU.Build.0 = IntegrationWithFake|Any CPU
		{6E684A23-A045-4945-928F-C4B93D50FB8D}.IntegrationWithReal|Any CPU.ActiveCfg = DebugWithReal|Any CPU
		{6E684A23-A045-4945-928F-C4B93D50FB8D}.Release|Any CPU.ActiveCfg = Release|Any CPU
		{6E684A23-A045-4945-928F-C4B93D50FB8D}.Release|Any CPU.Build.0 = Release|Any CPU
		{DDDE5F07-3DAF-4CE9-A1B8-12B40144B892}.Debug|Any CPU.ActiveCfg = Debug|Any CPU
		{DDDE5F07-3DAF-4CE9-A1B8-12B40144B892}.Debug|Any CPU.Build.0 = Debug|Any CPU
		{DDDE5F07-3DAF-4CE9-A1B8-12B40144B892}.DebugWithFake|Any CPU.ActiveCfg = Debug|Any CPU
		{DDDE5F07-3DAF-4CE9-A1B8-12B40144B892}.DebugWithReal|Any CPU.ActiveCfg = Debug|Any CPU
		{DDDE5F07-3DAF-4CE9-A1B8-12B40144B892}.EndToEndWithFake|Any CPU.ActiveCfg = Release|Any CPU
		{DDDE5F07-3DAF-4CE9-A1B8-12B40144B892}.EndToEndWithReal|Any CPU.ActiveCfg = Release|Any CPU
		{DDDE5F07-3DAF-4CE9-A1B8-12B40144B892}.IntegrationWithFake|Any CPU.ActiveCfg = IntegrationWithFake|Any CPU
		{DDDE5F07-3DAF-4CE9-A1B8-12B40144B892}.IntegrationWithFake|Any CPU.Build.0 = IntegrationWithFake|Any CPU
		{DDDE5F07-3DAF-4CE9-A1B8-12B40144B892}.IntegrationWithReal|Any CPU.ActiveCfg = IntegrationWithReal|Any CPU
		{DDDE5F07-3DAF-4CE9-A1B8-12B40144B892}.Release|Any CPU.ActiveCfg = Release|Any CPU
		{DDDE5F07-3DAF-4CE9-A1B8-12B40144B892}.Release|Any CPU.Build.0 = Release|Any CPU
		{06CBECEE-B066-42D5-8DF6-47DA317B2180}.Debug|Any CPU.ActiveCfg = Debug|Any CPU
		{06CBECEE-B066-42D5-8DF6-47DA317B2180}.Debug|Any CPU.Build.0 = Debug|Any CPU
		{06CBECEE-B066-42D5-8DF6-47DA317B2180}.DebugWithFake|Any CPU.ActiveCfg = Debug|Any CPU
		{06CBECEE-B066-42D5-8DF6-47DA317B2180}.DebugWithReal|Any CPU.ActiveCfg = Debug|Any CPU
		{06CBECEE-B066-42D5-8DF6-47DA317B2180}.EndToEndWithFake|Any CPU.ActiveCfg = Release|Any CPU
		{06CBECEE-B066-42D5-8DF6-47DA317B2180}.EndToEndWithReal|Any CPU.ActiveCfg = Release|Any CPU
		{06CBECEE-B066-42D5-8DF6-47DA317B2180}.IntegrationWithFake|Any CPU.ActiveCfg = Release|Any CPU
		{06CBECEE-B066-42D5-8DF6-47DA317B2180}.IntegrationWithFake|Any CPU.Build.0 = Release|Any CPU
		{06CBECEE-B066-42D5-8DF6-47DA317B2180}.IntegrationWithReal|Any CPU.ActiveCfg = Release|Any CPU
		{06CBECEE-B066-42D5-8DF6-47DA317B2180}.IntegrationWithReal|Any CPU.Build.0 = Release|Any CPU
		{06CBECEE-B066-42D5-8DF6-47DA317B2180}.Release|Any CPU.ActiveCfg = Release|Any CPU
		{06CBECEE-B066-42D5-8DF6-47DA317B2180}.Release|Any CPU.Build.0 = Release|Any CPU
		{3FC45A34-C028-4F72-B8A7-7B8BF15C5BB8}.Debug|Any CPU.ActiveCfg = Debug|Any CPU
		{3FC45A34-C028-4F72-B8A7-7B8BF15C5BB8}.Debug|Any CPU.Build.0 = Debug|Any CPU
		{3FC45A34-C028-4F72-B8A7-7B8BF15C5BB8}.DebugWithFake|Any CPU.ActiveCfg = Debug|Any CPU
		{3FC45A34-C028-4F72-B8A7-7B8BF15C5BB8}.DebugWithReal|Any CPU.ActiveCfg = Debug|Any CPU
		{3FC45A34-C028-4F72-B8A7-7B8BF15C5BB8}.EndToEndWithFake|Any CPU.ActiveCfg = Debug|Any CPU
		{3FC45A34-C028-4F72-B8A7-7B8BF15C5BB8}.EndToEndWithFake|Any CPU.Build.0 = Debug|Any CPU
		{3FC45A34-C028-4F72-B8A7-7B8BF15C5BB8}.EndToEndWithReal|Any CPU.ActiveCfg = Debug|Any CPU
		{3FC45A34-C028-4F72-B8A7-7B8BF15C5BB8}.EndToEndWithReal|Any CPU.Build.0 = Debug|Any CPU
		{3FC45A34-C028-4F72-B8A7-7B8BF15C5BB8}.IntegrationWithFake|Any CPU.ActiveCfg = Debug|Any CPU
		{3FC45A34-C028-4F72-B8A7-7B8BF15C5BB8}.IntegrationWithFake|Any CPU.Build.0 = Debug|Any CPU
		{3FC45A34-C028-4F72-B8A7-7B8BF15C5BB8}.IntegrationWithReal|Any CPU.ActiveCfg = Debug|Any CPU
		{3FC45A34-C028-4F72-B8A7-7B8BF15C5BB8}.IntegrationWithReal|Any CPU.Build.0 = Debug|Any CPU
		{3FC45A34-C028-4F72-B8A7-7B8BF15C5BB8}.Release|Any CPU.ActiveCfg = Release|Any CPU
		{3FC45A34-C028-4F72-B8A7-7B8BF15C5BB8}.Release|Any CPU.Build.0 = Release|Any CPU
		{07D7CD03-B8C3-4775-9AF4-50D1AD1BEAB1}.Debug|Any CPU.ActiveCfg = Debug|Any CPU
		{07D7CD03-B8C3-4775-9AF4-50D1AD1BEAB1}.Debug|Any CPU.Build.0 = Debug|Any CPU
		{07D7CD03-B8C3-4775-9AF4-50D1AD1BEAB1}.DebugWithFake|Any CPU.ActiveCfg = Debug|Any CPU
		{07D7CD03-B8C3-4775-9AF4-50D1AD1BEAB1}.DebugWithReal|Any CPU.ActiveCfg = Debug|Any CPU
		{07D7CD03-B8C3-4775-9AF4-50D1AD1BEAB1}.EndToEndWithFake|Any CPU.ActiveCfg = Release|Any CPU
		{07D7CD03-B8C3-4775-9AF4-50D1AD1BEAB1}.EndToEndWithReal|Any CPU.ActiveCfg = Release|Any CPU
		{07D7CD03-B8C3-4775-9AF4-50D1AD1BEAB1}.IntegrationWithFake|Any CPU.ActiveCfg = Release|Any CPU
		{07D7CD03-B8C3-4775-9AF4-50D1AD1BEAB1}.IntegrationWithReal|Any CPU.ActiveCfg = IntegrationWithReal|Any CPU
		{07D7CD03-B8C3-4775-9AF4-50D1AD1BEAB1}.IntegrationWithReal|Any CPU.Build.0 = IntegrationWithReal|Any CPU
		{07D7CD03-B8C3-4775-9AF4-50D1AD1BEAB1}.Release|Any CPU.ActiveCfg = Release|Any CPU
		{07D7CD03-B8C3-4775-9AF4-50D1AD1BEAB1}.Release|Any CPU.Build.0 = Release|Any CPU
		{C8285510-F319-4047-81DF-9DB97588074C}.Debug|Any CPU.ActiveCfg = Debug|Any CPU
		{C8285510-F319-4047-81DF-9DB97588074C}.Debug|Any CPU.Build.0 = Debug|Any CPU
		{C8285510-F319-4047-81DF-9DB97588074C}.DebugWithFake|Any CPU.ActiveCfg = Debug|Any CPU
		{C8285510-F319-4047-81DF-9DB97588074C}.DebugWithReal|Any CPU.ActiveCfg = Debug|Any CPU
		{C8285510-F319-4047-81DF-9DB97588074C}.EndToEndWithFake|Any CPU.ActiveCfg = Debug|Any CPU
		{C8285510-F319-4047-81DF-9DB97588074C}.EndToEndWithFake|Any CPU.Build.0 = Debug|Any CPU
		{C8285510-F319-4047-81DF-9DB97588074C}.EndToEndWithReal|Any CPU.ActiveCfg = Debug|Any CPU
		{C8285510-F319-4047-81DF-9DB97588074C}.EndToEndWithReal|Any CPU.Build.0 = Debug|Any CPU
		{C8285510-F319-4047-81DF-9DB97588074C}.IntegrationWithFake|Any CPU.ActiveCfg = Debug|Any CPU
		{C8285510-F319-4047-81DF-9DB97588074C}.IntegrationWithFake|Any CPU.Build.0 = Debug|Any CPU
		{C8285510-F319-4047-81DF-9DB97588074C}.IntegrationWithReal|Any CPU.ActiveCfg = Debug|Any CPU
		{C8285510-F319-4047-81DF-9DB97588074C}.IntegrationWithReal|Any CPU.Build.0 = Debug|Any CPU
		{C8285510-F319-4047-81DF-9DB97588074C}.Release|Any CPU.ActiveCfg = Release|Any CPU
		{C8285510-F319-4047-81DF-9DB97588074C}.Release|Any CPU.Build.0 = Release|Any CPU
		{C873EA2D-C46E-4DED-9F4E-94A4102B8A8C}.Debug|Any CPU.ActiveCfg = Debug|Any CPU
		{C873EA2D-C46E-4DED-9F4E-94A4102B8A8C}.Debug|Any CPU.Build.0 = Debug|Any CPU
		{C873EA2D-C46E-4DED-9F4E-94A4102B8A8C}.DebugWithFake|Any CPU.ActiveCfg = Debug|Any CPU
		{C873EA2D-C46E-4DED-9F4E-94A4102B8A8C}.DebugWithReal|Any CPU.ActiveCfg = Debug|Any CPU
		{C873EA2D-C46E-4DED-9F4E-94A4102B8A8C}.EndToEndWithFake|Any CPU.ActiveCfg = EndToEndWithFake|Any CPU
		{C873EA2D-C46E-4DED-9F4E-94A4102B8A8C}.EndToEndWithFake|Any CPU.Build.0 = EndToEndWithFake|Any CPU
		{C873EA2D-C46E-4DED-9F4E-94A4102B8A8C}.EndToEndWithReal|Any CPU.ActiveCfg = Debug|Any CPU
		{C873EA2D-C46E-4DED-9F4E-94A4102B8A8C}.IntegrationWithFake|Any CPU.ActiveCfg = IntegrationWithFake|Any CPU
		{C873EA2D-C46E-4DED-9F4E-94A4102B8A8C}.IntegrationWithFake|Any CPU.Build.0 = IntegrationWithFake|Any CPU
		{C873EA2D-C46E-4DED-9F4E-94A4102B8A8C}.IntegrationWithReal|Any CPU.ActiveCfg = Debug|Any CPU
		{C873EA2D-C46E-4DED-9F4E-94A4102B8A8C}.Release|Any CPU.ActiveCfg = Release|Any CPU
		{C873EA2D-C46E-4DED-9F4E-94A4102B8A8C}.Release|Any CPU.Build.0 = Release|Any CPU
		{367FE329-6A61-4734-994C-04CDA2428779}.Debug|Any CPU.ActiveCfg = Debug|Any CPU
		{367FE329-6A61-4734-994C-04CDA2428779}.Debug|Any CPU.Build.0 = Debug|Any CPU
		{367FE329-6A61-4734-994C-04CDA2428779}.DebugWithFake|Any CPU.ActiveCfg = Debug|Any CPU
		{367FE329-6A61-4734-994C-04CDA2428779}.DebugWithReal|Any CPU.ActiveCfg = Debug|Any CPU
		{367FE329-6A61-4734-994C-04CDA2428779}.EndToEndWithFake|Any CPU.ActiveCfg = Debug|Any CPU
		{367FE329-6A61-4734-994C-04CDA2428779}.EndToEndWithReal|Any CPU.ActiveCfg = EndToEndWithReal|Any CPU
		{367FE329-6A61-4734-994C-04CDA2428779}.EndToEndWithReal|Any CPU.Build.0 = EndToEndWithReal|Any CPU
		{367FE329-6A61-4734-994C-04CDA2428779}.IntegrationWithFake|Any CPU.ActiveCfg = Debug|Any CPU
		{367FE329-6A61-4734-994C-04CDA2428779}.IntegrationWithReal|Any CPU.ActiveCfg = IntegrationWithReal|Any CPU
		{367FE329-6A61-4734-994C-04CDA2428779}.IntegrationWithReal|Any CPU.Build.0 = IntegrationWithReal|Any CPU
		{367FE329-6A61-4734-994C-04CDA2428779}.Release|Any CPU.ActiveCfg = Release|Any CPU
		{367FE329-6A61-4734-994C-04CDA2428779}.Release|Any CPU.Build.0 = Release|Any CPU
		{06E87711-16C9-4C80-A9FA-967334F1AC7F}.Debug|Any CPU.ActiveCfg = Debug|Any CPU
		{06E87711-16C9-4C80-A9FA-967334F1AC7F}.Debug|Any CPU.Build.0 = Debug|Any CPU
		{06E87711-16C9-4C80-A9FA-967334F1AC7F}.DebugWithFake|Any CPU.ActiveCfg = Debug|Any CPU
		{06E87711-16C9-4C80-A9FA-967334F1AC7F}.DebugWithReal|Any CPU.ActiveCfg = Debug|Any CPU
		{06E87711-16C9-4C80-A9FA-967334F1AC7F}.EndToEndWithFake|Any CPU.ActiveCfg = Debug|Any CPU
		{06E87711-16C9-4C80-A9FA-967334F1AC7F}.EndToEndWithReal|Any CPU.ActiveCfg = EndToEndWithReal|Any CPU
		{06E87711-16C9-4C80-A9FA-967334F1AC7F}.EndToEndWithReal|Any CPU.Build.0 = EndToEndWithReal|Any CPU
		{06E87711-16C9-4C80-A9FA-967334F1AC7F}.IntegrationWithFake|Any CPU.ActiveCfg = Debug|Any CPU
		{06E87711-16C9-4C80-A9FA-967334F1AC7F}.IntegrationWithReal|Any CPU.ActiveCfg = IntegrationWithReal|Any CPU
		{06E87711-16C9-4C80-A9FA-967334F1AC7F}.IntegrationWithReal|Any CPU.Build.0 = IntegrationWithReal|Any CPU
		{06E87711-16C9-4C80-A9FA-967334F1AC7F}.Release|Any CPU.ActiveCfg = Release|Any CPU
		{06E87711-16C9-4C80-A9FA-967334F1AC7F}.Release|Any CPU.Build.0 = Release|Any CPU
		{5FD6C592-4F6B-4D1A-95E7-46038C91DA23}.Debug|Any CPU.ActiveCfg = Debug|Any CPU
		{5FD6C592-4F6B-4D1A-95E7-46038C91DA23}.Debug|Any CPU.Build.0 = Debug|Any CPU
		{5FD6C592-4F6B-4D1A-95E7-46038C91DA23}.DebugWithFake|Any CPU.ActiveCfg = Debug|Any CPU
		{5FD6C592-4F6B-4D1A-95E7-46038C91DA23}.DebugWithReal|Any CPU.ActiveCfg = Debug|Any CPU
		{5FD6C592-4F6B-4D1A-95E7-46038C91DA23}.EndToEndWithFake|Any CPU.ActiveCfg = Debug|Any CPU
		{5FD6C592-4F6B-4D1A-95E7-46038C91DA23}.EndToEndWithFake|Any CPU.Build.0 = Debug|Any CPU
		{5FD6C592-4F6B-4D1A-95E7-46038C91DA23}.EndToEndWithReal|Any CPU.ActiveCfg = Debug|Any CPU
		{5FD6C592-4F6B-4D1A-95E7-46038C91DA23}.EndToEndWithReal|Any CPU.Build.0 = Debug|Any CPU
		{5FD6C592-4F6B-4D1A-95E7-46038C91DA23}.IntegrationWithFake|Any CPU.ActiveCfg = Debug|Any CPU
		{5FD6C592-4F6B-4D1A-95E7-46038C91DA23}.IntegrationWithFake|Any CPU.Build.0 = Debug|Any CPU
		{5FD6C592-4F6B-4D1A-95E7-46038C91DA23}.IntegrationWithReal|Any CPU.ActiveCfg = Debug|Any CPU
		{5FD6C592-4F6B-4D1A-95E7-46038C91DA23}.IntegrationWithReal|Any CPU.Build.0 = Debug|Any CPU
		{5FD6C592-4F6B-4D1A-95E7-46038C91DA23}.Release|Any CPU.ActiveCfg = Release|Any CPU
		{5FD6C592-4F6B-4D1A-95E7-46038C91DA23}.Release|Any CPU.Build.0 = Release|Any CPU
		{67A94ECC-8163-4EE6-94ED-2C07D317BF94}.Debug|Any CPU.ActiveCfg = DebugWithReal|Any CPU
		{67A94ECC-8163-4EE6-94ED-2C07D317BF94}.Debug|Any CPU.Build.0 = DebugWithReal|Any CPU
		{67A94ECC-8163-4EE6-94ED-2C07D317BF94}.DebugWithFake|Any CPU.ActiveCfg = DebugWithFake|Any CPU
		{67A94ECC-8163-4EE6-94ED-2C07D317BF94}.DebugWithReal|Any CPU.ActiveCfg = DebugWithReal|Any CPU
		{67A94ECC-8163-4EE6-94ED-2C07D317BF94}.EndToEndWithFake|Any CPU.ActiveCfg = EndToEndWithFake|Any CPU
		{67A94ECC-8163-4EE6-94ED-2C07D317BF94}.EndToEndWithReal|Any CPU.ActiveCfg = EndToEndWithReal|Any CPU
		{67A94ECC-8163-4EE6-94ED-2C07D317BF94}.IntegrationWithFake|Any CPU.ActiveCfg = IntegrationWithFake|Any CPU
		{67A94ECC-8163-4EE6-94ED-2C07D317BF94}.IntegrationWithFake|Any CPU.Build.0 = IntegrationWithFake|Any CPU
		{67A94ECC-8163-4EE6-94ED-2C07D317BF94}.IntegrationWithReal|Any CPU.ActiveCfg = IntegrationWithReal|Any CPU
		{67A94ECC-8163-4EE6-94ED-2C07D317BF94}.IntegrationWithReal|Any CPU.Build.0 = IntegrationWithReal|Any CPU
		{67A94ECC-8163-4EE6-94ED-2C07D317BF94}.Release|Any CPU.ActiveCfg = Release|Any CPU
		{67A94ECC-8163-4EE6-94ED-2C07D317BF94}.Release|Any CPU.Build.0 = Release|Any CPU
		{A448C8DE-A233-45E1-9B3F-F9166EC6AA3E}.Debug|Any CPU.ActiveCfg = Debug|Any CPU
		{A448C8DE-A233-45E1-9B3F-F9166EC6AA3E}.Debug|Any CPU.Build.0 = Debug|Any CPU
		{A448C8DE-A233-45E1-9B3F-F9166EC6AA3E}.DebugWithFake|Any CPU.ActiveCfg = Debug|Any CPU
		{A448C8DE-A233-45E1-9B3F-F9166EC6AA3E}.DebugWithReal|Any CPU.ActiveCfg = Debug|Any CPU
		{A448C8DE-A233-45E1-9B3F-F9166EC6AA3E}.DebugWithReal|Any CPU.Build.0 = Debug|Any CPU
		{A448C8DE-A233-45E1-9B3F-F9166EC6AA3E}.EndToEndWithFake|Any CPU.ActiveCfg = Debug|Any CPU
		{A448C8DE-A233-45E1-9B3F-F9166EC6AA3E}.EndToEndWithReal|Any CPU.ActiveCfg = Debug|Any CPU
		{A448C8DE-A233-45E1-9B3F-F9166EC6AA3E}.EndToEndWithReal|Any CPU.Build.0 = Debug|Any CPU
		{A448C8DE-A233-45E1-9B3F-F9166EC6AA3E}.IntegrationWithFake|Any CPU.ActiveCfg = Debug|Any CPU
		{A448C8DE-A233-45E1-9B3F-F9166EC6AA3E}.IntegrationWithReal|Any CPU.ActiveCfg = Debug|Any CPU
		{A448C8DE-A233-45E1-9B3F-F9166EC6AA3E}.IntegrationWithReal|Any CPU.Build.0 = Debug|Any CPU
		{A448C8DE-A233-45E1-9B3F-F9166EC6AA3E}.Release|Any CPU.ActiveCfg = Release|Any CPU
		{A448C8DE-A233-45E1-9B3F-F9166EC6AA3E}.Release|Any CPU.Build.0 = Release|Any CPU
		{228516FA-0A8E-42E9-8E2C-DF9DCB9EED60}.Debug|Any CPU.ActiveCfg = Debug|Any CPU
		{228516FA-0A8E-42E9-8E2C-DF9DCB9EED60}.Debug|Any CPU.Build.0 = Debug|Any CPU
		{228516FA-0A8E-42E9-8E2C-DF9DCB9EED60}.DebugWithFake|Any CPU.ActiveCfg = Debug|Any CPU
		{228516FA-0A8E-42E9-8E2C-DF9DCB9EED60}.DebugWithReal|Any CPU.ActiveCfg = Debug|Any CPU
		{228516FA-0A8E-42E9-8E2C-DF9DCB9EED60}.DebugWithReal|Any CPU.Build.0 = Debug|Any CPU
		{228516FA-0A8E-42E9-8E2C-DF9DCB9EED60}.EndToEndWithFake|Any CPU.ActiveCfg = Debug|Any CPU
		{228516FA-0A8E-42E9-8E2C-DF9DCB9EED60}.EndToEndWithReal|Any CPU.ActiveCfg = Debug|Any CPU
		{228516FA-0A8E-42E9-8E2C-DF9DCB9EED60}.EndToEndWithReal|Any CPU.Build.0 = Debug|Any CPU
		{228516FA-0A8E-42E9-8E2C-DF9DCB9EED60}.IntegrationWithFake|Any CPU.ActiveCfg = Debug|Any CPU
		{228516FA-0A8E-42E9-8E2C-DF9DCB9EED60}.IntegrationWithReal|Any CPU.ActiveCfg = Debug|Any CPU
		{228516FA-0A8E-42E9-8E2C-DF9DCB9EED60}.IntegrationWithReal|Any CPU.Build.0 = Debug|Any CPU
		{228516FA-0A8E-42E9-8E2C-DF9DCB9EED60}.Release|Any CPU.ActiveCfg = Release|Any CPU
		{228516FA-0A8E-42E9-8E2C-DF9DCB9EED60}.Release|Any CPU.Build.0 = Release|Any CPU
		{7AB55A08-4894-40FE-98A4-7587B92FAE6C}.Debug|Any CPU.ActiveCfg = Debug|Any CPU
		{7AB55A08-4894-40FE-98A4-7587B92FAE6C}.Debug|Any CPU.Build.0 = Debug|Any CPU
		{7AB55A08-4894-40FE-98A4-7587B92FAE6C}.DebugWithFake|Any CPU.ActiveCfg = Debug|Any CPU
		{7AB55A08-4894-40FE-98A4-7587B92FAE6C}.DebugWithReal|Any CPU.ActiveCfg = Debug|Any CPU
		{7AB55A08-4894-40FE-98A4-7587B92FAE6C}.EndToEndWithFake|Any CPU.ActiveCfg = Release|Any CPU
		{7AB55A08-4894-40FE-98A4-7587B92FAE6C}.EndToEndWithReal|Any CPU.ActiveCfg = EndToEndWithReal|Any CPU
		{7AB55A08-4894-40FE-98A4-7587B92FAE6C}.EndToEndWithReal|Any CPU.Build.0 = EndToEndWithReal|Any CPU
		{7AB55A08-4894-40FE-98A4-7587B92FAE6C}.IntegrationWithFake|Any CPU.ActiveCfg = Release|Any CPU
		{7AB55A08-4894-40FE-98A4-7587B92FAE6C}.IntegrationWithReal|Any CPU.ActiveCfg = IntegrationWithReal|Any CPU
		{7AB55A08-4894-40FE-98A4-7587B92FAE6C}.IntegrationWithReal|Any CPU.Build.0 = IntegrationWithReal|Any CPU
		{7AB55A08-4894-40FE-98A4-7587B92FAE6C}.Release|Any CPU.ActiveCfg = Release|Any CPU
		{7AB55A08-4894-40FE-98A4-7587B92FAE6C}.Release|Any CPU.Build.0 = Release|Any CPU
		{DE6BB2E9-4303-426B-AE23-D58DD6C78339}.Debug|Any CPU.ActiveCfg = DebugWithReal|Any CPU
		{DE6BB2E9-4303-426B-AE23-D58DD6C78339}.Debug|Any CPU.Build.0 = DebugWithReal|Any CPU
		{DE6BB2E9-4303-426B-AE23-D58DD6C78339}.DebugWithFake|Any CPU.ActiveCfg = DebugWithFake|Any CPU
		{DE6BB2E9-4303-426B-AE23-D58DD6C78339}.DebugWithReal|Any CPU.ActiveCfg = DebugWithReal|Any CPU
		{DE6BB2E9-4303-426B-AE23-D58DD6C78339}.EndToEndWithFake|Any CPU.ActiveCfg = EndToEndWithFake|Any CPU
		{DE6BB2E9-4303-426B-AE23-D58DD6C78339}.EndToEndWithFake|Any CPU.Build.0 = EndToEndWithFake|Any CPU
		{DE6BB2E9-4303-426B-AE23-D58DD6C78339}.EndToEndWithReal|Any CPU.ActiveCfg = EndToEndWithReal|Any CPU
		{DE6BB2E9-4303-426B-AE23-D58DD6C78339}.EndToEndWithReal|Any CPU.Build.0 = EndToEndWithReal|Any CPU
		{DE6BB2E9-4303-426B-AE23-D58DD6C78339}.IntegrationWithFake|Any CPU.ActiveCfg = IntegrationWithFake|Any CPU
		{DE6BB2E9-4303-426B-AE23-D58DD6C78339}.IntegrationWithReal|Any CPU.ActiveCfg = IntegrationWithFake|Any CPU
		{DE6BB2E9-4303-426B-AE23-D58DD6C78339}.Release|Any CPU.ActiveCfg = Release|Any CPU
		{DE6BB2E9-4303-426B-AE23-D58DD6C78339}.Release|Any CPU.Build.0 = Release|Any CPU
		{6A61E744-1CE0-49E8-9E71-5BBD05083B31}.Debug|Any CPU.ActiveCfg = Debug|Any CPU
		{6A61E744-1CE0-49E8-9E71-5BBD05083B31}.Debug|Any CPU.Build.0 = Debug|Any CPU
		{6A61E744-1CE0-49E8-9E71-5BBD05083B31}.DebugWithFake|Any CPU.ActiveCfg = Debug|Any CPU
		{6A61E744-1CE0-49E8-9E71-5BBD05083B31}.DebugWithReal|Any CPU.ActiveCfg = Debug|Any CPU
		{6A61E744-1CE0-49E8-9E71-5BBD05083B31}.EndToEndWithFake|Any CPU.ActiveCfg = EndToEndWithFake|Any CPU
		{6A61E744-1CE0-49E8-9E71-5BBD05083B31}.EndToEndWithFake|Any CPU.Build.0 = EndToEndWithFake|Any CPU
		{6A61E744-1CE0-49E8-9E71-5BBD05083B31}.EndToEndWithReal|Any CPU.ActiveCfg = EndToEndWithReal|Any CPU
		{6A61E744-1CE0-49E8-9E71-5BBD05083B31}.EndToEndWithReal|Any CPU.Build.0 = EndToEndWithReal|Any CPU
		{6A61E744-1CE0-49E8-9E71-5BBD05083B31}.IntegrationWithFake|Any CPU.ActiveCfg = Debug|Any CPU
		{6A61E744-1CE0-49E8-9E71-5BBD05083B31}.IntegrationWithReal|Any CPU.ActiveCfg = Debug|Any CPU
		{6A61E744-1CE0-49E8-9E71-5BBD05083B31}.Release|Any CPU.ActiveCfg = Release|Any CPU
		{6A61E744-1CE0-49E8-9E71-5BBD05083B31}.Release|Any CPU.Build.0 = Release|Any CPU
	EndGlobalSection
	GlobalSection(SolutionProperties) = preSolution
		HideSolutionNode = FALSE
	EndGlobalSection
	GlobalSection(NestedProjects) = preSolution
		{719AD31A-1447-494B-93D5-897FCA9E0CCF} = {10B9B54F-4AED-4C27-AF18-54193FB50410}
		{1EAEA804-9B78-4EF6-8D4F-3B6D3FA398D8} = {10B9B54F-4AED-4C27-AF18-54193FB50410}
		{10B9B54F-4AED-4C27-AF18-54193FB50410} = {DB76F33D-308E-48EF-8660-FF4AA7760616}
		{835945EF-48E0-4F18-8BDC-F6B63DF01961} = {6BA94BB3-D326-4A10-B4DF-04AE91A0C15E}
		{20C55ED7-08B4-47D0-B7C0-7AD4E6854ACC} = {10B9B54F-4AED-4C27-AF18-54193FB50410}
		{185AF0A9-9D92-4E5D-A331-CAC92C535A94} = {301A73F2-FDF6-493B-85E6-A867024AE159}
		{3C9A8028-CB9D-41EF-A826-C7532C206504} = {20C55ED7-08B4-47D0-B7C0-7AD4E6854ACC}
		{901D5FC5-7C6D-4200-B66B-440486E0BE5F} = {20C55ED7-08B4-47D0-B7C0-7AD4E6854ACC}
		{48C09290-0E5A-49BE-87BC-D0C67A8D05EE} = {20C55ED7-08B4-47D0-B7C0-7AD4E6854ACC}
		{1B15D99B-27E6-4BD4-802D-2E3F025789B1} = {6BA94BB3-D326-4A10-B4DF-04AE91A0C15E}
		{301A73F2-FDF6-493B-85E6-A867024AE159} = {6BA94BB3-D326-4A10-B4DF-04AE91A0C15E}
		{48DEADF7-1BC1-4BCD-A1F2-2AE5BEFA0797} = {6BA94BB3-D326-4A10-B4DF-04AE91A0C15E}
		{60BDF84E-B822-40A1-982E-56E3E7433382} = {1B15D99B-27E6-4BD4-802D-2E3F025789B1}
		{66E31A07-598B-4745-BE60-6B550F11F970} = {6BA94BB3-D326-4A10-B4DF-04AE91A0C15E}
		{DBD9B580-1FC7-48EF-99D8-F50D22DE2736} = {DB76F33D-308E-48EF-8660-FF4AA7760616}
		{E27A6439-921C-455F-A062-1EBCB50F439F} = {901D5FC5-7C6D-4200-B66B-440486E0BE5F}
		{5B2A4689-2F21-48EC-9058-F89511CEACA3} = {48C09290-0E5A-49BE-87BC-D0C67A8D05EE}
		{1DB4C693-200D-46DC-AF84-3C0AD40392B5} = {901D5FC5-7C6D-4200-B66B-440486E0BE5F}
		{A4245326-BB01-4B7A-B4DE-6EBCA9C8094E} = {719AD31A-1447-494B-93D5-897FCA9E0CCF}
		{5270F84D-8FF4-4756-83B0-78DD9777643D} = {719AD31A-1447-494B-93D5-897FCA9E0CCF}
		{CBE2F355-1F23-4A58-A6AE-BA7BE542F76C} = {835945EF-48E0-4F18-8BDC-F6B63DF01961}
		{DA41EB1E-ECAF-400B-A1A4-82EBACDD7600} = {835945EF-48E0-4F18-8BDC-F6B63DF01961}
		{207D3FBC-1EEC-43EA-BAED-E3C14F793119} = {60BDF84E-B822-40A1-982E-56E3E7433382}
		{A3B306E2-2A20-4591-812D-677DD44E6640} = {185AF0A9-9D92-4E5D-A331-CAC92C535A94}
		{9B6E4171-3936-4C3E-8A29-F5A56761DF78} = {185AF0A9-9D92-4E5D-A331-CAC92C535A94}
		{99D98150-0E31-4394-817D-047D4637636F} = {10B9B54F-4AED-4C27-AF18-54193FB50410}
		{CB89C7B0-7C4B-4633-AF29-709DEADBB53B} = {DBD9B580-1FC7-48EF-99D8-F50D22DE2736}
		{34A63C12-097F-44AB-BE74-7D3811B70D30} = {DBD9B580-1FC7-48EF-99D8-F50D22DE2736}
		{1677D87B-7E7B-436E-8E71-E98A242B89B4} = {48DEADF7-1BC1-4BCD-A1F2-2AE5BEFA0797}
		{4E61C08A-446E-4656-B983-687916B9B7FC} = {3C9A8028-CB9D-41EF-A826-C7532C206504}
		{D613C92E-EC59-48CF-8C40-D42BF5DDC0CD} = {3C9A8028-CB9D-41EF-A826-C7532C206504}
		{032BE595-43B4-45BD-B162-4B58B83BC6D6} = {901D5FC5-7C6D-4200-B66B-440486E0BE5F}
		{EAA56688-87C5-4B87-BCD8-5F8FC0C30A2F} = {901D5FC5-7C6D-4200-B66B-440486E0BE5F}
		{82F76A12-E6AE-4339-8B0D-A8066B83420A} = {901D5FC5-7C6D-4200-B66B-440486E0BE5F}
		{F699E04D-89F3-4D19-B7C7-D5339B7C12FF} = {66E31A07-598B-4745-BE60-6B550F11F970}
		{848AEEAE-E52F-4AA4-888C-C9A6D9005F01} = {1EAEA804-9B78-4EF6-8D4F-3B6D3FA398D8}
		{C68F2BE4-0D91-4854-B937-F903EDFA266A} = {1EAEA804-9B78-4EF6-8D4F-3B6D3FA398D8}
		{8A7123BC-BE89-44DA-93ED-1E69706EDC32} = {1EAEA804-9B78-4EF6-8D4F-3B6D3FA398D8}
		{82EB168D-2B8B-47EA-B7AB-0848B4B1CE76} = {10B9B54F-4AED-4C27-AF18-54193FB50410}
		{6E684A23-A045-4945-928F-C4B93D50FB8D} = {901D5FC5-7C6D-4200-B66B-440486E0BE5F}
		{DDDE5F07-3DAF-4CE9-A1B8-12B40144B892} = {60BDF84E-B822-40A1-982E-56E3E7433382}
		{06CBECEE-B066-42D5-8DF6-47DA317B2180} = {60BDF84E-B822-40A1-982E-56E3E7433382}
		{2C2CCD82-18B3-4E9B-805C-2CDB57D8DC90} = {6BA94BB3-D326-4A10-B4DF-04AE91A0C15E}
		{3FC45A34-C028-4F72-B8A7-7B8BF15C5BB8} = {2C2CCD82-18B3-4E9B-805C-2CDB57D8DC90}
		{07D7CD03-B8C3-4775-9AF4-50D1AD1BEAB1} = {60BDF84E-B822-40A1-982E-56E3E7433382}
		{C8285510-F319-4047-81DF-9DB97588074C} = {66E31A07-598B-4745-BE60-6B550F11F970}
		{C873EA2D-C46E-4DED-9F4E-94A4102B8A8C} = {66E31A07-598B-4745-BE60-6B550F11F970}
		{367FE329-6A61-4734-994C-04CDA2428779} = {66E31A07-598B-4745-BE60-6B550F11F970}
		{06E87711-16C9-4C80-A9FA-967334F1AC7F} = {66E31A07-598B-4745-BE60-6B550F11F970}
		{9E6CB0C9-66FD-4180-AAA9-4EECD1B26C73} = {6BA94BB3-D326-4A10-B4DF-04AE91A0C15E}
		{5FD6C592-4F6B-4D1A-95E7-46038C91DA23} = {9E6CB0C9-66FD-4180-AAA9-4EECD1B26C73}
		{67A94ECC-8163-4EE6-94ED-2C07D317BF94} = {1B15D99B-27E6-4BD4-802D-2E3F025789B1}
		{A448C8DE-A233-45E1-9B3F-F9166EC6AA3E} = {DBD9B580-1FC7-48EF-99D8-F50D22DE2736}
		{228516FA-0A8E-42E9-8E2C-DF9DCB9EED60} = {DBD9B580-1FC7-48EF-99D8-F50D22DE2736}
		{7AB55A08-4894-40FE-98A4-7587B92FAE6C} = {66E31A07-598B-4745-BE60-6B550F11F970}
		{DE6BB2E9-4303-426B-AE23-D58DD6C78339} = {301A73F2-FDF6-493B-85E6-A867024AE159}
		{6A61E744-1CE0-49E8-9E71-5BBD05083B31} = {301A73F2-FDF6-493B-85E6-A867024AE159}
	EndGlobalSection
	GlobalSection(ExtensibilityGlobals) = postSolution
		SolutionGuid = {593C9469-C05F-4128-889C-882A89B62C97}
	EndGlobalSection
EndGlobal
