
Microsoft Visual Studio Solution File, Format Version 12.00
# Visual Studio 14
VisualStudioVersion = 14.0.24720.0
MinimumVisualStudioVersion = 10.0.40219.1
Project("{2150E333-8FDC-42A3-9474-1A3956D46DE8}") = "Presentation", "Presentation", "{719AD31A-1447-494B-93D5-897FCA9E0CCF}"
EndProject
Project("{2150E333-8FDC-42A3-9474-1A3956D46DE8}") = "Model", "Model", "{1EAEA804-9B78-4EF6-8D4F-3B6D3FA398D8}"
EndProject
Project("{FAE04EC0-301F-11D3-BF4B-00C04F79EFBC}") = "LogoFX.Samples.Client.Presentation.Shell", "LogoFX.Samples.Client.Presentation.Shell\LogoFX.Samples.Client.Presentation.Shell.csproj", "{5270F84D-8FF4-4756-83B0-78DD9777643D}"
EndProject
Project("{2150E333-8FDC-42A3-9474-1A3956D46DE8}") = "App", "App", "{DB76F33D-308E-48EF-8660-FF4AA7760616}"
EndProject
Project("{2150E333-8FDC-42A3-9474-1A3956D46DE8}") = "Client", "Client", "{10B9B54F-4AED-4C27-AF18-54193FB50410}"
EndProject
Project("{2150E333-8FDC-42A3-9474-1A3956D46DE8}") = "Tests", "Tests", "{6BA94BB3-D326-4A10-B4DF-04AE91A0C15E}"
EndProject
Project("{2150E333-8FDC-42A3-9474-1A3956D46DE8}") = "Specs", "Specs", "{26C907FD-58BC-4A70-8DCC-6CAF085D6125}"
EndProject
Project("{2150E333-8FDC-42A3-9474-1A3956D46DE8}") = "Steps", "Steps", "{5CBC5578-3B16-47AA-8176-C33356E8B019}"
EndProject
Project("{2150E333-8FDC-42A3-9474-1A3956D46DE8}") = "Acceptance", "Acceptance", "{835945EF-48E0-4F18-8BDC-F6B63DF01961}"
EndProject
Project("{FAE04EC0-301F-11D3-BF4B-00C04F79EFBC}") = "LogoFX.Samples.Specifications.Tests.Acceptance.Specs", "LogoFX.Samples.Specifications.Tests.Acceptance.Specs\LogoFX.Samples.Specifications.Tests.Acceptance.Specs.csproj", "{DA41EB1E-ECAF-400B-A1A4-82EBACDD7600}"
EndProject
Project("{FAE04EC0-301F-11D3-BF4B-00C04F79EFBC}") = "LogoFX.Samples.Specifications.Tests.Acceptance.Steps.Adapters", "LogoFX.Samples.Specifications.Tests.Acceptance.Steps.Adapters\LogoFX.Samples.Specifications.Tests.Acceptance.Steps.Adapters.csproj", "{CBE2F355-1F23-4A58-A6AE-BA7BE542F76C}"
EndProject
Project("{FAE04EC0-301F-11D3-BF4B-00C04F79EFBC}") = "LogoFX.Samples.Specifications.Tests.Acceptance.Steps", "LogoFX.Samples.Specifications.Tests.Acceptance.Steps\LogoFX.Samples.Specifications.Tests.Acceptance.Steps.csproj", "{DE972164-E8D0-4601-B3BE-B36AD22D7581}"
EndProject
Project("{2150E333-8FDC-42A3-9474-1A3956D46DE8}") = "ScreenObjects", "ScreenObjects", "{C059091B-1433-48ED-81A0-CE46DC5DF989}"
EndProject
Project("{FAE04EC0-301F-11D3-BF4B-00C04F79EFBC}") = "LogoFX.Samples.Specifications.Tests.Acceptance.ScreenObjects.Contracts", "LogoFX.Samples.Specifications.Tests.Acceptance.ScreenObjects.Contracts\LogoFX.Samples.Specifications.Tests.Acceptance.ScreenObjects.Contracts.csproj", "{E08E7AE2-C849-47AD-99F2-B8A05307B06A}"
EndProject
Project("{FAE04EC0-301F-11D3-BF4B-00C04F79EFBC}") = "LogoFX.Samples.Specifications.Tests.Acceptance.ScreenObjects.EndToEnd", "LogoFX.Samples.Specifications.Tests.Acceptance.ScreenObjects.EndToEnd\LogoFX.Samples.Specifications.Tests.Acceptance.ScreenObjects.EndToEnd.csproj", "{DE6BB2E9-4303-426B-AE23-D58DD6C78339}"
EndProject
Project("{2150E333-8FDC-42A3-9474-1A3956D46DE8}") = "Data", "Data", "{20C55ED7-08B4-47D0-B7C0-7AD4E6854ACC}"
EndProject
Project("{2150E333-8FDC-42A3-9474-1A3956D46DE8}") = "Infra", "Infra", "{185AF0A9-9D92-4E5D-A331-CAC92C535A94}"
EndProject
Project("{FAE04EC0-301F-11D3-BF4B-00C04F79EFBC}") = "LogoFX.Samples.Specifications.Tests.Acceptance.Infra.Bridge", "LogoFX.Samples.Specifications.Tests.Acceptance.Infra.Bridge\LogoFX.Samples.Specifications.Tests.Acceptance.Infra.Bridge.csproj", "{3FC45A34-C028-4F72-B8A7-7B8BF15C5BB8}"
EndProject
Project("{FAE04EC0-301F-11D3-BF4B-00C04F79EFBC}") = "LogoFX.Samples.Specifications.Client.Data.Contracts.Dto", "LogoFX.Samples.Specifications.Client.Data.Contracts.Dto\LogoFX.Samples.Specifications.Client.Data.Contracts.Dto.csproj", "{84A92671-0079-42F2-B567-D7FFCE23A7E3}"
EndProject
Project("{2150E333-8FDC-42A3-9474-1A3956D46DE8}") = "Contracts", "Contracts", "{3C9A8028-CB9D-41EF-A826-C7532C206504}"
EndProject
Project("{2150E333-8FDC-42A3-9474-1A3956D46DE8}") = "Fake", "Fake", "{901D5FC5-7C6D-4200-B66B-440486E0BE5F}"
EndProject
Project("{FAE04EC0-301F-11D3-BF4B-00C04F79EFBC}") = "LogoFX.Samples.Specifications.Client.Data.Fake.ProviderBuilders", "LogoFX.Samples.Specifications.Client.Data.Fake.ProviderBuilders\LogoFX.Samples.Specifications.Client.Data.Fake.ProviderBuilders.csproj", "{AF68283B-5283-4DEF-8DA0-6FB6CA85C1BD}"
EndProject
Global
	GlobalSection(SolutionConfigurationPlatforms) = preSolution
		Debug|Any CPU = Debug|Any CPU
		Release|Any CPU = Release|Any CPU
	EndGlobalSection
	GlobalSection(ProjectConfigurationPlatforms) = postSolution
		{5270F84D-8FF4-4756-83B0-78DD9777643D}.Debug|Any CPU.ActiveCfg = Debug|Any CPU
		{5270F84D-8FF4-4756-83B0-78DD9777643D}.Debug|Any CPU.Build.0 = Debug|Any CPU
		{5270F84D-8FF4-4756-83B0-78DD9777643D}.Release|Any CPU.ActiveCfg = Release|Any CPU
		{5270F84D-8FF4-4756-83B0-78DD9777643D}.Release|Any CPU.Build.0 = Release|Any CPU
		{DA41EB1E-ECAF-400B-A1A4-82EBACDD7600}.Debug|Any CPU.ActiveCfg = Debug|Any CPU
		{DA41EB1E-ECAF-400B-A1A4-82EBACDD7600}.Debug|Any CPU.Build.0 = Debug|Any CPU
		{DA41EB1E-ECAF-400B-A1A4-82EBACDD7600}.Release|Any CPU.ActiveCfg = Release|Any CPU
		{DA41EB1E-ECAF-400B-A1A4-82EBACDD7600}.Release|Any CPU.Build.0 = Release|Any CPU
		{CBE2F355-1F23-4A58-A6AE-BA7BE542F76C}.Debug|Any CPU.ActiveCfg = Debug|Any CPU
		{CBE2F355-1F23-4A58-A6AE-BA7BE542F76C}.Debug|Any CPU.Build.0 = Debug|Any CPU
		{CBE2F355-1F23-4A58-A6AE-BA7BE542F76C}.Release|Any CPU.ActiveCfg = Release|Any CPU
		{CBE2F355-1F23-4A58-A6AE-BA7BE542F76C}.Release|Any CPU.Build.0 = Release|Any CPU
		{DE972164-E8D0-4601-B3BE-B36AD22D7581}.Debug|Any CPU.ActiveCfg = Debug|Any CPU
		{DE972164-E8D0-4601-B3BE-B36AD22D7581}.Debug|Any CPU.Build.0 = Debug|Any CPU
		{DE972164-E8D0-4601-B3BE-B36AD22D7581}.Release|Any CPU.ActiveCfg = Release|Any CPU
		{DE972164-E8D0-4601-B3BE-B36AD22D7581}.Release|Any CPU.Build.0 = Release|Any CPU
		{E08E7AE2-C849-47AD-99F2-B8A05307B06A}.Debug|Any CPU.ActiveCfg = Debug|Any CPU
		{E08E7AE2-C849-47AD-99F2-B8A05307B06A}.Debug|Any CPU.Build.0 = Debug|Any CPU
		{E08E7AE2-C849-47AD-99F2-B8A05307B06A}.Release|Any CPU.ActiveCfg = Release|Any CPU
		{E08E7AE2-C849-47AD-99F2-B8A05307B06A}.Release|Any CPU.Build.0 = Release|Any CPU
		{DE6BB2E9-4303-426B-AE23-D58DD6C78339}.Debug|Any CPU.ActiveCfg = Debug|Any CPU
		{DE6BB2E9-4303-426B-AE23-D58DD6C78339}.Debug|Any CPU.Build.0 = Debug|Any CPU
		{DE6BB2E9-4303-426B-AE23-D58DD6C78339}.Release|Any CPU.ActiveCfg = Release|Any CPU
		{DE6BB2E9-4303-426B-AE23-D58DD6C78339}.Release|Any CPU.Build.0 = Release|Any CPU
		{3FC45A34-C028-4F72-B8A7-7B8BF15C5BB8}.Debug|Any CPU.ActiveCfg = Debug|Any CPU
		{3FC45A34-C028-4F72-B8A7-7B8BF15C5BB8}.Debug|Any CPU.Build.0 = Debug|Any CPU
		{3FC45A34-C028-4F72-B8A7-7B8BF15C5BB8}.Release|Any CPU.ActiveCfg = Release|Any CPU
		{3FC45A34-C028-4F72-B8A7-7B8BF15C5BB8}.Release|Any CPU.Build.0 = Release|Any CPU
		{84A92671-0079-42F2-B567-D7FFCE23A7E3}.Debug|Any CPU.ActiveCfg = Debug|Any CPU
		{84A92671-0079-42F2-B567-D7FFCE23A7E3}.Debug|Any CPU.Build.0 = Debug|Any CPU
		{84A92671-0079-42F2-B567-D7FFCE23A7E3}.Release|Any CPU.ActiveCfg = Release|Any CPU
		{84A92671-0079-42F2-B567-D7FFCE23A7E3}.Release|Any CPU.Build.0 = Release|Any CPU
		{AF68283B-5283-4DEF-8DA0-6FB6CA85C1BD}.Debug|Any CPU.ActiveCfg = Debug|Any CPU
		{AF68283B-5283-4DEF-8DA0-6FB6CA85C1BD}.Debug|Any CPU.Build.0 = Debug|Any CPU
		{AF68283B-5283-4DEF-8DA0-6FB6CA85C1BD}.Release|Any CPU.ActiveCfg = Release|Any CPU
		{AF68283B-5283-4DEF-8DA0-6FB6CA85C1BD}.Release|Any CPU.Build.0 = Release|Any CPU
	EndGlobalSection
	GlobalSection(SolutionProperties) = preSolution
		HideSolutionNode = FALSE
	EndGlobalSection
	GlobalSection(NestedProjects) = preSolution
		{719AD31A-1447-494B-93D5-897FCA9E0CCF} = {10B9B54F-4AED-4C27-AF18-54193FB50410}
		{1EAEA804-9B78-4EF6-8D4F-3B6D3FA398D8} = {10B9B54F-4AED-4C27-AF18-54193FB50410}
		{5270F84D-8FF4-4756-83B0-78DD9777643D} = {719AD31A-1447-494B-93D5-897FCA9E0CCF}
		{10B9B54F-4AED-4C27-AF18-54193FB50410} = {DB76F33D-308E-48EF-8660-FF4AA7760616}
		{26C907FD-58BC-4A70-8DCC-6CAF085D6125} = {835945EF-48E0-4F18-8BDC-F6B63DF01961}
		{5CBC5578-3B16-47AA-8176-C33356E8B019} = {835945EF-48E0-4F18-8BDC-F6B63DF01961}
		{835945EF-48E0-4F18-8BDC-F6B63DF01961} = {6BA94BB3-D326-4A10-B4DF-04AE91A0C15E}
		{DA41EB1E-ECAF-400B-A1A4-82EBACDD7600} = {26C907FD-58BC-4A70-8DCC-6CAF085D6125}
		{CBE2F355-1F23-4A58-A6AE-BA7BE542F76C} = {5CBC5578-3B16-47AA-8176-C33356E8B019}
		{DE972164-E8D0-4601-B3BE-B36AD22D7581} = {5CBC5578-3B16-47AA-8176-C33356E8B019}
		{C059091B-1433-48ED-81A0-CE46DC5DF989} = {835945EF-48E0-4F18-8BDC-F6B63DF01961}
		{E08E7AE2-C849-47AD-99F2-B8A05307B06A} = {C059091B-1433-48ED-81A0-CE46DC5DF989}
		{DE6BB2E9-4303-426B-AE23-D58DD6C78339} = {C059091B-1433-48ED-81A0-CE46DC5DF989}
		{20C55ED7-08B4-47D0-B7C0-7AD4E6854ACC} = {10B9B54F-4AED-4C27-AF18-54193FB50410}
		{185AF0A9-9D92-4E5D-A331-CAC92C535A94} = {835945EF-48E0-4F18-8BDC-F6B63DF01961}
		{3FC45A34-C028-4F72-B8A7-7B8BF15C5BB8} = {185AF0A9-9D92-4E5D-A331-CAC92C535A94}
		{84A92671-0079-42F2-B567-D7FFCE23A7E3} = {3C9A8028-CB9D-41EF-A826-C7532C206504}
		{3C9A8028-CB9D-41EF-A826-C7532C206504} = {20C55ED7-08B4-47D0-B7C0-7AD4E6854ACC}
		{901D5FC5-7C6D-4200-B66B-440486E0BE5F} = {20C55ED7-08B4-47D0-B7C0-7AD4E6854ACC}
		{AF68283B-5283-4DEF-8DA0-6FB6CA85C1BD} = {901D5FC5-7C6D-4200-B66B-440486E0BE5F}
	EndGlobalSection
EndGlobal
